// !$*UTF8*$!
{
	archiveVersion = 1;
	classes = {
	};
	objectVersion = 55;
	objects = {

/* Begin PBXBuildFile section */
		2E2304C02954ABBA00B1F930 /* Colors.xcassets in Resources */ = {isa = PBXBuildFile; fileRef = 2E2304B92954ABBA00B1F930 /* Colors.xcassets */; };
		2E2304C12954ABBA00B1F930 /* iFeed.xcdatamodeld in Sources */ = {isa = PBXBuildFile; fileRef = 2E2304BA2954ABBA00B1F930 /* iFeed.xcdatamodeld */; };
		2E2304C22954ABBA00B1F930 /* LaunchScreen.xib in Resources */ = {isa = PBXBuildFile; fileRef = 2E2304BC2954ABBA00B1F930 /* LaunchScreen.xib */; };
		2E2304C32954ABBA00B1F930 /* Images.xcassets in Resources */ = {isa = PBXBuildFile; fileRef = 2E2304BD2954ABBA00B1F930 /* Images.xcassets */; };
		2E2304C42954ABBA00B1F930 /* AppDelegate.swift in Sources */ = {isa = PBXBuildFile; fileRef = 2E2304BE2954ABBA00B1F930 /* AppDelegate.swift */; };
		2E2304D62954ABC900B1F930 /* FeedItem.swift in Sources */ = {isa = PBXBuildFile; fileRef = 2E2304C82954ABC900B1F930 /* FeedItem.swift */; };
		2E2304D72954ABC900B1F930 /* Feed.swift in Sources */ = {isa = PBXBuildFile; fileRef = 2E2304C92954ABC900B1F930 /* Feed.swift */; };
		2E2304D82954ABC900B1F930 /* Search.swift in Sources */ = {isa = PBXBuildFile; fileRef = 2E2304CC2954ABC900B1F930 /* Search.swift */; };
		2E2304D92954ABC900B1F930 /* Brain.swift in Sources */ = {isa = PBXBuildFile; fileRef = 2E2304CE2954ABC900B1F930 /* Brain.swift */; };
		2E2304DA2954ABC900B1F930 /* Analytics.swift in Sources */ = {isa = PBXBuildFile; fileRef = 2E2304CF2954ABC900B1F930 /* Analytics.swift */; };
		2E2304DB2954ABC900B1F930 /* CoreDataManager.swift in Sources */ = {isa = PBXBuildFile; fileRef = 2E2304D02954ABC900B1F930 /* CoreDataManager.swift */; };
		2E2304DC2954ABC900B1F930 /* Cacher.swift in Sources */ = {isa = PBXBuildFile; fileRef = 2E2304D12954ABC900B1F930 /* Cacher.swift */; };
		2E2304DD2954ABC900B1F930 /* Presenter.swift in Sources */ = {isa = PBXBuildFile; fileRef = 2E2304D22954ABC900B1F930 /* Presenter.swift */; };
		2E2304DE2954ABC900B1F930 /* Parser.swift in Sources */ = {isa = PBXBuildFile; fileRef = 2E2304D32954ABC900B1F930 /* Parser.swift */; };
		2E2304DF2954ABC900B1F930 /* BaseTableProvider.swift in Sources */ = {isa = PBXBuildFile; fileRef = 2E2304D52954ABC900B1F930 /* BaseTableProvider.swift */; };
		2E2304E72954ABD300B1F930 /* MatchingEngineAlgorithm.swift in Sources */ = {isa = PBXBuildFile; fileRef = 2E2304E22954ABD300B1F930 /* MatchingEngineAlgorithm.swift */; };
		2E2304E82954ABD300B1F930 /* StringsForBagOfWords.swift in Sources */ = {isa = PBXBuildFile; fileRef = 2E2304E32954ABD300B1F930 /* StringsForBagOfWords.swift */; };
		2E2304E92954ABD300B1F930 /* IndexMatrix.swift in Sources */ = {isa = PBXBuildFile; fileRef = 2E2304E42954ABD300B1F930 /* IndexMatrix.swift */; };
		2E2304EA2954ABD300B1F930 /* MatchingEngine.swift in Sources */ = {isa = PBXBuildFile; fileRef = 2E2304E52954ABD300B1F930 /* MatchingEngine.swift */; };
		2E2304EB2954ABD300B1F930 /* TextualDataImport.swift in Sources */ = {isa = PBXBuildFile; fileRef = 2E2304E62954ABD300B1F930 /* TextualDataImport.swift */; };
		2E2305002954ABDB00B1F930 /* FeedCell.swift in Sources */ = {isa = PBXBuildFile; fileRef = 2E2304EE2954ABDB00B1F930 /* FeedCell.swift */; };
		2E2305012954ABDB00B1F930 /* FeedCell.xib in Resources */ = {isa = PBXBuildFile; fileRef = 2E2304EF2954ABDB00B1F930 /* FeedCell.xib */; };
		2E2305022954ABDB00B1F930 /* SafariViewController.swift in Sources */ = {isa = PBXBuildFile; fileRef = 2E2304F22954ABDB00B1F930 /* SafariViewController.swift */; };
		2E2305032954ABDB00B1F930 /* FeedItemsView.swift in Sources */ = {isa = PBXBuildFile; fileRef = 2E2304F42954ABDB00B1F930 /* FeedItemsView.swift */; };
		2E2305042954ABDB00B1F930 /* FeedItemsViewController.swift in Sources */ = {isa = PBXBuildFile; fileRef = 2E2304F52954ABDB00B1F930 /* FeedItemsViewController.swift */; };
		2E2305052954ABDB00B1F930 /* FeedItemsTableProvider.swift in Sources */ = {isa = PBXBuildFile; fileRef = 2E2304F62954ABDB00B1F930 /* FeedItemsTableProvider.swift */; };
		2E2305062954ABDB00B1F930 /* FeedsViewController.swift in Sources */ = {isa = PBXBuildFile; fileRef = 2E2304F82954ABDB00B1F930 /* FeedsViewController.swift */; };
		2E2305072954ABDB00B1F930 /* FeedsTableProvider.swift in Sources */ = {isa = PBXBuildFile; fileRef = 2E2304F92954ABDB00B1F930 /* FeedsTableProvider.swift */; };
		2E2305082954ABDB00B1F930 /* FeedsViewController+Search.swift in Sources */ = {isa = PBXBuildFile; fileRef = 2E2304FA2954ABDB00B1F930 /* FeedsViewController+Search.swift */; };
		2E2305092954ABDB00B1F930 /* FeedsView.swift in Sources */ = {isa = PBXBuildFile; fileRef = 2E2304FB2954ABDB00B1F930 /* FeedsView.swift */; };
		2E23050A2954ABDB00B1F930 /* BaseViewController.swift in Sources */ = {isa = PBXBuildFile; fileRef = 2E2304FD2954ABDB00B1F930 /* BaseViewController.swift */; };
		2E23050B2954ABDB00B1F930 /* BaseViewController+Alert.swift in Sources */ = {isa = PBXBuildFile; fileRef = 2E2304FE2954ABDB00B1F930 /* BaseViewController+Alert.swift */; };
		2E23050C2954ABDB00B1F930 /* BaseView.swift in Sources */ = {isa = PBXBuildFile; fileRef = 2E2304FF2954ABDB00B1F930 /* BaseView.swift */; };
		2E2305152954EAA900B1F930 /* FeedKit in Frameworks */ = {isa = PBXBuildFile; productRef = 2E2305142954EAA900B1F930 /* FeedKit */; };
		2E38DDA129E0C97E00839B66 /* FeedSearchDTO.swift in Sources */ = {isa = PBXBuildFile; fileRef = 2E38DDA029E0C97E00839B66 /* FeedSearchDTO.swift */; };
		2E38DDB129E1CA9200839B66 /* FeedSearchResultsCell.swift in Sources */ = {isa = PBXBuildFile; fileRef = 2E38DDAF29E1CA9100839B66 /* FeedSearchResultsCell.swift */; };
		2E38DDB229E1CA9200839B66 /* FeedSearchResultsCell.xib in Resources */ = {isa = PBXBuildFile; fileRef = 2E38DDB029E1CA9100839B66 /* FeedSearchResultsCell.xib */; };
		2E38DDB529E20F2600839B66 /* FeedSearchResultsViewController.swift in Sources */ = {isa = PBXBuildFile; fileRef = 2E38DDB329E20F2600839B66 /* FeedSearchResultsViewController.swift */; };
		2E38DDB629E20F2600839B66 /* FeedSearchResultsViewController.xib in Resources */ = {isa = PBXBuildFile; fileRef = 2E38DDB429E20F2600839B66 /* FeedSearchResultsViewController.xib */; };
		2E38DDB929E2375F00839B66 /* UIViewController+Ext.swift in Sources */ = {isa = PBXBuildFile; fileRef = 2E38DDB829E2375F00839B66 /* UIViewController+Ext.swift */; };
		2E84AF2C2A9D62EC0041E8FC /* FeedSearchResults.swift in Sources */ = {isa = PBXBuildFile; fileRef = 2E84AF2B2A9D62EC0041E8FC /* FeedSearchResults.swift */; };
		2E8B7B1C29C6905700FB91C8 /* FeedSearchService.swift in Sources */ = {isa = PBXBuildFile; fileRef = 2E8B7B1B29C6905700FB91C8 /* FeedSearchService.swift */; };
		2EE34A842A92DC54009634FB /* KRProgressHUD in Frameworks */ = {isa = PBXBuildFile; productRef = 2EE34A832A92DC54009634FB /* KRProgressHUD */; };
/* End PBXBuildFile section */

/* Begin PBXFileReference section */
		2E2304B92954ABBA00B1F930 /* Colors.xcassets */ = {isa = PBXFileReference; lastKnownFileType = folder.assetcatalog; path = Colors.xcassets; sourceTree = "<group>"; };
		2E2304BB2954ABBA00B1F930 /* iFeed.xcdatamodel */ = {isa = PBXFileReference; lastKnownFileType = wrapper.xcdatamodel; path = iFeed.xcdatamodel; sourceTree = "<group>"; };
		2E2304BC2954ABBA00B1F930 /* LaunchScreen.xib */ = {isa = PBXFileReference; fileEncoding = 4; lastKnownFileType = file.xib; path = LaunchScreen.xib; sourceTree = "<group>"; };
		2E2304BD2954ABBA00B1F930 /* Images.xcassets */ = {isa = PBXFileReference; lastKnownFileType = folder.assetcatalog; path = Images.xcassets; sourceTree = "<group>"; };
		2E2304BE2954ABBA00B1F930 /* AppDelegate.swift */ = {isa = PBXFileReference; fileEncoding = 4; lastKnownFileType = sourcecode.swift; path = AppDelegate.swift; sourceTree = "<group>"; };
		2E2304BF2954ABBA00B1F930 /* Info.plist */ = {isa = PBXFileReference; fileEncoding = 4; lastKnownFileType = text.plist.xml; path = Info.plist; sourceTree = "<group>"; };
		2E2304C82954ABC900B1F930 /* FeedItem.swift */ = {isa = PBXFileReference; fileEncoding = 4; lastKnownFileType = sourcecode.swift; path = FeedItem.swift; sourceTree = "<group>"; };
		2E2304C92954ABC900B1F930 /* Feed.swift */ = {isa = PBXFileReference; fileEncoding = 4; lastKnownFileType = sourcecode.swift; path = Feed.swift; sourceTree = "<group>"; };
		2E2304CC2954ABC900B1F930 /* Search.swift */ = {isa = PBXFileReference; fileEncoding = 4; lastKnownFileType = sourcecode.swift; path = Search.swift; sourceTree = "<group>"; };
		2E2304CE2954ABC900B1F930 /* Brain.swift */ = {isa = PBXFileReference; fileEncoding = 4; lastKnownFileType = sourcecode.swift; path = Brain.swift; sourceTree = "<group>"; };
		2E2304CF2954ABC900B1F930 /* Analytics.swift */ = {isa = PBXFileReference; fileEncoding = 4; lastKnownFileType = sourcecode.swift; path = Analytics.swift; sourceTree = "<group>"; };
		2E2304D02954ABC900B1F930 /* CoreDataManager.swift */ = {isa = PBXFileReference; fileEncoding = 4; lastKnownFileType = sourcecode.swift; path = CoreDataManager.swift; sourceTree = "<group>"; };
		2E2304D12954ABC900B1F930 /* Cacher.swift */ = {isa = PBXFileReference; fileEncoding = 4; lastKnownFileType = sourcecode.swift; path = Cacher.swift; sourceTree = "<group>"; };
		2E2304D22954ABC900B1F930 /* Presenter.swift */ = {isa = PBXFileReference; fileEncoding = 4; lastKnownFileType = sourcecode.swift; path = Presenter.swift; sourceTree = "<group>"; };
		2E2304D32954ABC900B1F930 /* Parser.swift */ = {isa = PBXFileReference; fileEncoding = 4; lastKnownFileType = sourcecode.swift; path = Parser.swift; sourceTree = "<group>"; };
		2E2304D52954ABC900B1F930 /* BaseTableProvider.swift */ = {isa = PBXFileReference; fileEncoding = 4; lastKnownFileType = sourcecode.swift; path = BaseTableProvider.swift; sourceTree = "<group>"; };
		2E2304E22954ABD300B1F930 /* MatchingEngineAlgorithm.swift */ = {isa = PBXFileReference; fileEncoding = 4; lastKnownFileType = sourcecode.swift; path = MatchingEngineAlgorithm.swift; sourceTree = "<group>"; };
		2E2304E32954ABD300B1F930 /* StringsForBagOfWords.swift */ = {isa = PBXFileReference; fileEncoding = 4; lastKnownFileType = sourcecode.swift; path = StringsForBagOfWords.swift; sourceTree = "<group>"; };
		2E2304E42954ABD300B1F930 /* IndexMatrix.swift */ = {isa = PBXFileReference; fileEncoding = 4; lastKnownFileType = sourcecode.swift; path = IndexMatrix.swift; sourceTree = "<group>"; };
		2E2304E52954ABD300B1F930 /* MatchingEngine.swift */ = {isa = PBXFileReference; fileEncoding = 4; lastKnownFileType = sourcecode.swift; path = MatchingEngine.swift; sourceTree = "<group>"; };
		2E2304E62954ABD300B1F930 /* TextualDataImport.swift */ = {isa = PBXFileReference; fileEncoding = 4; lastKnownFileType = sourcecode.swift; path = TextualDataImport.swift; sourceTree = "<group>"; };
		2E2304EE2954ABDB00B1F930 /* FeedCell.swift */ = {isa = PBXFileReference; fileEncoding = 4; lastKnownFileType = sourcecode.swift; path = FeedCell.swift; sourceTree = "<group>"; };
		2E2304EF2954ABDB00B1F930 /* FeedCell.xib */ = {isa = PBXFileReference; fileEncoding = 4; lastKnownFileType = file.xib; path = FeedCell.xib; sourceTree = "<group>"; };
		2E2304F22954ABDB00B1F930 /* SafariViewController.swift */ = {isa = PBXFileReference; fileEncoding = 4; lastKnownFileType = sourcecode.swift; path = SafariViewController.swift; sourceTree = "<group>"; };
		2E2304F42954ABDB00B1F930 /* FeedItemsView.swift */ = {isa = PBXFileReference; fileEncoding = 4; lastKnownFileType = sourcecode.swift; path = FeedItemsView.swift; sourceTree = "<group>"; };
		2E2304F52954ABDB00B1F930 /* FeedItemsViewController.swift */ = {isa = PBXFileReference; fileEncoding = 4; lastKnownFileType = sourcecode.swift; path = FeedItemsViewController.swift; sourceTree = "<group>"; };
		2E2304F62954ABDB00B1F930 /* FeedItemsTableProvider.swift */ = {isa = PBXFileReference; fileEncoding = 4; lastKnownFileType = sourcecode.swift; path = FeedItemsTableProvider.swift; sourceTree = "<group>"; };
		2E2304F82954ABDB00B1F930 /* FeedsViewController.swift */ = {isa = PBXFileReference; fileEncoding = 4; lastKnownFileType = sourcecode.swift; path = FeedsViewController.swift; sourceTree = "<group>"; };
		2E2304F92954ABDB00B1F930 /* FeedsTableProvider.swift */ = {isa = PBXFileReference; fileEncoding = 4; lastKnownFileType = sourcecode.swift; path = FeedsTableProvider.swift; sourceTree = "<group>"; };
		2E2304FA2954ABDB00B1F930 /* FeedsViewController+Search.swift */ = {isa = PBXFileReference; fileEncoding = 4; lastKnownFileType = sourcecode.swift; path = "FeedsViewController+Search.swift"; sourceTree = "<group>"; };
		2E2304FB2954ABDB00B1F930 /* FeedsView.swift */ = {isa = PBXFileReference; fileEncoding = 4; lastKnownFileType = sourcecode.swift; path = FeedsView.swift; sourceTree = "<group>"; };
		2E2304FD2954ABDB00B1F930 /* BaseViewController.swift */ = {isa = PBXFileReference; fileEncoding = 4; lastKnownFileType = sourcecode.swift; path = BaseViewController.swift; sourceTree = "<group>"; };
		2E2304FE2954ABDB00B1F930 /* BaseViewController+Alert.swift */ = {isa = PBXFileReference; fileEncoding = 4; lastKnownFileType = sourcecode.swift; path = "BaseViewController+Alert.swift"; sourceTree = "<group>"; };
		2E2304FF2954ABDB00B1F930 /* BaseView.swift */ = {isa = PBXFileReference; fileEncoding = 4; lastKnownFileType = sourcecode.swift; path = BaseView.swift; sourceTree = "<group>"; };
		2E38DDA029E0C97E00839B66 /* FeedSearchDTO.swift */ = {isa = PBXFileReference; lastKnownFileType = sourcecode.swift; path = FeedSearchDTO.swift; sourceTree = "<group>"; };
		2E38DDAF29E1CA9100839B66 /* FeedSearchResultsCell.swift */ = {isa = PBXFileReference; lastKnownFileType = sourcecode.swift; path = FeedSearchResultsCell.swift; sourceTree = "<group>"; };
		2E38DDB029E1CA9100839B66 /* FeedSearchResultsCell.xib */ = {isa = PBXFileReference; lastKnownFileType = file.xib; path = FeedSearchResultsCell.xib; sourceTree = "<group>"; };
		2E38DDB329E20F2600839B66 /* FeedSearchResultsViewController.swift */ = {isa = PBXFileReference; lastKnownFileType = sourcecode.swift; path = FeedSearchResultsViewController.swift; sourceTree = "<group>"; };
		2E38DDB429E20F2600839B66 /* FeedSearchResultsViewController.xib */ = {isa = PBXFileReference; lastKnownFileType = file.xib; path = FeedSearchResultsViewController.xib; sourceTree = "<group>"; };
		2E38DDB829E2375F00839B66 /* UIViewController+Ext.swift */ = {isa = PBXFileReference; lastKnownFileType = sourcecode.swift; path = "UIViewController+Ext.swift"; sourceTree = "<group>"; };
		2E84AF2B2A9D62EC0041E8FC /* FeedSearchResults.swift */ = {isa = PBXFileReference; lastKnownFileType = sourcecode.swift; path = FeedSearchResults.swift; sourceTree = "<group>"; };
		2E8B7B1B29C6905700FB91C8 /* FeedSearchService.swift */ = {isa = PBXFileReference; lastKnownFileType = sourcecode.swift; path = FeedSearchService.swift; sourceTree = "<group>"; };
		2E8B7B1D29C6979C00FB91C8 /* TODO.md */ = {isa = PBXFileReference; lastKnownFileType = net.daringfireball.markdown; path = TODO.md; sourceTree = "<group>"; };
		DE763D141B7E841300C8B54A /* iFeed.app */ = {isa = PBXFileReference; explicitFileType = wrapper.application; includeInIndex = 0; path = iFeed.app; sourceTree = BUILT_PRODUCTS_DIR; };
/* End PBXFileReference section */

/* Begin PBXFrameworksBuildPhase section */
		DE763D111B7E841300C8B54A /* Frameworks */ = {
			isa = PBXFrameworksBuildPhase;
			buildActionMask = 2147483647;
			files = (
				2EE34A842A92DC54009634FB /* KRProgressHUD in Frameworks */,
				2E2305152954EAA900B1F930 /* FeedKit in Frameworks */,
			);
			runOnlyForDeploymentPostprocessing = 0;
		};
/* End PBXFrameworksBuildPhase section */

/* Begin PBXGroup section */
		2E2304B82954ABBA00B1F930 /* App */ = {
			isa = PBXGroup;
			children = (
				2E2304BE2954ABBA00B1F930 /* AppDelegate.swift */,
				2E2304BC2954ABBA00B1F930 /* LaunchScreen.xib */,
				2E2304B92954ABBA00B1F930 /* Colors.xcassets */,
				2E2304BD2954ABBA00B1F930 /* Images.xcassets */,
				2E2304BA2954ABBA00B1F930 /* iFeed.xcdatamodeld */,
				2E2304BF2954ABBA00B1F930 /* Info.plist */,
				2E8B7B1D29C6979C00FB91C8 /* TODO.md */,
			);
			path = App;
			sourceTree = "<group>";
		};
		2E2304C62954ABC900B1F930 /* Data */ = {
			isa = PBXGroup;
			children = (
				2E2304C72954ABC900B1F930 /* Models */,
				2E2304CA2954ABC900B1F930 /* Workers */,
			);
			path = Data;
			sourceTree = "<group>";
		};
		2E2304C72954ABC900B1F930 /* Models */ = {
			isa = PBXGroup;
			children = (
				2E2304C92954ABC900B1F930 /* Feed.swift */,
				2E2304C82954ABC900B1F930 /* FeedItem.swift */,
				2E84AF2B2A9D62EC0041E8FC /* FeedSearchResults.swift */,
			);
			path = Models;
			sourceTree = "<group>";
		};
		2E2304CA2954ABC900B1F930 /* Workers */ = {
			isa = PBXGroup;
			children = (
				2E2304CB2954ABC900B1F930 /* Search */,
				2E8B7B1A29C6902800FB91C8 /* FeedSearch */,
				2E2304CD2954ABC900B1F930 /* Common */,
			);
			path = Workers;
			sourceTree = "<group>";
		};
		2E2304CB2954ABC900B1F930 /* Search */ = {
			isa = PBXGroup;
			children = (
				2E2304CC2954ABC900B1F930 /* Search.swift */,
			);
			path = Search;
			sourceTree = "<group>";
		};
		2E2304CD2954ABC900B1F930 /* Common */ = {
			isa = PBXGroup;
			children = (
				2E2304CE2954ABC900B1F930 /* Brain.swift */,
				2E2304CF2954ABC900B1F930 /* Analytics.swift */,
				2E2304D02954ABC900B1F930 /* CoreDataManager.swift */,
				2E2304D12954ABC900B1F930 /* Cacher.swift */,
				2E2304D22954ABC900B1F930 /* Presenter.swift */,
				2E2304D32954ABC900B1F930 /* Parser.swift */,
			);
			path = Common;
			sourceTree = "<group>";
		};
		2E2304E02954ABD300B1F930 /* Libs */ = {
			isa = PBXGroup;
			children = (
				2E2304E12954ABD300B1F930 /* SimpleSimilarity */,
			);
			path = Libs;
			sourceTree = "<group>";
		};
		2E2304E12954ABD300B1F930 /* SimpleSimilarity */ = {
			isa = PBXGroup;
			children = (
				2E2304E22954ABD300B1F930 /* MatchingEngineAlgorithm.swift */,
				2E2304E32954ABD300B1F930 /* StringsForBagOfWords.swift */,
				2E2304E42954ABD300B1F930 /* IndexMatrix.swift */,
				2E2304E52954ABD300B1F930 /* MatchingEngine.swift */,
				2E2304E62954ABD300B1F930 /* TextualDataImport.swift */,
			);
			path = SimpleSimilarity;
			sourceTree = "<group>";
		};
		2E2304EC2954ABDB00B1F930 /* UI */ = {
			isa = PBXGroup;
			children = (
				2E38DDB729E2374A00839B66 /* Extensions */,
				2E2304FC2954ABDB00B1F930 /* Base */,
				2E2304ED2954ABDB00B1F930 /* Cells */,
				2E2304F02954ABDB00B1F930 /* Screens */,
			);
			path = UI;
			sourceTree = "<group>";
		};
		2E2304ED2954ABDB00B1F930 /* Cells */ = {
			isa = PBXGroup;
			children = (
				2E2304EF2954ABDB00B1F930 /* FeedCell.xib */,
				2E2304EE2954ABDB00B1F930 /* FeedCell.swift */,
			);
			path = Cells;
			sourceTree = "<group>";
		};
		2E2304F02954ABDB00B1F930 /* Screens */ = {
			isa = PBXGroup;
			children = (
				2E2304F72954ABDB00B1F930 /* Feeds */,
				2E2304F32954ABDB00B1F930 /* FeedItems */,
				2E2304F12954ABDB00B1F930 /* Browser */,
				2E38DDA629E1A20200839B66 /* FeedSearchResults */,
			);
			path = Screens;
			sourceTree = "<group>";
		};
		2E2304F12954ABDB00B1F930 /* Browser */ = {
			isa = PBXGroup;
			children = (
				2E2304F22954ABDB00B1F930 /* SafariViewController.swift */,
			);
			path = Browser;
			sourceTree = "<group>";
		};
		2E2304F32954ABDB00B1F930 /* FeedItems */ = {
			isa = PBXGroup;
			children = (
				2E2304F42954ABDB00B1F930 /* FeedItemsView.swift */,
				2E2304F62954ABDB00B1F930 /* FeedItemsTableProvider.swift */,
				2E2304F52954ABDB00B1F930 /* FeedItemsViewController.swift */,
			);
			path = FeedItems;
			sourceTree = "<group>";
		};
		2E2304F72954ABDB00B1F930 /* Feeds */ = {
			isa = PBXGroup;
			children = (
				2E2304FB2954ABDB00B1F930 /* FeedsView.swift */,
				2E2304F92954ABDB00B1F930 /* FeedsTableProvider.swift */,
				2E2304F82954ABDB00B1F930 /* FeedsViewController.swift */,
				2E2304FA2954ABDB00B1F930 /* FeedsViewController+Search.swift */,
			);
			path = Feeds;
			sourceTree = "<group>";
		};
		2E2304FC2954ABDB00B1F930 /* Base */ = {
			isa = PBXGroup;
			children = (
				2E2304FF2954ABDB00B1F930 /* BaseView.swift */,
				2E2304D52954ABC900B1F930 /* BaseTableProvider.swift */,
				2E2304FD2954ABDB00B1F930 /* BaseViewController.swift */,
				2E2304FE2954ABDB00B1F930 /* BaseViewController+Alert.swift */,
			);
			path = Base;
			sourceTree = "<group>";
		};
		2E38DDA629E1A20200839B66 /* FeedSearchResults */ = {
			isa = PBXGroup;
			children = (
				2E38DDB029E1CA9100839B66 /* FeedSearchResultsCell.xib */,
				2E38DDAF29E1CA9100839B66 /* FeedSearchResultsCell.swift */,
				2E38DDB429E20F2600839B66 /* FeedSearchResultsViewController.xib */,
				2E38DDB329E20F2600839B66 /* FeedSearchResultsViewController.swift */,
			);
			path = FeedSearchResults;
			sourceTree = "<group>";
		};
		2E38DDB729E2374A00839B66 /* Extensions */ = {
			isa = PBXGroup;
			children = (
				2E38DDB829E2375F00839B66 /* UIViewController+Ext.swift */,
			);
			path = Extensions;
			sourceTree = "<group>";
		};
		2E8B7B1A29C6902800FB91C8 /* FeedSearch */ = {
			isa = PBXGroup;
			children = (
				2E8B7B1B29C6905700FB91C8 /* FeedSearchService.swift */,
				2E38DDA029E0C97E00839B66 /* FeedSearchDTO.swift */,
			);
			path = FeedSearch;
			sourceTree = "<group>";
		};
		DE763D0B1B7E841300C8B54A = {
			isa = PBXGroup;
			children = (
				2E2304B82954ABBA00B1F930 /* App */,
				2E2304EC2954ABDB00B1F930 /* UI */,
				2E2304C62954ABC900B1F930 /* Data */,
				2E2304E02954ABD300B1F930 /* Libs */,
				DE763D151B7E841300C8B54A /* Products */,
			);
			sourceTree = "<group>";
		};
		DE763D151B7E841300C8B54A /* Products */ = {
			isa = PBXGroup;
			children = (
				DE763D141B7E841300C8B54A /* iFeed.app */,
			);
			name = Products;
			sourceTree = "<group>";
		};
/* End PBXGroup section */

/* Begin PBXNativeTarget section */
		DE763D131B7E841300C8B54A /* iFeed */ = {
			isa = PBXNativeTarget;
			buildConfigurationList = DE763D331B7E841300C8B54A /* Build configuration list for PBXNativeTarget "iFeed" */;
			buildPhases = (
				DE763D101B7E841300C8B54A /* Sources */,
				DE763D111B7E841300C8B54A /* Frameworks */,
				DE763D121B7E841300C8B54A /* Resources */,
				089C36F42BB0F38900337EB4 /* SwiftLint Check */,
			);
			buildRules = (
			);
			dependencies = (
			);
			name = iFeed;
			packageProductDependencies = (
				2E2305142954EAA900B1F930 /* FeedKit */,
				2EE34A832A92DC54009634FB /* KRProgressHUD */,
			);
			productName = iFeed;
			productReference = DE763D141B7E841300C8B54A /* iFeed.app */;
			productType = "com.apple.product-type.application";
		};
/* End PBXNativeTarget section */

/* Begin PBXProject section */
		DE763D0C1B7E841300C8B54A /* Project object */ = {
			isa = PBXProject;
			attributes = {
				BuildIndependentTargetsInParallel = YES;
				CLASSPREFIX = EVK;
				LastSwiftMigration = 0700;
				LastSwiftUpdateCheck = 0700;
				LastUpgradeCheck = 1530;
				ORGANIZATIONNAME = "Evgeny Karkan";
				TargetAttributes = {
					DE763D131B7E841300C8B54A = {
						CreatedOnToolsVersion = 6.4;
						DevelopmentTeam = 7VW32GE5L3;
						LastSwiftMigration = 0910;
						ProvisioningStyle = Manual;
					};
				};
			};
			buildConfigurationList = DE763D0F1B7E841300C8B54A /* Build configuration list for PBXProject "iFeed" */;
			compatibilityVersion = "Xcode 13.0";
			developmentRegion = en;
			hasScannedForEncodings = 0;
			knownRegions = (
				en,
				Base,
			);
			mainGroup = DE763D0B1B7E841300C8B54A;
			packageReferences = (
				2E2305132954EAA900B1F930 /* XCRemoteSwiftPackageReference "FeedKit" */,
				2EE34A822A92DC54009634FB /* XCRemoteSwiftPackageReference "KRProgressHUD" */,
			);
			productRefGroup = DE763D151B7E841300C8B54A /* Products */;
			projectDirPath = "";
			projectRoot = "";
			targets = (
				DE763D131B7E841300C8B54A /* iFeed */,
			);
		};
/* End PBXProject section */

/* Begin PBXResourcesBuildPhase section */
		DE763D121B7E841300C8B54A /* Resources */ = {
			isa = PBXResourcesBuildPhase;
			buildActionMask = 2147483647;
			files = (
				2E2304C32954ABBA00B1F930 /* Images.xcassets in Resources */,
				2E38DDB629E20F2600839B66 /* FeedSearchResultsViewController.xib in Resources */,
				2E2304C22954ABBA00B1F930 /* LaunchScreen.xib in Resources */,
				2E38DDB229E1CA9200839B66 /* FeedSearchResultsCell.xib in Resources */,
				2E2304C02954ABBA00B1F930 /* Colors.xcassets in Resources */,
				2E2305012954ABDB00B1F930 /* FeedCell.xib in Resources */,
			);
			runOnlyForDeploymentPostprocessing = 0;
		};
/* End PBXResourcesBuildPhase section */

/* Begin PBXShellScriptBuildPhase section */
		089C36F42BB0F38900337EB4 /* SwiftLint Check */ = {
			isa = PBXShellScriptBuildPhase;
			buildActionMask = 2147483647;
			files = (
			);
			inputFileListPaths = (
			);
			inputPaths = (
			);
			name = "SwiftLint Check";
			outputFileListPaths = (
			);
			outputPaths = (
			);
			runOnlyForDeploymentPostprocessing = 0;
			shellPath = /bin/sh;
			shellScript = "if [[ \"$(uname -m)\" == arm64 ]]; then\n    export PATH=\"/opt/homebrew/bin:$PATH\"\nfi\n\nif which swiftlint > /dev/null; then\n    swiftlint\nelse\n    echo \"warning: SwiftLint not installed, download from https://github.com/realm/SwiftLint\"\nfi\n";
		};
/* End PBXShellScriptBuildPhase section */

/* Begin PBXSourcesBuildPhase section */
		DE763D101B7E841300C8B54A /* Sources */ = {
			isa = PBXSourcesBuildPhase;
			buildActionMask = 2147483647;
			files = (
				2E2304EA2954ABD300B1F930 /* MatchingEngine.swift in Sources */,
				2E23050A2954ABDB00B1F930 /* BaseViewController.swift in Sources */,
				2E38DDB929E2375F00839B66 /* UIViewController+Ext.swift in Sources */,
				2E2304DA2954ABC900B1F930 /* Analytics.swift in Sources */,
				2E8B7B1C29C6905700FB91C8 /* FeedSearchService.swift in Sources */,
				2E2305082954ABDB00B1F930 /* FeedsViewController+Search.swift in Sources */,
				2E2304DF2954ABC900B1F930 /* BaseTableProvider.swift in Sources */,
				2E2305052954ABDB00B1F930 /* FeedItemsTableProvider.swift in Sources */,
				2E2305092954ABDB00B1F930 /* FeedsView.swift in Sources */,
				2E2304C12954ABBA00B1F930 /* iFeed.xcdatamodeld in Sources */,
				2E2304E92954ABD300B1F930 /* IndexMatrix.swift in Sources */,
				2E2304D72954ABC900B1F930 /* Feed.swift in Sources */,
				2E2304E72954ABD300B1F930 /* MatchingEngineAlgorithm.swift in Sources */,
				2E2304EB2954ABD300B1F930 /* TextualDataImport.swift in Sources */,
				2E2305032954ABDB00B1F930 /* FeedItemsView.swift in Sources */,
				2E2304DC2954ABC900B1F930 /* Cacher.swift in Sources */,
				2E2305042954ABDB00B1F930 /* FeedItemsViewController.swift in Sources */,
				2E2304E82954ABD300B1F930 /* StringsForBagOfWords.swift in Sources */,
				2E23050C2954ABDB00B1F930 /* BaseView.swift in Sources */,
				2E2305062954ABDB00B1F930 /* FeedsViewController.swift in Sources */,
				2E2305022954ABDB00B1F930 /* SafariViewController.swift in Sources */,
				2E2304DE2954ABC900B1F930 /* Parser.swift in Sources */,
				2E2304D82954ABC900B1F930 /* Search.swift in Sources */,
				2E2304DD2954ABC900B1F930 /* Presenter.swift in Sources */,
				2E2305072954ABDB00B1F930 /* FeedsTableProvider.swift in Sources */,
				2E2304C42954ABBA00B1F930 /* AppDelegate.swift in Sources */,
				2E38DDB129E1CA9200839B66 /* FeedSearchResultsCell.swift in Sources */,
				2E2304D62954ABC900B1F930 /* FeedItem.swift in Sources */,
				2E2304D92954ABC900B1F930 /* Brain.swift in Sources */,
				2E23050B2954ABDB00B1F930 /* BaseViewController+Alert.swift in Sources */,
				2E38DDB529E20F2600839B66 /* FeedSearchResultsViewController.swift in Sources */,
				2E2304DB2954ABC900B1F930 /* CoreDataManager.swift in Sources */,
				2E38DDA129E0C97E00839B66 /* FeedSearchDTO.swift in Sources */,
				2E84AF2C2A9D62EC0041E8FC /* FeedSearchResults.swift in Sources */,
				2E2305002954ABDB00B1F930 /* FeedCell.swift in Sources */,
			);
			runOnlyForDeploymentPostprocessing = 0;
		};
/* End PBXSourcesBuildPhase section */

/* Begin XCBuildConfiguration section */
		DE0799B92249888900A6BB21 /* AdHoc */ = {
			isa = XCBuildConfiguration;
			buildSettings = {
				ALWAYS_SEARCH_USER_PATHS = NO;
				ASSETCATALOG_COMPILER_GENERATE_SWIFT_ASSET_SYMBOL_EXTENSIONS = YES;
				CLANG_ANALYZER_LOCALIZABILITY_NONLOCALIZED = YES;
				CLANG_CXX_LANGUAGE_STANDARD = "gnu++0x";
				CLANG_CXX_LIBRARY = "libc++";
				CLANG_ENABLE_MODULES = YES;
				CLANG_ENABLE_OBJC_ARC = YES;
				CLANG_WARN_BLOCK_CAPTURE_AUTORELEASING = YES;
				CLANG_WARN_BOOL_CONVERSION = YES;
				CLANG_WARN_COMMA = YES;
				CLANG_WARN_CONSTANT_CONVERSION = YES;
				CLANG_WARN_DEPRECATED_OBJC_IMPLEMENTATIONS = YES;
				CLANG_WARN_DIRECT_OBJC_ISA_USAGE = YES_ERROR;
				CLANG_WARN_EMPTY_BODY = YES;
				CLANG_WARN_ENUM_CONVERSION = YES;
				CLANG_WARN_INFINITE_RECURSION = YES;
				CLANG_WARN_INT_CONVERSION = YES;
				CLANG_WARN_NON_LITERAL_NULL_CONVERSION = YES;
				CLANG_WARN_OBJC_IMPLICIT_RETAIN_SELF = YES;
				CLANG_WARN_OBJC_LITERAL_CONVERSION = YES;
				CLANG_WARN_OBJC_ROOT_CLASS = YES_ERROR;
				CLANG_WARN_QUOTED_INCLUDE_IN_FRAMEWORK_HEADER = YES;
				CLANG_WARN_RANGE_LOOP_ANALYSIS = YES;
				CLANG_WARN_STRICT_PROTOTYPES = YES;
				CLANG_WARN_SUSPICIOUS_MOVE = YES;
				CLANG_WARN_UNREACHABLE_CODE = YES;
				CLANG_WARN__DUPLICATE_METHOD_MATCH = YES;
				CODE_SIGN_IDENTITY = "iPhone Distribution: Yevgeniy Karkan (7VW32GE5L3)";
				"CODE_SIGN_IDENTITY[sdk=iphoneos*]" = "iPhone Distribution: Yevgeniy Karkan (7VW32GE5L3)";
				COPY_PHASE_STRIP = NO;
				DEBUG_INFORMATION_FORMAT = "dwarf-with-dsym";
				ENABLE_NS_ASSERTIONS = NO;
				ENABLE_STRICT_OBJC_MSGSEND = YES;
				ENABLE_USER_SCRIPT_SANDBOXING = YES;
				FRAMEWORK_SEARCH_PATHS = "";
				GCC_C_LANGUAGE_STANDARD = gnu99;
				GCC_NO_COMMON_BLOCKS = YES;
				GCC_WARN_64_TO_32_BIT_CONVERSION = YES;
				GCC_WARN_ABOUT_RETURN_TYPE = YES_ERROR;
				GCC_WARN_UNDECLARED_SELECTOR = YES;
				GCC_WARN_UNINITIALIZED_AUTOS = YES_AGGRESSIVE;
				GCC_WARN_UNUSED_FUNCTION = YES;
				GCC_WARN_UNUSED_VARIABLE = YES;
				IPHONEOS_DEPLOYMENT_TARGET = 15.0;
				MTL_ENABLE_DEBUG_INFO = NO;
				OTHER_SWIFT_FLAGS = "-Xfrontend -warn-long-expression-type-checking=50 -Xfrontend -warn-long-function-bodies=50";
				PROVISIONING_PROFILE = "4e38995a-0ebf-4096-b8a1-fb3dcdaea6f8";
				SDKROOT = iphoneos;
				SWIFT_COMPILATION_MODE = wholemodule;
				SWIFT_OPTIMIZATION_LEVEL = "-O";
				TARGETED_DEVICE_FAMILY = "1,2";
				VALIDATE_PRODUCT = YES;
			};
			name = AdHoc;
		};
		DE0799BA2249888900A6BB21 /* AdHoc */ = {
			isa = XCBuildConfiguration;
			buildSettings = {
				ASSETCATALOG_COMPILER_APPICON_NAME = AppIcon;
				CLANG_ENABLE_MODULES = YES;
				CODE_SIGN_IDENTITY = "iPhone Distribution";
				"CODE_SIGN_IDENTITY[sdk=iphoneos*]" = "iPhone Distribution";
				CODE_SIGN_STYLE = Manual;
				DEVELOPMENT_TEAM = 7VW32GE5L3;
				ENABLE_BITCODE = NO;
				FRAMEWORK_SEARCH_PATHS = "$(inherited)";
				GCC_PREPROCESSOR_DEFINITIONS = __RELEASE__;
				HEADER_SEARCH_PATHS = (
					"$(inherited)",
					/Applications/Xcode.app/Contents/Developer/Toolchains/XcodeDefault.xctoolchain/usr/include,
					"$(SRCROOT)",
				);
				INFOPLIST_FILE = App/Info.plist;
				IPHONEOS_DEPLOYMENT_TARGET = 15.0;
				LD_RUNPATH_SEARCH_PATHS = (
					"$(inherited)",
					"@executable_path/Frameworks",
				);
				OTHER_SWIFT_FLAGS = "-D __RELEASE__";
				PRODUCT_BUNDLE_IDENTIFIER = "com.EvgenyKarkan.$(PRODUCT_NAME:rfc1034identifier)";
				PRODUCT_NAME = "$(TARGET_NAME)";
				PROVISIONING_PROFILE = "";
				PROVISIONING_PROFILE_SPECIFIER = Feeds4U_ADHOC;
				SWIFT_OBJC_BRIDGING_HEADER = "";
				SWIFT_SWIFT3_OBJC_INFERENCE = Default;
				SWIFT_VERSION = 5.0;
				TVOS_DEPLOYMENT_TARGET = 12.0;
			};
			name = AdHoc;
		};
		DE763D311B7E841300C8B54A /* Debug */ = {
			isa = XCBuildConfiguration;
			buildSettings = {
				ALWAYS_SEARCH_USER_PATHS = NO;
				ASSETCATALOG_COMPILER_GENERATE_SWIFT_ASSET_SYMBOL_EXTENSIONS = YES;
				CLANG_ANALYZER_LOCALIZABILITY_NONLOCALIZED = YES;
				CLANG_CXX_LANGUAGE_STANDARD = "gnu++0x";
				CLANG_CXX_LIBRARY = "libc++";
				CLANG_ENABLE_MODULES = YES;
				CLANG_ENABLE_OBJC_ARC = YES;
				CLANG_WARN_BLOCK_CAPTURE_AUTORELEASING = YES;
				CLANG_WARN_BOOL_CONVERSION = YES;
				CLANG_WARN_COMMA = YES;
				CLANG_WARN_CONSTANT_CONVERSION = YES;
				CLANG_WARN_DEPRECATED_OBJC_IMPLEMENTATIONS = YES;
				CLANG_WARN_DIRECT_OBJC_ISA_USAGE = YES_ERROR;
				CLANG_WARN_EMPTY_BODY = YES;
				CLANG_WARN_ENUM_CONVERSION = YES;
				CLANG_WARN_INFINITE_RECURSION = YES;
				CLANG_WARN_INT_CONVERSION = YES;
				CLANG_WARN_NON_LITERAL_NULL_CONVERSION = YES;
				CLANG_WARN_OBJC_IMPLICIT_RETAIN_SELF = YES;
				CLANG_WARN_OBJC_LITERAL_CONVERSION = YES;
				CLANG_WARN_OBJC_ROOT_CLASS = YES_ERROR;
				CLANG_WARN_QUOTED_INCLUDE_IN_FRAMEWORK_HEADER = YES;
				CLANG_WARN_RANGE_LOOP_ANALYSIS = YES;
				CLANG_WARN_STRICT_PROTOTYPES = YES;
				CLANG_WARN_SUSPICIOUS_MOVE = YES;
				CLANG_WARN_UNREACHABLE_CODE = YES;
				CLANG_WARN__DUPLICATE_METHOD_MATCH = YES;
				CODE_SIGN_IDENTITY = "iPhone Developer: Yevgeniy Karkan (3YZNAVUC8R)";
				"CODE_SIGN_IDENTITY[sdk=iphoneos*]" = "iPhone Developer: Yevgeniy Karkan (3YZNAVUC8R)";
				COPY_PHASE_STRIP = NO;
				DEBUG_INFORMATION_FORMAT = "dwarf-with-dsym";
				ENABLE_STRICT_OBJC_MSGSEND = YES;
				ENABLE_TESTABILITY = YES;
				ENABLE_USER_SCRIPT_SANDBOXING = YES;
				FRAMEWORK_SEARCH_PATHS = "";
				GCC_C_LANGUAGE_STANDARD = gnu99;
				GCC_DYNAMIC_NO_PIC = NO;
				GCC_NO_COMMON_BLOCKS = YES;
				GCC_OPTIMIZATION_LEVEL = 0;
				GCC_PREPROCESSOR_DEFINITIONS = (
					"DEBUG=1",
					"$(inherited)",
				);
				GCC_SYMBOLS_PRIVATE_EXTERN = NO;
				GCC_WARN_64_TO_32_BIT_CONVERSION = YES;
				GCC_WARN_ABOUT_RETURN_TYPE = YES_ERROR;
				GCC_WARN_UNDECLARED_SELECTOR = YES;
				GCC_WARN_UNINITIALIZED_AUTOS = YES_AGGRESSIVE;
				GCC_WARN_UNUSED_FUNCTION = YES;
				GCC_WARN_UNUSED_VARIABLE = YES;
				IPHONEOS_DEPLOYMENT_TARGET = 15.0;
				MTL_ENABLE_DEBUG_INFO = YES;
				ONLY_ACTIVE_ARCH = YES;
				OTHER_SWIFT_FLAGS = "-Xfrontend -warn-long-expression-type-checking=50 -Xfrontend -warn-long-function-bodies=50";
				PROVISIONING_PROFILE = "7b35ab6e-d369-4c7c-8f20-1591392be633";
				SDKROOT = iphoneos;
				SWIFT_OPTIMIZATION_LEVEL = "-Onone";
				TARGETED_DEVICE_FAMILY = "1,2";
			};
			name = Debug;
		};
		DE763D321B7E841300C8B54A /* Release */ = {
			isa = XCBuildConfiguration;
			buildSettings = {
				ALWAYS_SEARCH_USER_PATHS = NO;
				ASSETCATALOG_COMPILER_GENERATE_SWIFT_ASSET_SYMBOL_EXTENSIONS = YES;
				CLANG_ANALYZER_LOCALIZABILITY_NONLOCALIZED = YES;
				CLANG_CXX_LANGUAGE_STANDARD = "gnu++0x";
				CLANG_CXX_LIBRARY = "libc++";
				CLANG_ENABLE_MODULES = YES;
				CLANG_ENABLE_OBJC_ARC = YES;
				CLANG_WARN_BLOCK_CAPTURE_AUTORELEASING = YES;
				CLANG_WARN_BOOL_CONVERSION = YES;
				CLANG_WARN_COMMA = YES;
				CLANG_WARN_CONSTANT_CONVERSION = YES;
				CLANG_WARN_DEPRECATED_OBJC_IMPLEMENTATIONS = YES;
				CLANG_WARN_DIRECT_OBJC_ISA_USAGE = YES_ERROR;
				CLANG_WARN_EMPTY_BODY = YES;
				CLANG_WARN_ENUM_CONVERSION = YES;
				CLANG_WARN_INFINITE_RECURSION = YES;
				CLANG_WARN_INT_CONVERSION = YES;
				CLANG_WARN_NON_LITERAL_NULL_CONVERSION = YES;
				CLANG_WARN_OBJC_IMPLICIT_RETAIN_SELF = YES;
				CLANG_WARN_OBJC_LITERAL_CONVERSION = YES;
				CLANG_WARN_OBJC_ROOT_CLASS = YES_ERROR;
				CLANG_WARN_QUOTED_INCLUDE_IN_FRAMEWORK_HEADER = YES;
				CLANG_WARN_RANGE_LOOP_ANALYSIS = YES;
				CLANG_WARN_STRICT_PROTOTYPES = YES;
				CLANG_WARN_SUSPICIOUS_MOVE = YES;
				CLANG_WARN_UNREACHABLE_CODE = YES;
				CLANG_WARN__DUPLICATE_METHOD_MATCH = YES;
				CODE_SIGN_IDENTITY = "iPhone Distribution: Yevgeniy Karkan (7VW32GE5L3)";
				"CODE_SIGN_IDENTITY[sdk=iphoneos*]" = "iPhone Distribution: Yevgeniy Karkan (7VW32GE5L3)";
				COPY_PHASE_STRIP = NO;
				DEBUG_INFORMATION_FORMAT = "dwarf-with-dsym";
				ENABLE_NS_ASSERTIONS = NO;
				ENABLE_STRICT_OBJC_MSGSEND = YES;
				ENABLE_USER_SCRIPT_SANDBOXING = YES;
				FRAMEWORK_SEARCH_PATHS = "";
				GCC_C_LANGUAGE_STANDARD = gnu99;
				GCC_NO_COMMON_BLOCKS = YES;
				GCC_WARN_64_TO_32_BIT_CONVERSION = YES;
				GCC_WARN_ABOUT_RETURN_TYPE = YES_ERROR;
				GCC_WARN_UNDECLARED_SELECTOR = YES;
				GCC_WARN_UNINITIALIZED_AUTOS = YES_AGGRESSIVE;
				GCC_WARN_UNUSED_FUNCTION = YES;
				GCC_WARN_UNUSED_VARIABLE = YES;
				IPHONEOS_DEPLOYMENT_TARGET = 15.0;
				MTL_ENABLE_DEBUG_INFO = NO;
				OTHER_SWIFT_FLAGS = "-Xfrontend -warn-long-expression-type-checking=50 -Xfrontend -warn-long-function-bodies=50";
				PROVISIONING_PROFILE = "4e38995a-0ebf-4096-b8a1-fb3dcdaea6f8";
				SDKROOT = iphoneos;
				SWIFT_COMPILATION_MODE = wholemodule;
				SWIFT_OPTIMIZATION_LEVEL = "-O";
				TARGETED_DEVICE_FAMILY = "1,2";
				VALIDATE_PRODUCT = YES;
			};
			name = Release;
		};
		DE763D341B7E841300C8B54A /* Debug */ = {
			isa = XCBuildConfiguration;
			buildSettings = {
				ASSETCATALOG_COMPILER_APPICON_NAME = AppIcon;
				CLANG_ENABLE_MODULES = YES;
				CLANG_TIDY_BUGPRONE_REDUNDANT_BRANCH_CONDITION = YES;
				CLANG_TIDY_MISC_REDUNDANT_EXPRESSION = YES;
				CODE_SIGN_IDENTITY = "";
				"CODE_SIGN_IDENTITY[sdk=iphoneos*]" = "iPhone Developer";
				CODE_SIGN_STYLE = Manual;
				DEBUG_INFORMATION_FORMAT = dwarf;
				DEVELOPMENT_TEAM = 7VW32GE5L3;
				ENABLE_BITCODE = NO;
				ENABLE_USER_SCRIPT_SANDBOXING = NO;
				FRAMEWORK_SEARCH_PATHS = "$(inherited)";
				GCC_PREPROCESSOR_DEFINITIONS = (
					"DEBUG=1",
					__DEBUG__,
				);
				GCC_WARN_ABOUT_MISSING_NEWLINE = YES;
				HEADER_SEARCH_PATHS = (
					"$(inherited)",
					/Applications/Xcode.app/Contents/Developer/Toolchains/XcodeDefault.xctoolchain/usr/include,
					"$(SRCROOT)",
				);
				INFOPLIST_FILE = App/Info.plist;
				IPHONEOS_DEPLOYMENT_TARGET = 15.0;
				LD_RUNPATH_SEARCH_PATHS = (
					"$(inherited)",
					"@executable_path/Frameworks",
				);
				OTHER_SWIFT_FLAGS = "-D __DEBUG__ -Xfrontend -warn-long-expression-type-checking=100";
				PRODUCT_BUNDLE_IDENTIFIER = "com.EvgenyKarkan.$(PRODUCT_NAME:rfc1034identifier)";
				PRODUCT_NAME = "$(TARGET_NAME)";
				PROVISIONING_PROFILE = "";
				PROVISIONING_PROFILE_SPECIFIER = Feeds4U_DEV;
				RUN_CLANG_STATIC_ANALYZER = YES;
				SWIFT_OBJC_BRIDGING_HEADER = "";
				SWIFT_OPTIMIZATION_LEVEL = "-Onone";
				SWIFT_SWIFT3_OBJC_INFERENCE = Default;
				SWIFT_VERSION = 5.0;
				TVOS_DEPLOYMENT_TARGET = 12.0;
			};
			name = Debug;
		};
		DE763D351B7E841300C8B54A /* Release */ = {
			isa = XCBuildConfiguration;
			buildSettings = {
				ASSETCATALOG_COMPILER_APPICON_NAME = AppIcon;
				CLANG_ENABLE_MODULES = YES;
				CODE_SIGN_IDENTITY = "";
				"CODE_SIGN_IDENTITY[sdk=iphoneos*]" = "iPhone Distribution";
				CODE_SIGN_STYLE = Manual;
				DEVELOPMENT_TEAM = "";
				ENABLE_BITCODE = NO;
				FRAMEWORK_SEARCH_PATHS = "$(inherited)";
				GCC_PREPROCESSOR_DEFINITIONS = __RELEASE__;
				HEADER_SEARCH_PATHS = (
					"$(inherited)",
					/Applications/Xcode.app/Contents/Developer/Toolchains/XcodeDefault.xctoolchain/usr/include,
					"$(SRCROOT)",
				);
				INFOPLIST_FILE = App/Info.plist;
				IPHONEOS_DEPLOYMENT_TARGET = 15.0;
				LD_RUNPATH_SEARCH_PATHS = (
					"$(inherited)",
					"@executable_path/Frameworks",
				);
				OTHER_SWIFT_FLAGS = "-D __RELEASE__";
				PRODUCT_BUNDLE_IDENTIFIER = "com.EvgenyKarkan.$(PRODUCT_NAME:rfc1034identifier)";
				PRODUCT_NAME = "$(TARGET_NAME)";
				PROVISIONING_PROFILE = "";
				PROVISIONING_PROFILE_SPECIFIER = "";
				SWIFT_OBJC_BRIDGING_HEADER = "";
				SWIFT_SWIFT3_OBJC_INFERENCE = Default;
				SWIFT_VERSION = 5.0;
				TVOS_DEPLOYMENT_TARGET = 12.0;
			};
			name = Release;
		};
/* End XCBuildConfiguration section */

/* Begin XCConfigurationList section */
		DE763D0F1B7E841300C8B54A /* Build configuration list for PBXProject "iFeed" */ = {
			isa = XCConfigurationList;
			buildConfigurations = (
				DE763D311B7E841300C8B54A /* Debug */,
				DE763D321B7E841300C8B54A /* Release */,
				DE0799B92249888900A6BB21 /* AdHoc */,
			);
			defaultConfigurationIsVisible = 0;
			defaultConfigurationName = Release;
		};
		DE763D331B7E841300C8B54A /* Build configuration list for PBXNativeTarget "iFeed" */ = {
			isa = XCConfigurationList;
			buildConfigurations = (
				DE763D341B7E841300C8B54A /* Debug */,
				DE763D351B7E841300C8B54A /* Release */,
				DE0799BA2249888900A6BB21 /* AdHoc */,
			);
			defaultConfigurationIsVisible = 0;
			defaultConfigurationName = Release;
		};
/* End XCConfigurationList section */

/* Begin XCRemoteSwiftPackageReference section */
		2E2305132954EAA900B1F930 /* XCRemoteSwiftPackageReference "FeedKit" */ = {
			isa = XCRemoteSwiftPackageReference;
			repositoryURL = "https://github.com/nmdias/FeedKit";
			requirement = {
				kind = exactVersion;
				version = 9.1.2;
			};
		};
		2EE34A822A92DC54009634FB /* XCRemoteSwiftPackageReference "KRProgressHUD" */ = {
			isa = XCRemoteSwiftPackageReference;
			repositoryURL = "https://github.com/krimpedance/KRProgressHUD";
			requirement = {
				kind = exactVersion;
				version = 3.4.7;
			};
		};
/* End XCRemoteSwiftPackageReference section */

/* Begin XCSwiftPackageProductDependency section */
		2E2305142954EAA900B1F930 /* FeedKit */ = {
			isa = XCSwiftPackageProductDependency;
			package = 2E2305132954EAA900B1F930 /* XCRemoteSwiftPackageReference "FeedKit" */;
			productName = FeedKit;
		};
		2EE34A832A92DC54009634FB /* KRProgressHUD */ = {
			isa = XCSwiftPackageProductDependency;
			package = 2EE34A822A92DC54009634FB /* XCRemoteSwiftPackageReference "KRProgressHUD" */;
			productName = KRProgressHUD;
		};
/* End XCSwiftPackageProductDependency section */

/* Begin XCVersionGroup section */
		2E2304BA2954ABBA00B1F930 /* iFeed.xcdatamodeld */ = {
			isa = XCVersionGroup;
			children = (
				2E2304BB2954ABBA00B1F930 /* iFeed.xcdatamodel */,
			);
			currentVersion = 2E2304BB2954ABBA00B1F930 /* iFeed.xcdatamodel */;
			path = iFeed.xcdatamodeld;
			sourceTree = "<group>";
			versionGroupType = wrapper.xcdatamodel;
		};
/* End XCVersionGroup section */
	};
	rootObject = DE763D0C1B7E841300C8B54A /* Project object */;
}
