// !$*UTF8*$!
{
	archiveVersion = 1;
	classes = {
	};
	objectVersion = 52;
	objects = {

/* Begin PBXBuildFile section */
		2E1BE4EF2953D64300008C52 /* Colors.xcassets in Resources */ = {isa = PBXBuildFile; fileRef = 2E1BE4E92953D64300008C52 /* Colors.xcassets */; };
		2E1BE4F02953D64300008C52 /* iFeed.xcdatamodeld in Sources */ = {isa = PBXBuildFile; fileRef = 2E1BE4EA2953D64300008C52 /* iFeed.xcdatamodeld */; };
		2E1BE4F12953D64300008C52 /* LaunchScreen.xib in Resources */ = {isa = PBXBuildFile; fileRef = 2E1BE4EC2953D64300008C52 /* LaunchScreen.xib */; };
		2E1BE4F22953D64300008C52 /* Images.xcassets in Resources */ = {isa = PBXBuildFile; fileRef = 2E1BE4ED2953D64300008C52 /* Images.xcassets */; };
		2E1BE4F32953D64300008C52 /* EVKAppDelegate.swift in Sources */ = {isa = PBXBuildFile; fileRef = 2E1BE4EE2953D64300008C52 /* EVKAppDelegate.swift */; };
		2E1BE5072953D65500008C52 /* FeedCell.swift in Sources */ = {isa = PBXBuildFile; fileRef = 2E1BE4F62953D65500008C52 /* FeedCell.swift */; };
		2E1BE5082953D65500008C52 /* FeedCell.xib in Resources */ = {isa = PBXBuildFile; fileRef = 2E1BE4F72953D65500008C52 /* FeedCell.xib */; };
		2E1BE5092953D65500008C52 /* EVKSafariViewController.swift in Sources */ = {isa = PBXBuildFile; fileRef = 2E1BE4FA2953D65500008C52 /* EVKSafariViewController.swift */; };
		2E1BE50A2953D65500008C52 /* EVKFeedItemsView.swift in Sources */ = {isa = PBXBuildFile; fileRef = 2E1BE4FC2953D65500008C52 /* EVKFeedItemsView.swift */; };
		2E1BE50B2953D65500008C52 /* EVKFeedItemsViewController.swift in Sources */ = {isa = PBXBuildFile; fileRef = 2E1BE4FD2953D65500008C52 /* EVKFeedItemsViewController.swift */; };
		2E1BE50C2953D65500008C52 /* EVKFeedItemsTableProvider.swift in Sources */ = {isa = PBXBuildFile; fileRef = 2E1BE4FE2953D65500008C52 /* EVKFeedItemsTableProvider.swift */; };
		2E1BE50D2953D65500008C52 /* EVKFeedListViewController.swift in Sources */ = {isa = PBXBuildFile; fileRef = 2E1BE5002953D65500008C52 /* EVKFeedListViewController.swift */; };
		2E1BE50E2953D65500008C52 /* EVKFeedListTableProvider.swift in Sources */ = {isa = PBXBuildFile; fileRef = 2E1BE5012953D65500008C52 /* EVKFeedListTableProvider.swift */; };
		2E1BE50F2953D65500008C52 /* EVKFeedListViewController+Search.swift in Sources */ = {isa = PBXBuildFile; fileRef = 2E1BE5022953D65500008C52 /* EVKFeedListViewController+Search.swift */; };
		2E1BE5102953D65500008C52 /* EVKFeedListView.swift in Sources */ = {isa = PBXBuildFile; fileRef = 2E1BE5032953D65500008C52 /* EVKFeedListView.swift */; };
		2E1BE5112953D65500008C52 /* EVKBaseViewController.swift in Sources */ = {isa = PBXBuildFile; fileRef = 2E1BE5052953D65500008C52 /* EVKBaseViewController.swift */; };
		2E1BE5122953D65500008C52 /* EVKBaseView.swift in Sources */ = {isa = PBXBuildFile; fileRef = 2E1BE5062953D65500008C52 /* EVKBaseView.swift */; };
		2E1BE5232953D66200008C52 /* FeedItem.swift in Sources */ = {isa = PBXBuildFile; fileRef = 2E1BE5152953D66200008C52 /* FeedItem.swift */; };
		2E1BE5242953D66200008C52 /* Feed.swift in Sources */ = {isa = PBXBuildFile; fileRef = 2E1BE5162953D66200008C52 /* Feed.swift */; };
		2E1BE5252953D66200008C52 /* Search.swift in Sources */ = {isa = PBXBuildFile; fileRef = 2E1BE5192953D66200008C52 /* Search.swift */; };
		2E1BE5262953D66200008C52 /* EVKBrain.swift in Sources */ = {isa = PBXBuildFile; fileRef = 2E1BE51B2953D66200008C52 /* EVKBrain.swift */; };
		2E1BE5272953D66200008C52 /* EVKAnalytics.swift in Sources */ = {isa = PBXBuildFile; fileRef = 2E1BE51C2953D66200008C52 /* EVKAnalytics.swift */; };
		2E1BE5282953D66200008C52 /* EVKCoreDataManager.swift in Sources */ = {isa = PBXBuildFile; fileRef = 2E1BE51D2953D66200008C52 /* EVKCoreDataManager.swift */; };
		2E1BE5292953D66200008C52 /* EVKCacher.swift in Sources */ = {isa = PBXBuildFile; fileRef = 2E1BE51E2953D66200008C52 /* EVKCacher.swift */; };
		2E1BE52A2953D66200008C52 /* EVKPresenter.swift in Sources */ = {isa = PBXBuildFile; fileRef = 2E1BE51F2953D66200008C52 /* EVKPresenter.swift */; };
		2E1BE52B2953D66200008C52 /* EVKParser.swift in Sources */ = {isa = PBXBuildFile; fileRef = 2E1BE5202953D66200008C52 /* EVKParser.swift */; };
		2E1BE52C2953D66200008C52 /* EVKBaseTableProvider.swift in Sources */ = {isa = PBXBuildFile; fileRef = 2E1BE5222953D66200008C52 /* EVKBaseTableProvider.swift */; };
		2E1BE5492953FA6500008C52 /* EVKBaseViewController+Alert.swift in Sources */ = {isa = PBXBuildFile; fileRef = 2E1BE5482953FA6500008C52 /* EVKBaseViewController+Alert.swift */; };
		2E1BE551295401BE00008C52 /* MatchingEngineAlgorithm.swift in Sources */ = {isa = PBXBuildFile; fileRef = 2E1BE54C295401BE00008C52 /* MatchingEngineAlgorithm.swift */; };
		2E1BE552295401BE00008C52 /* StringsForBagOfWords.swift in Sources */ = {isa = PBXBuildFile; fileRef = 2E1BE54D295401BE00008C52 /* StringsForBagOfWords.swift */; };
		2E1BE553295401BE00008C52 /* IndexMatrix.swift in Sources */ = {isa = PBXBuildFile; fileRef = 2E1BE54E295401BE00008C52 /* IndexMatrix.swift */; };
		2E1BE554295401BE00008C52 /* MatchingEngine.swift in Sources */ = {isa = PBXBuildFile; fileRef = 2E1BE54F295401BE00008C52 /* MatchingEngine.swift */; };
		2E1BE555295401BE00008C52 /* TextualDataImport.swift in Sources */ = {isa = PBXBuildFile; fileRef = 2E1BE550295401BE00008C52 /* TextualDataImport.swift */; };
		2E88C93A2953727B00E2A405 /* FeedKit in Frameworks */ = {isa = PBXBuildFile; productRef = 2E88C9392953727B00E2A405 /* FeedKit */; };
		2E88C93D295372FA00E2A405 /* FirebaseCrashlytics in Frameworks */ = {isa = PBXBuildFile; productRef = 2E88C93C295372FA00E2A405 /* FirebaseCrashlytics */; };
/* End PBXBuildFile section */

/* Begin PBXFileReference section */
		2E1BE4E92953D64300008C52 /* Colors.xcassets */ = {isa = PBXFileReference; lastKnownFileType = folder.assetcatalog; path = Colors.xcassets; sourceTree = "<group>"; };
		2E1BE4EB2953D64300008C52 /* iFeed.xcdatamodel */ = {isa = PBXFileReference; lastKnownFileType = wrapper.xcdatamodel; path = iFeed.xcdatamodel; sourceTree = "<group>"; };
		2E1BE4EC2953D64300008C52 /* LaunchScreen.xib */ = {isa = PBXFileReference; fileEncoding = 4; lastKnownFileType = file.xib; path = LaunchScreen.xib; sourceTree = "<group>"; };
		2E1BE4ED2953D64300008C52 /* Images.xcassets */ = {isa = PBXFileReference; lastKnownFileType = folder.assetcatalog; path = Images.xcassets; sourceTree = "<group>"; };
		2E1BE4EE2953D64300008C52 /* EVKAppDelegate.swift */ = {isa = PBXFileReference; fileEncoding = 4; lastKnownFileType = sourcecode.swift; path = EVKAppDelegate.swift; sourceTree = "<group>"; };
		2E1BE4F62953D65500008C52 /* FeedCell.swift */ = {isa = PBXFileReference; fileEncoding = 4; lastKnownFileType = sourcecode.swift; path = FeedCell.swift; sourceTree = "<group>"; };
		2E1BE4F72953D65500008C52 /* FeedCell.xib */ = {isa = PBXFileReference; fileEncoding = 4; lastKnownFileType = file.xib; path = FeedCell.xib; sourceTree = "<group>"; };
		2E1BE4FA2953D65500008C52 /* EVKSafariViewController.swift */ = {isa = PBXFileReference; fileEncoding = 4; lastKnownFileType = sourcecode.swift; path = EVKSafariViewController.swift; sourceTree = "<group>"; };
		2E1BE4FC2953D65500008C52 /* EVKFeedItemsView.swift */ = {isa = PBXFileReference; fileEncoding = 4; lastKnownFileType = sourcecode.swift; path = EVKFeedItemsView.swift; sourceTree = "<group>"; };
		2E1BE4FD2953D65500008C52 /* EVKFeedItemsViewController.swift */ = {isa = PBXFileReference; fileEncoding = 4; lastKnownFileType = sourcecode.swift; path = EVKFeedItemsViewController.swift; sourceTree = "<group>"; };
		2E1BE4FE2953D65500008C52 /* EVKFeedItemsTableProvider.swift */ = {isa = PBXFileReference; fileEncoding = 4; lastKnownFileType = sourcecode.swift; path = EVKFeedItemsTableProvider.swift; sourceTree = "<group>"; };
		2E1BE5002953D65500008C52 /* EVKFeedListViewController.swift */ = {isa = PBXFileReference; fileEncoding = 4; lastKnownFileType = sourcecode.swift; path = EVKFeedListViewController.swift; sourceTree = "<group>"; };
		2E1BE5012953D65500008C52 /* EVKFeedListTableProvider.swift */ = {isa = PBXFileReference; fileEncoding = 4; lastKnownFileType = sourcecode.swift; path = EVKFeedListTableProvider.swift; sourceTree = "<group>"; };
		2E1BE5022953D65500008C52 /* EVKFeedListViewController+Search.swift */ = {isa = PBXFileReference; fileEncoding = 4; lastKnownFileType = sourcecode.swift; path = "EVKFeedListViewController+Search.swift"; sourceTree = "<group>"; };
		2E1BE5032953D65500008C52 /* EVKFeedListView.swift */ = {isa = PBXFileReference; fileEncoding = 4; lastKnownFileType = sourcecode.swift; path = EVKFeedListView.swift; sourceTree = "<group>"; };
		2E1BE5052953D65500008C52 /* EVKBaseViewController.swift */ = {isa = PBXFileReference; fileEncoding = 4; lastKnownFileType = sourcecode.swift; path = EVKBaseViewController.swift; sourceTree = "<group>"; };
		2E1BE5062953D65500008C52 /* EVKBaseView.swift */ = {isa = PBXFileReference; fileEncoding = 4; lastKnownFileType = sourcecode.swift; path = EVKBaseView.swift; sourceTree = "<group>"; };
		2E1BE5152953D66200008C52 /* FeedItem.swift */ = {isa = PBXFileReference; fileEncoding = 4; lastKnownFileType = sourcecode.swift; path = FeedItem.swift; sourceTree = "<group>"; };
		2E1BE5162953D66200008C52 /* Feed.swift */ = {isa = PBXFileReference; fileEncoding = 4; lastKnownFileType = sourcecode.swift; path = Feed.swift; sourceTree = "<group>"; };
		2E1BE5192953D66200008C52 /* Search.swift */ = {isa = PBXFileReference; fileEncoding = 4; lastKnownFileType = sourcecode.swift; path = Search.swift; sourceTree = "<group>"; };
		2E1BE51B2953D66200008C52 /* EVKBrain.swift */ = {isa = PBXFileReference; fileEncoding = 4; lastKnownFileType = sourcecode.swift; path = EVKBrain.swift; sourceTree = "<group>"; };
		2E1BE51C2953D66200008C52 /* EVKAnalytics.swift */ = {isa = PBXFileReference; fileEncoding = 4; lastKnownFileType = sourcecode.swift; path = EVKAnalytics.swift; sourceTree = "<group>"; };
		2E1BE51D2953D66200008C52 /* EVKCoreDataManager.swift */ = {isa = PBXFileReference; fileEncoding = 4; lastKnownFileType = sourcecode.swift; path = EVKCoreDataManager.swift; sourceTree = "<group>"; };
		2E1BE51E2953D66200008C52 /* EVKCacher.swift */ = {isa = PBXFileReference; fileEncoding = 4; lastKnownFileType = sourcecode.swift; path = EVKCacher.swift; sourceTree = "<group>"; };
		2E1BE51F2953D66200008C52 /* EVKPresenter.swift */ = {isa = PBXFileReference; fileEncoding = 4; lastKnownFileType = sourcecode.swift; path = EVKPresenter.swift; sourceTree = "<group>"; };
		2E1BE5202953D66200008C52 /* EVKParser.swift */ = {isa = PBXFileReference; fileEncoding = 4; lastKnownFileType = sourcecode.swift; path = EVKParser.swift; sourceTree = "<group>"; };
		2E1BE5222953D66200008C52 /* EVKBaseTableProvider.swift */ = {isa = PBXFileReference; fileEncoding = 4; lastKnownFileType = sourcecode.swift; path = EVKBaseTableProvider.swift; sourceTree = "<group>"; };
		2E1BE5392953D69A00008C52 /* Info.plist */ = {isa = PBXFileReference; fileEncoding = 4; lastKnownFileType = text.plist.xml; path = Info.plist; sourceTree = "<group>"; };
		2E1BE5482953FA6500008C52 /* EVKBaseViewController+Alert.swift */ = {isa = PBXFileReference; lastKnownFileType = sourcecode.swift; path = "EVKBaseViewController+Alert.swift"; sourceTree = "<group>"; };
		2E1BE54C295401BE00008C52 /* MatchingEngineAlgorithm.swift */ = {isa = PBXFileReference; fileEncoding = 4; lastKnownFileType = sourcecode.swift; path = MatchingEngineAlgorithm.swift; sourceTree = "<group>"; };
		2E1BE54D295401BE00008C52 /* StringsForBagOfWords.swift */ = {isa = PBXFileReference; fileEncoding = 4; lastKnownFileType = sourcecode.swift; path = StringsForBagOfWords.swift; sourceTree = "<group>"; };
		2E1BE54E295401BE00008C52 /* IndexMatrix.swift */ = {isa = PBXFileReference; fileEncoding = 4; lastKnownFileType = sourcecode.swift; path = IndexMatrix.swift; sourceTree = "<group>"; };
		2E1BE54F295401BE00008C52 /* MatchingEngine.swift */ = {isa = PBXFileReference; fileEncoding = 4; lastKnownFileType = sourcecode.swift; path = MatchingEngine.swift; sourceTree = "<group>"; };
		2E1BE550295401BE00008C52 /* TextualDataImport.swift */ = {isa = PBXFileReference; fileEncoding = 4; lastKnownFileType = sourcecode.swift; path = TextualDataImport.swift; sourceTree = "<group>"; };
		DE763D141B7E841300C8B54A /* iFeed.app */ = {isa = PBXFileReference; explicitFileType = wrapper.application; includeInIndex = 0; path = iFeed.app; sourceTree = BUILT_PRODUCTS_DIR; };
/* End PBXFileReference section */

/* Begin PBXFrameworksBuildPhase section */
		DE763D111B7E841300C8B54A /* Frameworks */ = {
			isa = PBXFrameworksBuildPhase;
			buildActionMask = 2147483647;
			files = (
				2E88C93D295372FA00E2A405 /* FirebaseCrashlytics in Frameworks */,
				2E88C93A2953727B00E2A405 /* FeedKit in Frameworks */,
			);
			runOnlyForDeploymentPostprocessing = 0;
		};
/* End PBXFrameworksBuildPhase section */

/* Begin PBXGroup section */
		2E1BE4E82953D64300008C52 /* Application */ = {
			isa = PBXGroup;
			children = (
				2E1BE4EE2953D64300008C52 /* EVKAppDelegate.swift */,
				2E1BE4EC2953D64300008C52 /* LaunchScreen.xib */,
				2E1BE5392953D69A00008C52 /* Info.plist */,
				2E1BE4EA2953D64300008C52 /* iFeed.xcdatamodeld */,
				2E1BE4E92953D64300008C52 /* Colors.xcassets */,
				2E1BE4ED2953D64300008C52 /* Images.xcassets */,
			);
			name = Application;
			path = iFeed/Application;
			sourceTree = "<group>";
		};
		2E1BE4F42953D65500008C52 /* UI */ = {
			isa = PBXGroup;
			children = (
				2E1BE5042953D65500008C52 /* Base */,
				2E1BE4F52953D65500008C52 /* Cells */,
				2E1BE4F82953D65500008C52 /* Screens */,
			);
			name = UI;
			path = iFeed/UI;
			sourceTree = "<group>";
		};
		2E1BE4F52953D65500008C52 /* Cells */ = {
			isa = PBXGroup;
			children = (
				2E1BE4F72953D65500008C52 /* FeedCell.xib */,
				2E1BE4F62953D65500008C52 /* FeedCell.swift */,
			);
			path = Cells;
			sourceTree = "<group>";
		};
		2E1BE4F82953D65500008C52 /* Screens */ = {
			isa = PBXGroup;
			children = (
				2E1BE4FF2953D65500008C52 /* FeedList */,
				2E1BE4FB2953D65500008C52 /* FeedItemsList */,
				2E1BE4F92953D65500008C52 /* Browser */,
			);
			path = Screens;
			sourceTree = "<group>";
		};
		2E1BE4F92953D65500008C52 /* Browser */ = {
			isa = PBXGroup;
			children = (
				2E1BE4FA2953D65500008C52 /* EVKSafariViewController.swift */,
			);
			path = Browser;
			sourceTree = "<group>";
		};
		2E1BE4FB2953D65500008C52 /* FeedItemsList */ = {
			isa = PBXGroup;
			children = (
				2E1BE4FC2953D65500008C52 /* EVKFeedItemsView.swift */,
				2E1BE4FE2953D65500008C52 /* EVKFeedItemsTableProvider.swift */,
				2E1BE4FD2953D65500008C52 /* EVKFeedItemsViewController.swift */,
			);
			path = FeedItemsList;
			sourceTree = "<group>";
		};
		2E1BE4FF2953D65500008C52 /* FeedList */ = {
			isa = PBXGroup;
			children = (
				2E1BE5032953D65500008C52 /* EVKFeedListView.swift */,
				2E1BE5012953D65500008C52 /* EVKFeedListTableProvider.swift */,
				2E1BE5002953D65500008C52 /* EVKFeedListViewController.swift */,
				2E1BE5022953D65500008C52 /* EVKFeedListViewController+Search.swift */,
			);
			path = FeedList;
			sourceTree = "<group>";
		};
		2E1BE5042953D65500008C52 /* Base */ = {
			isa = PBXGroup;
			children = (
				2E1BE5062953D65500008C52 /* EVKBaseView.swift */,
				2E1BE5052953D65500008C52 /* EVKBaseViewController.swift */,
				2E1BE5482953FA6500008C52 /* EVKBaseViewController+Alert.swift */,
			);
			path = Base;
			sourceTree = "<group>";
		};
		2E1BE5132953D66200008C52 /* Data */ = {
			isa = PBXGroup;
			children = (
				2E1BE5142953D66200008C52 /* Models */,
				2E1BE5172953D66200008C52 /* Workers */,
			);
			name = Data;
			path = iFeed/Data;
			sourceTree = "<group>";
		};
		2E1BE5142953D66200008C52 /* Models */ = {
			isa = PBXGroup;
			children = (
				2E1BE5162953D66200008C52 /* Feed.swift */,
				2E1BE5152953D66200008C52 /* FeedItem.swift */,
			);
			path = Models;
			sourceTree = "<group>";
		};
		2E1BE5172953D66200008C52 /* Workers */ = {
			isa = PBXGroup;
			children = (
				2E1BE5212953D66200008C52 /* Base */,
				2E1BE5182953D66200008C52 /* Search */,
				2E1BE51A2953D66200008C52 /* Common */,
			);
			path = Workers;
			sourceTree = "<group>";
		};
		2E1BE5182953D66200008C52 /* Search */ = {
			isa = PBXGroup;
			children = (
				2E1BE5192953D66200008C52 /* Search.swift */,
			);
			path = Search;
			sourceTree = "<group>";
		};
		2E1BE51A2953D66200008C52 /* Common */ = {
			isa = PBXGroup;
			children = (
				2E1BE51B2953D66200008C52 /* EVKBrain.swift */,
				2E1BE51C2953D66200008C52 /* EVKAnalytics.swift */,
				2E1BE51D2953D66200008C52 /* EVKCoreDataManager.swift */,
				2E1BE51E2953D66200008C52 /* EVKCacher.swift */,
				2E1BE51F2953D66200008C52 /* EVKPresenter.swift */,
				2E1BE5202953D66200008C52 /* EVKParser.swift */,
			);
			path = Common;
			sourceTree = "<group>";
		};
		2E1BE5212953D66200008C52 /* Base */ = {
			isa = PBXGroup;
			children = (
				2E1BE5222953D66200008C52 /* EVKBaseTableProvider.swift */,
			);
			path = Base;
			sourceTree = "<group>";
		};
		2E1BE54A295401BE00008C52 /* Libs */ = {
			isa = PBXGroup;
			children = (
				2E1BE54B295401BE00008C52 /* SimpleSimilarity */,
			);
			name = Libs;
			path = iFeed/Libs;
			sourceTree = "<group>";
		};
		2E1BE54B295401BE00008C52 /* SimpleSimilarity */ = {
			isa = PBXGroup;
			children = (
				2E1BE54C295401BE00008C52 /* MatchingEngineAlgorithm.swift */,
				2E1BE54D295401BE00008C52 /* StringsForBagOfWords.swift */,
				2E1BE54E295401BE00008C52 /* IndexMatrix.swift */,
				2E1BE54F295401BE00008C52 /* MatchingEngine.swift */,
				2E1BE550295401BE00008C52 /* TextualDataImport.swift */,
			);
			path = SimpleSimilarity;
			sourceTree = "<group>";
		};
		DE763D0B1B7E841300C8B54A = {
			isa = PBXGroup;
			children = (
				DE763D161B7E841300C8B54A /* iFeed */,
				DE763D151B7E841300C8B54A /* Products */,
			);
			sourceTree = "<group>";
		};
		DE763D151B7E841300C8B54A /* Products */ = {
			isa = PBXGroup;
			children = (
				DE763D141B7E841300C8B54A /* iFeed.app */,
			);
			name = Products;
			sourceTree = "<group>";
		};
		DE763D161B7E841300C8B54A /* iFeed */ = {
			isa = PBXGroup;
			children = (
				2E1BE4E82953D64300008C52 /* Application */,
				2E1BE4F42953D65500008C52 /* UI */,
				2E1BE5132953D66200008C52 /* Data */,
				2E1BE54A295401BE00008C52 /* Libs */,
			);
			name = iFeed;
			path = ..;
			sourceTree = "<group>";
		};
/* End PBXGroup section */

/* Begin PBXNativeTarget section */
		DE763D131B7E841300C8B54A /* iFeed */ = {
			isa = PBXNativeTarget;
			buildConfigurationList = DE763D331B7E841300C8B54A /* Build configuration list for PBXNativeTarget "iFeed" */;
			buildPhases = (
				DE763D101B7E841300C8B54A /* Sources */,
				DE763D111B7E841300C8B54A /* Frameworks */,
				DE763D121B7E841300C8B54A /* Resources */,
				DE7752CB1BA7684900A82EFE /* Crashlytics */,
			);
			buildRules = (
			);
			dependencies = (
			);
			name = iFeed;
			packageProductDependencies = (
				2E88C9392953727B00E2A405 /* FeedKit */,
				2E88C93C295372FA00E2A405 /* FirebaseCrashlytics */,
			);
			productName = iFeed;
			productReference = DE763D141B7E841300C8B54A /* iFeed.app */;
			productType = "com.apple.product-type.application";
		};
/* End PBXNativeTarget section */

/* Begin PBXProject section */
		DE763D0C1B7E841300C8B54A /* Project object */ = {
			isa = PBXProject;
			attributes = {
				CLASSPREFIX = EVK;
				LastSwiftMigration = 0700;
				LastSwiftUpdateCheck = 0700;
				LastUpgradeCheck = 1330;
				ORGANIZATIONNAME = "Evgeny Karkan";
				TargetAttributes = {
					DE763D131B7E841300C8B54A = {
						CreatedOnToolsVersion = 6.4;
						DevelopmentTeam = 7VW32GE5L3;
						LastSwiftMigration = 0910;
						ProvisioningStyle = Manual;
					};
				};
			};
			buildConfigurationList = DE763D0F1B7E841300C8B54A /* Build configuration list for PBXProject "iFeed" */;
			compatibilityVersion = "Xcode 3.2";
			developmentRegion = en;
			hasScannedForEncodings = 0;
			knownRegions = (
				en,
				Base,
			);
			mainGroup = DE763D0B1B7E841300C8B54A;
			packageReferences = (
				2E88C9382953727B00E2A405 /* XCRemoteSwiftPackageReference "FeedKit" */,
				2E88C93B295372FA00E2A405 /* XCRemoteSwiftPackageReference "firebase-ios-sdk" */,
			);
			productRefGroup = DE763D151B7E841300C8B54A /* Products */;
			projectDirPath = "";
			projectRoot = "";
			targets = (
				DE763D131B7E841300C8B54A /* iFeed */,
			);
		};
/* End PBXProject section */

/* Begin PBXResourcesBuildPhase section */
		DE763D121B7E841300C8B54A /* Resources */ = {
			isa = PBXResourcesBuildPhase;
			buildActionMask = 2147483647;
			files = (
				2E1BE4EF2953D64300008C52 /* Colors.xcassets in Resources */,
				2E1BE4F22953D64300008C52 /* Images.xcassets in Resources */,
				2E1BE4F12953D64300008C52 /* LaunchScreen.xib in Resources */,
				2E1BE5082953D65500008C52 /* FeedCell.xib in Resources */,
			);
			runOnlyForDeploymentPostprocessing = 0;
		};
/* End PBXResourcesBuildPhase section */

/* Begin PBXShellScriptBuildPhase section */
		DE7752CB1BA7684900A82EFE /* Crashlytics */ = {
			isa = PBXShellScriptBuildPhase;
			buildActionMask = 2147483647;
			files = (
			);
			inputPaths = (
			);
			name = Crashlytics;
			outputPaths = (
			);
			runOnlyForDeploymentPostprocessing = 0;
			shellPath = /bin/sh;
			shellScript = "if [ \"$CONFIGURATION\" == \"Release\" ]; then\n../Libs/Crashlytics.framework/run 4760756e56b00e661fdfca38443023c06fd79797 2a108c89744d2e3d74bec86ddbea4b924ecf0289c3ff3c6ca0ca5f4e759471ee\nfi\n";
		};
/* End PBXShellScriptBuildPhase section */

/* Begin PBXSourcesBuildPhase section */
		DE763D101B7E841300C8B54A /* Sources */ = {
			isa = PBXSourcesBuildPhase;
			buildActionMask = 2147483647;
			files = (
				2E1BE554295401BE00008C52 /* MatchingEngine.swift in Sources */,
				2E1BE5242953D66200008C52 /* Feed.swift in Sources */,
				2E1BE5292953D66200008C52 /* EVKCacher.swift in Sources */,
				2E1BE5092953D65500008C52 /* EVKSafariViewController.swift in Sources */,
				2E1BE5232953D66200008C52 /* FeedItem.swift in Sources */,
				2E1BE5072953D65500008C52 /* FeedCell.swift in Sources */,
				2E1BE50F2953D65500008C52 /* EVKFeedListViewController+Search.swift in Sources */,
				2E1BE50E2953D65500008C52 /* EVKFeedListTableProvider.swift in Sources */,
				2E1BE5272953D66200008C52 /* EVKAnalytics.swift in Sources */,
				2E1BE552295401BE00008C52 /* StringsForBagOfWords.swift in Sources */,
				2E1BE50B2953D65500008C52 /* EVKFeedItemsViewController.swift in Sources */,
				2E1BE5252953D66200008C52 /* Search.swift in Sources */,
				2E1BE50C2953D65500008C52 /* EVKFeedItemsTableProvider.swift in Sources */,
				2E1BE52C2953D66200008C52 /* EVKBaseTableProvider.swift in Sources */,
				2E1BE5112953D65500008C52 /* EVKBaseViewController.swift in Sources */,
				2E1BE4F32953D64300008C52 /* EVKAppDelegate.swift in Sources */,
				2E1BE5122953D65500008C52 /* EVKBaseView.swift in Sources */,
				2E1BE52A2953D66200008C52 /* EVKPresenter.swift in Sources */,
				2E1BE5492953FA6500008C52 /* EVKBaseViewController+Alert.swift in Sources */,
				2E1BE4F02953D64300008C52 /* iFeed.xcdatamodeld in Sources */,
				2E1BE5102953D65500008C52 /* EVKFeedListView.swift in Sources */,
				2E1BE555295401BE00008C52 /* TextualDataImport.swift in Sources */,
				2E1BE551295401BE00008C52 /* MatchingEngineAlgorithm.swift in Sources */,
				2E1BE52B2953D66200008C52 /* EVKParser.swift in Sources */,
				2E1BE50D2953D65500008C52 /* EVKFeedListViewController.swift in Sources */,
				2E1BE5282953D66200008C52 /* EVKCoreDataManager.swift in Sources */,
				2E1BE553295401BE00008C52 /* IndexMatrix.swift in Sources */,
				2E1BE5262953D66200008C52 /* EVKBrain.swift in Sources */,
				2E1BE50A2953D65500008C52 /* EVKFeedItemsView.swift in Sources */,
			);
			runOnlyForDeploymentPostprocessing = 0;
		};
/* End PBXSourcesBuildPhase section */

/* Begin XCBuildConfiguration section */
		DE0799B92249888900A6BB21 /* AdHoc */ = {
			isa = XCBuildConfiguration;
			buildSettings = {
				ALWAYS_SEARCH_USER_PATHS = NO;
				CLANG_ANALYZER_LOCALIZABILITY_NONLOCALIZED = YES;
				CLANG_CXX_LANGUAGE_STANDARD = "gnu++0x";
				CLANG_CXX_LIBRARY = "libc++";
				CLANG_ENABLE_MODULES = YES;
				CLANG_ENABLE_OBJC_ARC = YES;
				CLANG_WARN_BLOCK_CAPTURE_AUTORELEASING = YES;
				CLANG_WARN_BOOL_CONVERSION = YES;
				CLANG_WARN_COMMA = YES;
				CLANG_WARN_CONSTANT_CONVERSION = YES;
				CLANG_WARN_DEPRECATED_OBJC_IMPLEMENTATIONS = YES;
				CLANG_WARN_DIRECT_OBJC_ISA_USAGE = YES_ERROR;
				CLANG_WARN_EMPTY_BODY = YES;
				CLANG_WARN_ENUM_CONVERSION = YES;
				CLANG_WARN_INFINITE_RECURSION = YES;
				CLANG_WARN_INT_CONVERSION = YES;
				CLANG_WARN_NON_LITERAL_NULL_CONVERSION = YES;
				CLANG_WARN_OBJC_IMPLICIT_RETAIN_SELF = YES;
				CLANG_WARN_OBJC_LITERAL_CONVERSION = YES;
				CLANG_WARN_OBJC_ROOT_CLASS = YES_ERROR;
				CLANG_WARN_QUOTED_INCLUDE_IN_FRAMEWORK_HEADER = YES;
				CLANG_WARN_RANGE_LOOP_ANALYSIS = YES;
				CLANG_WARN_STRICT_PROTOTYPES = YES;
				CLANG_WARN_SUSPICIOUS_MOVE = YES;
				CLANG_WARN_UNREACHABLE_CODE = YES;
				CLANG_WARN__DUPLICATE_METHOD_MATCH = YES;
				CODE_SIGN_IDENTITY = "iPhone Distribution: Yevgeniy Karkan (7VW32GE5L3)";
				"CODE_SIGN_IDENTITY[sdk=iphoneos*]" = "iPhone Distribution: Yevgeniy Karkan (7VW32GE5L3)";
				COPY_PHASE_STRIP = NO;
				DEBUG_INFORMATION_FORMAT = "dwarf-with-dsym";
				ENABLE_NS_ASSERTIONS = NO;
				ENABLE_STRICT_OBJC_MSGSEND = YES;
				FRAMEWORK_SEARCH_PATHS = "";
				GCC_C_LANGUAGE_STANDARD = gnu99;
				GCC_NO_COMMON_BLOCKS = YES;
				GCC_WARN_64_TO_32_BIT_CONVERSION = YES;
				GCC_WARN_ABOUT_RETURN_TYPE = YES_ERROR;
				GCC_WARN_UNDECLARED_SELECTOR = YES;
				GCC_WARN_UNINITIALIZED_AUTOS = YES_AGGRESSIVE;
				GCC_WARN_UNUSED_FUNCTION = YES;
				GCC_WARN_UNUSED_VARIABLE = YES;
				IPHONEOS_DEPLOYMENT_TARGET = 15.0;
				MTL_ENABLE_DEBUG_INFO = NO;
				PROVISIONING_PROFILE = "4e38995a-0ebf-4096-b8a1-fb3dcdaea6f8";
				SDKROOT = iphoneos;
				SWIFT_COMPILATION_MODE = wholemodule;
				SWIFT_OPTIMIZATION_LEVEL = "-O";
				TARGETED_DEVICE_FAMILY = "1,2";
				VALIDATE_PRODUCT = YES;
			};
			name = AdHoc;
		};
		DE0799BA2249888900A6BB21 /* AdHoc */ = {
			isa = XCBuildConfiguration;
			buildSettings = {
				ASSETCATALOG_COMPILER_APPICON_NAME = AppIcon;
				CLANG_ENABLE_MODULES = YES;
				CODE_SIGN_IDENTITY = "iPhone Distribution";
				"CODE_SIGN_IDENTITY[sdk=iphoneos*]" = "iPhone Distribution";
				CODE_SIGN_STYLE = Manual;
				DEVELOPMENT_TEAM = 7VW32GE5L3;
				ENABLE_BITCODE = NO;
				FRAMEWORK_SEARCH_PATHS = "$(inherited)";
				GCC_PREPROCESSOR_DEFINITIONS = __RELEASE__;
				HEADER_SEARCH_PATHS = (
					"$(inherited)",
					/Applications/Xcode.app/Contents/Developer/Toolchains/XcodeDefault.xctoolchain/usr/include,
					"$(SRCROOT)",
				);
				INFOPLIST_FILE = Application/Info.plist;
				IPHONEOS_DEPLOYMENT_TARGET = 15.0;
				LD_RUNPATH_SEARCH_PATHS = (
					"$(inherited)",
					"@executable_path/Frameworks",
				);
				OTHER_SWIFT_FLAGS = "-D __RELEASE__";
				PRODUCT_BUNDLE_IDENTIFIER = "com.EvgenyKarkan.$(PRODUCT_NAME:rfc1034identifier)";
				PRODUCT_NAME = "$(TARGET_NAME)";
				PROVISIONING_PROFILE = "";
				PROVISIONING_PROFILE_SPECIFIER = Feeds4U_ADHOC;
				SWIFT_OBJC_BRIDGING_HEADER = "";
				SWIFT_SWIFT3_OBJC_INFERENCE = Default;
				SWIFT_VERSION = 5.0;
				TVOS_DEPLOYMENT_TARGET = 12.0;
			};
			name = AdHoc;
		};
		DE763D311B7E841300C8B54A /* Debug */ = {
			isa = XCBuildConfiguration;
			buildSettings = {
				ALWAYS_SEARCH_USER_PATHS = NO;
				CLANG_ANALYZER_LOCALIZABILITY_NONLOCALIZED = YES;
				CLANG_CXX_LANGUAGE_STANDARD = "gnu++0x";
				CLANG_CXX_LIBRARY = "libc++";
				CLANG_ENABLE_MODULES = YES;
				CLANG_ENABLE_OBJC_ARC = YES;
				CLANG_WARN_BLOCK_CAPTURE_AUTORELEASING = YES;
				CLANG_WARN_BOOL_CONVERSION = YES;
				CLANG_WARN_COMMA = YES;
				CLANG_WARN_CONSTANT_CONVERSION = YES;
				CLANG_WARN_DEPRECATED_OBJC_IMPLEMENTATIONS = YES;
				CLANG_WARN_DIRECT_OBJC_ISA_USAGE = YES_ERROR;
				CLANG_WARN_EMPTY_BODY = YES;
				CLANG_WARN_ENUM_CONVERSION = YES;
				CLANG_WARN_INFINITE_RECURSION = YES;
				CLANG_WARN_INT_CONVERSION = YES;
				CLANG_WARN_NON_LITERAL_NULL_CONVERSION = YES;
				CLANG_WARN_OBJC_IMPLICIT_RETAIN_SELF = YES;
				CLANG_WARN_OBJC_LITERAL_CONVERSION = YES;
				CLANG_WARN_OBJC_ROOT_CLASS = YES_ERROR;
				CLANG_WARN_QUOTED_INCLUDE_IN_FRAMEWORK_HEADER = YES;
				CLANG_WARN_RANGE_LOOP_ANALYSIS = YES;
				CLANG_WARN_STRICT_PROTOTYPES = YES;
				CLANG_WARN_SUSPICIOUS_MOVE = YES;
				CLANG_WARN_UNREACHABLE_CODE = YES;
				CLANG_WARN__DUPLICATE_METHOD_MATCH = YES;
				CODE_SIGN_IDENTITY = "iPhone Developer: Yevgeniy Karkan (3YZNAVUC8R)";
				"CODE_SIGN_IDENTITY[sdk=iphoneos*]" = "iPhone Developer: Yevgeniy Karkan (3YZNAVUC8R)";
				COPY_PHASE_STRIP = NO;
				DEBUG_INFORMATION_FORMAT = "dwarf-with-dsym";
				ENABLE_STRICT_OBJC_MSGSEND = YES;
				ENABLE_TESTABILITY = YES;
				FRAMEWORK_SEARCH_PATHS = "";
				GCC_C_LANGUAGE_STANDARD = gnu99;
				GCC_DYNAMIC_NO_PIC = NO;
				GCC_NO_COMMON_BLOCKS = YES;
				GCC_OPTIMIZATION_LEVEL = 0;
				GCC_PREPROCESSOR_DEFINITIONS = (
					"DEBUG=1",
					"$(inherited)",
				);
				GCC_SYMBOLS_PRIVATE_EXTERN = NO;
				GCC_WARN_64_TO_32_BIT_CONVERSION = YES;
				GCC_WARN_ABOUT_RETURN_TYPE = YES_ERROR;
				GCC_WARN_UNDECLARED_SELECTOR = YES;
				GCC_WARN_UNINITIALIZED_AUTOS = YES_AGGRESSIVE;
				GCC_WARN_UNUSED_FUNCTION = YES;
				GCC_WARN_UNUSED_VARIABLE = YES;
				IPHONEOS_DEPLOYMENT_TARGET = 15.0;
				MTL_ENABLE_DEBUG_INFO = YES;
				ONLY_ACTIVE_ARCH = YES;
				PROVISIONING_PROFILE = "7b35ab6e-d369-4c7c-8f20-1591392be633";
				SDKROOT = iphoneos;
				SWIFT_OPTIMIZATION_LEVEL = "-Onone";
				TARGETED_DEVICE_FAMILY = "1,2";
			};
			name = Debug;
		};
		DE763D321B7E841300C8B54A /* Release */ = {
			isa = XCBuildConfiguration;
			buildSettings = {
				ALWAYS_SEARCH_USER_PATHS = NO;
				CLANG_ANALYZER_LOCALIZABILITY_NONLOCALIZED = YES;
				CLANG_CXX_LANGUAGE_STANDARD = "gnu++0x";
				CLANG_CXX_LIBRARY = "libc++";
				CLANG_ENABLE_MODULES = YES;
				CLANG_ENABLE_OBJC_ARC = YES;
				CLANG_WARN_BLOCK_CAPTURE_AUTORELEASING = YES;
				CLANG_WARN_BOOL_CONVERSION = YES;
				CLANG_WARN_COMMA = YES;
				CLANG_WARN_CONSTANT_CONVERSION = YES;
				CLANG_WARN_DEPRECATED_OBJC_IMPLEMENTATIONS = YES;
				CLANG_WARN_DIRECT_OBJC_ISA_USAGE = YES_ERROR;
				CLANG_WARN_EMPTY_BODY = YES;
				CLANG_WARN_ENUM_CONVERSION = YES;
				CLANG_WARN_INFINITE_RECURSION = YES;
				CLANG_WARN_INT_CONVERSION = YES;
				CLANG_WARN_NON_LITERAL_NULL_CONVERSION = YES;
				CLANG_WARN_OBJC_IMPLICIT_RETAIN_SELF = YES;
				CLANG_WARN_OBJC_LITERAL_CONVERSION = YES;
				CLANG_WARN_OBJC_ROOT_CLASS = YES_ERROR;
				CLANG_WARN_QUOTED_INCLUDE_IN_FRAMEWORK_HEADER = YES;
				CLANG_WARN_RANGE_LOOP_ANALYSIS = YES;
				CLANG_WARN_STRICT_PROTOTYPES = YES;
				CLANG_WARN_SUSPICIOUS_MOVE = YES;
				CLANG_WARN_UNREACHABLE_CODE = YES;
				CLANG_WARN__DUPLICATE_METHOD_MATCH = YES;
				CODE_SIGN_IDENTITY = "iPhone Distribution: Yevgeniy Karkan (7VW32GE5L3)";
				"CODE_SIGN_IDENTITY[sdk=iphoneos*]" = "iPhone Distribution: Yevgeniy Karkan (7VW32GE5L3)";
				COPY_PHASE_STRIP = NO;
				DEBUG_INFORMATION_FORMAT = "dwarf-with-dsym";
				ENABLE_NS_ASSERTIONS = NO;
				ENABLE_STRICT_OBJC_MSGSEND = YES;
				FRAMEWORK_SEARCH_PATHS = "";
				GCC_C_LANGUAGE_STANDARD = gnu99;
				GCC_NO_COMMON_BLOCKS = YES;
				GCC_WARN_64_TO_32_BIT_CONVERSION = YES;
				GCC_WARN_ABOUT_RETURN_TYPE = YES_ERROR;
				GCC_WARN_UNDECLARED_SELECTOR = YES;
				GCC_WARN_UNINITIALIZED_AUTOS = YES_AGGRESSIVE;
				GCC_WARN_UNUSED_FUNCTION = YES;
				GCC_WARN_UNUSED_VARIABLE = YES;
				IPHONEOS_DEPLOYMENT_TARGET = 15.0;
				MTL_ENABLE_DEBUG_INFO = NO;
				PROVISIONING_PROFILE = "4e38995a-0ebf-4096-b8a1-fb3dcdaea6f8";
				SDKROOT = iphoneos;
				SWIFT_COMPILATION_MODE = wholemodule;
				SWIFT_OPTIMIZATION_LEVEL = "-O";
				TARGETED_DEVICE_FAMILY = "1,2";
				VALIDATE_PRODUCT = YES;
			};
			name = Release;
		};
		DE763D341B7E841300C8B54A /* Debug */ = {
			isa = XCBuildConfiguration;
			buildSettings = {
				ASSETCATALOG_COMPILER_APPICON_NAME = AppIcon;
				CLANG_ENABLE_MODULES = YES;
				CODE_SIGN_IDENTITY = "";
				"CODE_SIGN_IDENTITY[sdk=iphoneos*]" = "iPhone Developer";
				CODE_SIGN_STYLE = Manual;
				DEBUG_INFORMATION_FORMAT = dwarf;
				DEVELOPMENT_TEAM = 7VW32GE5L3;
				ENABLE_BITCODE = NO;
				FRAMEWORK_SEARCH_PATHS = "$(inherited)";
				GCC_PREPROCESSOR_DEFINITIONS = (
					"DEBUG=1",
					__DEBUG__,
				);
				HEADER_SEARCH_PATHS = (
					"$(inherited)",
					/Applications/Xcode.app/Contents/Developer/Toolchains/XcodeDefault.xctoolchain/usr/include,
					"$(SRCROOT)",
				);
				INFOPLIST_FILE = Application/Info.plist;
				IPHONEOS_DEPLOYMENT_TARGET = 15.0;
				LD_RUNPATH_SEARCH_PATHS = (
					"$(inherited)",
					"@executable_path/Frameworks",
				);
				OTHER_SWIFT_FLAGS = "-D __DEBUG__";
				PRODUCT_BUNDLE_IDENTIFIER = "com.EvgenyKarkan.$(PRODUCT_NAME:rfc1034identifier)";
				PRODUCT_NAME = "$(TARGET_NAME)";
				PROVISIONING_PROFILE = "";
				PROVISIONING_PROFILE_SPECIFIER = Feeds4U_DEV;
				SWIFT_OBJC_BRIDGING_HEADER = "";
				SWIFT_OPTIMIZATION_LEVEL = "-Onone";
				SWIFT_SWIFT3_OBJC_INFERENCE = Default;
				SWIFT_VERSION = 5.0;
				TVOS_DEPLOYMENT_TARGET = 12.0;
			};
			name = Debug;
		};
		DE763D351B7E841300C8B54A /* Release */ = {
			isa = XCBuildConfiguration;
			buildSettings = {
				ASSETCATALOG_COMPILER_APPICON_NAME = AppIcon;
				CLANG_ENABLE_MODULES = YES;
				CODE_SIGN_IDENTITY = "";
				"CODE_SIGN_IDENTITY[sdk=iphoneos*]" = "iPhone Distribution";
				CODE_SIGN_STYLE = Manual;
				DEVELOPMENT_TEAM = "";
				ENABLE_BITCODE = NO;
				FRAMEWORK_SEARCH_PATHS = "$(inherited)";
				GCC_PREPROCESSOR_DEFINITIONS = __RELEASE__;
				HEADER_SEARCH_PATHS = (
					"$(inherited)",
					/Applications/Xcode.app/Contents/Developer/Toolchains/XcodeDefault.xctoolchain/usr/include,
					"$(SRCROOT)",
				);
				INFOPLIST_FILE = Application/Info.plist;
				IPHONEOS_DEPLOYMENT_TARGET = 15.0;
				LD_RUNPATH_SEARCH_PATHS = (
					"$(inherited)",
					"@executable_path/Frameworks",
				);
				OTHER_SWIFT_FLAGS = "-D __RELEASE__";
				PRODUCT_BUNDLE_IDENTIFIER = "com.EvgenyKarkan.$(PRODUCT_NAME:rfc1034identifier)";
				PRODUCT_NAME = "$(TARGET_NAME)";
				PROVISIONING_PROFILE = "";
				PROVISIONING_PROFILE_SPECIFIER = "";
				SWIFT_OBJC_BRIDGING_HEADER = "";
				SWIFT_SWIFT3_OBJC_INFERENCE = Default;
				SWIFT_VERSION = 5.0;
				TVOS_DEPLOYMENT_TARGET = 12.0;
			};
			name = Release;
		};
/* End XCBuildConfiguration section */

/* Begin XCConfigurationList section */
		DE763D0F1B7E841300C8B54A /* Build configuration list for PBXProject "iFeed" */ = {
			isa = XCConfigurationList;
			buildConfigurations = (
				DE763D311B7E841300C8B54A /* Debug */,
				DE763D321B7E841300C8B54A /* Release */,
				DE0799B92249888900A6BB21 /* AdHoc */,
			);
			defaultConfigurationIsVisible = 0;
			defaultConfigurationName = Release;
		};
		DE763D331B7E841300C8B54A /* Build configuration list for PBXNativeTarget "iFeed" */ = {
			isa = XCConfigurationList;
			buildConfigurations = (
				DE763D341B7E841300C8B54A /* Debug */,
				DE763D351B7E841300C8B54A /* Release */,
				DE0799BA2249888900A6BB21 /* AdHoc */,
			);
			defaultConfigurationIsVisible = 0;
			defaultConfigurationName = Release;
		};
/* End XCConfigurationList section */

/* Begin XCRemoteSwiftPackageReference section */
		2E88C9382953727B00E2A405 /* XCRemoteSwiftPackageReference "FeedKit" */ = {
			isa = XCRemoteSwiftPackageReference;
			repositoryURL = "https://github.com/nmdias/FeedKit";
			requirement = {
				kind = upToNextMajorVersion;
				minimumVersion = 9.0.0;
			};
		};
		2E88C93B295372FA00E2A405 /* XCRemoteSwiftPackageReference "firebase-ios-sdk" */ = {
			isa = XCRemoteSwiftPackageReference;
			repositoryURL = "https://github.com/firebase/firebase-ios-sdk";
			requirement = {
				kind = upToNextMajorVersion;
				minimumVersion = 9.0.0;
			};
		};
/* End XCRemoteSwiftPackageReference section */

/* Begin XCSwiftPackageProductDependency section */
		2E88C9392953727B00E2A405 /* FeedKit */ = {
			isa = XCSwiftPackageProductDependency;
			package = 2E88C9382953727B00E2A405 /* XCRemoteSwiftPackageReference "FeedKit" */;
			productName = FeedKit;
		};
		2E88C93C295372FA00E2A405 /* FirebaseCrashlytics */ = {
			isa = XCSwiftPackageProductDependency;
			package = 2E88C93B295372FA00E2A405 /* XCRemoteSwiftPackageReference "firebase-ios-sdk" */;
			productName = FirebaseCrashlytics;
		};
/* End XCSwiftPackageProductDependency section */

/* Begin XCVersionGroup section */
		2E1BE4EA2953D64300008C52 /* iFeed.xcdatamodeld */ = {
			isa = XCVersionGroup;
			children = (
				2E1BE4EB2953D64300008C52 /* iFeed.xcdatamodel */,
			);
			currentVersion = 2E1BE4EB2953D64300008C52 /* iFeed.xcdatamodel */;
			path = iFeed.xcdatamodeld;
			sourceTree = "<group>";
			versionGroupType = wrapper.xcdatamodel;
		};
/* End XCVersionGroup section */
	};
	rootObject = DE763D0C1B7E841300C8B54A /* Project object */;
}
