{
  "originHash" : "db4fb12ebd4e0e559543e05b3ea710cb9dceef60ba3fb1463ad0d7180df61b2f",
  "pins" : [
    {
      "identity" : "feedkit",
      "kind" : "remoteSourceControl",
      "location" : "https://github.com/nmdias/FeedKit",
      "state" : {
        "revision" : "68493a33d862c33c9a9f67ec729b3b7df1b20ade",
        "version" : "9.1.2"
      }
    },
    {
      "identity" : "kractivityindicatorview",
      "kind" : "remoteSourceControl",
      "location" : "https://github.com/krimpedance/KRActivityIndicatorView.git",
      "state" : {
        "revision" : "925de8a9c15d9d7c2ca746dbe198549241b8b2b2",
        "version" : "3.0.8"
      }
    },
    {
      "identity" : "krprogresshud",
      "kind" : "remoteSourceControl",
      "location" : "https://github.com/krimpedance/KRProgressHUD",
      "state" : {
        "revision" : "265142816d8f8ea93840accaf4ac7c49998e77c2",
        "version" : "3.4.7"
      }
    },
    {
      "identity" : "mockable",
      "kind" : "remoteSourceControl",
      "location" : "https://github.com/Kolos65/Mockable.git",
      "state" : {
        "revision" : "bd20509c34ca3205003677747ad8dcb70d18b7ca",
        "version" : "0.6.2"
      }
    },
    {
      "identity" : "ohhttpstubs",
      "kind" : "remoteSourceControl",
      "location" : "https://github.com/AliSoftware/OHHTTPStubs",
      "state" : {
        "revision" : "12f19662426d0434d6c330c6974d53e2eb10ecd9",
        "version" : "9.1.0"
      }
    },
    {
      "identity" : "simplesimilarity",
      "kind" : "remoteSourceControl",
      "location" : "https://github.com/EvgenyKarkan/SimpleSimilarity",
      "state" : {
        "revision" : "b622abfa872c7861e8ac95b436c67d8716349c0c",
        "version" : "1.0.1"
      }
    },
    {
      "identity" : "swift-syntax",
      "kind" : "remoteSourceControl",
      "location" : "https://github.com/swiftlang/swift-syntax.git",
      "state" : {
        "revision" : "4799286537280063c85a32f09884cfbca301b1a1",
        "version" : "602.0.0"
      }
    },
    {
      "identity" : "xctest-dynamic-overlay",
      "kind" : "remoteSourceControl",
      "location" : "https://github.com/pointfreeco/xctest-dynamic-overlay",
      "state" : {
        "revision" : "dfd70507def84cb5fb821278448a262c6ff2bbad",
        "version" : "1.9.0"
      }
    }
  ],
  "version" : 3
}
