// !$*UTF8*$!
{
	archiveVersion = 1;
	classes = {
	};
	objectVersion = 46;
	objects = {

/* Begin PBXBuildFile section */
		DE763D1A1B7E841300C8B54A /* EVKAppDelegate.swift in Sources */ = {isa = PBXBuildFile; fileRef = DE763D191B7E841300C8B54A /* EVKAppDelegate.swift */; };
		DE763D211B7E841300C8B54A /* Images.xcassets in Resources */ = {isa = PBXBuildFile; fileRef = DE763D201B7E841300C8B54A /* Images.xcassets */; };
		DE763D241B7E841300C8B54A /* LaunchScreen.xib in Resources */ = {isa = PBXBuildFile; fileRef = DE763D221B7E841300C8B54A /* LaunchScreen.xib */; };
		DE763D301B7E841300C8B54A /* iFeedTests.swift in Sources */ = {isa = PBXBuildFile; fileRef = DE763D2F1B7E841300C8B54A /* iFeedTests.swift */; };
		DE763D3A1B7E88B300C8B54A /* EVKFeedListViewController.swift in Sources */ = {isa = PBXBuildFile; fileRef = DE763D391B7E88B300C8B54A /* EVKFeedListViewController.swift */; };
		DE763D3C1B7E8EC700C8B54A /* EVKFeedListView.swift in Sources */ = {isa = PBXBuildFile; fileRef = DE763D3B1B7E8EC700C8B54A /* EVKFeedListView.swift */; };
		DE763D3F1B7F22A000C8B54A /* EVKFeedItemsView.swift in Sources */ = {isa = PBXBuildFile; fileRef = DE763D3E1B7F22A000C8B54A /* EVKFeedItemsView.swift */; };
/* End PBXBuildFile section */

/* Begin PBXContainerItemProxy section */
		DE763D2A1B7E841300C8B54A /* PBXContainerItemProxy */ = {
			isa = PBXContainerItemProxy;
			containerPortal = DE763D0C1B7E841300C8B54A /* Project object */;
			proxyType = 1;
			remoteGlobalIDString = DE763D131B7E841300C8B54A;
			remoteInfo = iFeed;
		};
/* End PBXContainerItemProxy section */

/* Begin PBXFileReference section */
		DE763D141B7E841300C8B54A /* iFeed.app */ = {isa = PBXFileReference; explicitFileType = wrapper.application; includeInIndex = 0; path = iFeed.app; sourceTree = BUILT_PRODUCTS_DIR; };
		DE763D181B7E841300C8B54A /* Info.plist */ = {isa = PBXFileReference; lastKnownFileType = text.plist.xml; path = Info.plist; sourceTree = "<group>"; };
		DE763D191B7E841300C8B54A /* EVKAppDelegate.swift */ = {isa = PBXFileReference; lastKnownFileType = sourcecode.swift; path = EVKAppDelegate.swift; sourceTree = "<group>"; };
		DE763D201B7E841300C8B54A /* Images.xcassets */ = {isa = PBXFileReference; lastKnownFileType = folder.assetcatalog; path = Images.xcassets; sourceTree = "<group>"; };
		DE763D231B7E841300C8B54A /* Base */ = {isa = PBXFileReference; lastKnownFileType = file.xib; name = Base; path = Base.lproj/LaunchScreen.xib; sourceTree = "<group>"; };
		DE763D291B7E841300C8B54A /* iFeedTests.xctest */ = {isa = PBXFileReference; explicitFileType = wrapper.cfbundle; includeInIndex = 0; path = iFeedTests.xctest; sourceTree = BUILT_PRODUCTS_DIR; };
		DE763D2E1B7E841300C8B54A /* Info.plist */ = {isa = PBXFileReference; lastKnownFileType = text.plist.xml; path = Info.plist; sourceTree = "<group>"; };
		DE763D2F1B7E841300C8B54A /* iFeedTests.swift */ = {isa = PBXFileReference; lastKnownFileType = sourcecode.swift; path = iFeedTests.swift; sourceTree = "<group>"; };
		DE763D391B7E88B300C8B54A /* EVKFeedListViewController.swift */ = {isa = PBXFileReference; fileEncoding = 4; lastKnownFileType = sourcecode.swift; path = EVKFeedListViewController.swift; sourceTree = "<group>"; };
		DE763D3B1B7E8EC700C8B54A /* EVKFeedListView.swift */ = {isa = PBXFileReference; fileEncoding = 4; lastKnownFileType = sourcecode.swift; name = EVKFeedListView.swift; path = ../EVKFeedListView.swift; sourceTree = "<group>"; };
		DE763D3E1B7F22A000C8B54A /* EVKFeedItemsView.swift */ = {isa = PBXFileReference; fileEncoding = 4; lastKnownFileType = sourcecode.swift; path = EVKFeedItemsView.swift; sourceTree = "<group>"; };
/* End PBXFileReference section */

/* Begin PBXFrameworksBuildPhase section */
		DE763D111B7E841300C8B54A /* Frameworks */ = {
			isa = PBXFrameworksBuildPhase;
			buildActionMask = 2147483647;
			files = (
			);
			runOnlyForDeploymentPostprocessing = 0;
		};
		DE763D261B7E841300C8B54A /* Frameworks */ = {
			isa = PBXFrameworksBuildPhase;
			buildActionMask = 2147483647;
			files = (
			);
			runOnlyForDeploymentPostprocessing = 0;
		};
/* End PBXFrameworksBuildPhase section */

/* Begin PBXGroup section */
		DE763D0B1B7E841300C8B54A = {
			isa = PBXGroup;
			children = (
				DE763D161B7E841300C8B54A /* iFeed */,
				DE763D2C1B7E841300C8B54A /* iFeedTests */,
				DE763D151B7E841300C8B54A /* Products */,
			);
			sourceTree = "<group>";
		};
		DE763D151B7E841300C8B54A /* Products */ = {
			isa = PBXGroup;
			children = (
				DE763D141B7E841300C8B54A /* iFeed.app */,
				DE763D291B7E841300C8B54A /* iFeedTests.xctest */,
			);
			name = Products;
			sourceTree = "<group>";
		};
		DE763D161B7E841300C8B54A /* iFeed */ = {
			isa = PBXGroup;
			children = (
				DE763D3D1B7E9C2C00C8B54A /* UI */,
				DE763D191B7E841300C8B54A /* EVKAppDelegate.swift */,
				DE763D201B7E841300C8B54A /* Images.xcassets */,
				DE763D221B7E841300C8B54A /* LaunchScreen.xib */,
				DE763D171B7E841300C8B54A /* Supporting Files */,
			);
			path = iFeed;
			sourceTree = "<group>";
		};
		DE763D171B7E841300C8B54A /* Supporting Files */ = {
			isa = PBXGroup;
			children = (
				DE763D181B7E841300C8B54A /* Info.plist */,
			);
			name = "Supporting Files";
			sourceTree = "<group>";
		};
		DE763D2C1B7E841300C8B54A /* iFeedTests */ = {
			isa = PBXGroup;
			children = (
				DE763D2F1B7E841300C8B54A /* iFeedTests.swift */,
				DE763D2D1B7E841300C8B54A /* Supporting Files */,
			);
			path = iFeedTests;
			sourceTree = "<group>";
		};
		DE763D2D1B7E841300C8B54A /* Supporting Files */ = {
			isa = PBXGroup;
			children = (
				DE763D2E1B7E841300C8B54A /* Info.plist */,
			);
			name = "Supporting Files";
			sourceTree = "<group>";
		};
		DE763D3D1B7E9C2C00C8B54A /* UI */ = {
			isa = PBXGroup;
			children = (
				DE763D3B1B7E8EC700C8B54A /* EVKFeedListView.swift */,
				DE763D391B7E88B300C8B54A /* EVKFeedListViewController.swift */,
				DE763D3E1B7F22A000C8B54A /* EVKFeedItemsView.swift */,
			);
			name = UI;
			sourceTree = "<group>";
		};
/* End PBXGroup section */

/* Begin PBXNativeTarget section */
		DE763D131B7E841300C8B54A /* iFeed */ = {
			isa = PBXNativeTarget;
			buildConfigurationList = DE763D331B7E841300C8B54A /* Build configuration list for PBXNativeTarget "iFeed" */;
			buildPhases = (
				DE763D101B7E841300C8B54A /* Sources */,
				DE763D111B7E841300C8B54A /* Frameworks */,
				DE763D121B7E841300C8B54A /* Resources */,
			);
			buildRules = (
			);
			dependencies = (
			);
			name = iFeed;
			productName = iFeed;
			productReference = DE763D141B7E841300C8B54A /* iFeed.app */;
			productType = "com.apple.product-type.application";
		};
		DE763D281B7E841300C8B54A /* iFeedTests */ = {
			isa = PBXNativeTarget;
			buildConfigurationList = DE763D361B7E841300C8B54A /* Build configuration list for PBXNativeTarget "iFeedTests" */;
			buildPhases = (
				DE763D251B7E841300C8B54A /* Sources */,
				DE763D261B7E841300C8B54A /* Frameworks */,
				DE763D271B7E841300C8B54A /* Resources */,
			);
			buildRules = (
			);
			dependencies = (
				DE763D2B1B7E841300C8B54A /* PBXTargetDependency */,
			);
			name = iFeedTests;
			productName = iFeedTests;
			productReference = DE763D291B7E841300C8B54A /* iFeedTests.xctest */;
			productType = "com.apple.product-type.bundle.unit-test";
		};
/* End PBXNativeTarget section */

/* Begin PBXProject section */
		DE763D0C1B7E841300C8B54A /* Project object */ = {
			isa = PBXProject;
			attributes = {
				CLASSPREFIX = EVK;
				LastUpgradeCheck = 0640;
				ORGANIZATIONNAME = "Evgeny Karkan";
				TargetAttributes = {
					DE763D131B7E841300C8B54A = {
						CreatedOnToolsVersion = 6.4;
					};
					DE763D281B7E841300C8B54A = {
						CreatedOnToolsVersion = 6.4;
						TestTargetID = DE763D131B7E841300C8B54A;
					};
				};
			};
			buildConfigurationList = DE763D0F1B7E841300C8B54A /* Build configuration list for PBXProject "iFeed" */;
			compatibilityVersion = "Xcode 3.2";
			developmentRegion = English;
			hasScannedForEncodings = 0;
			knownRegions = (
				en,
				Base,
			);
			mainGroup = DE763D0B1B7E841300C8B54A;
			productRefGroup = DE763D151B7E841300C8B54A /* Products */;
			projectDirPath = "";
			projectRoot = "";
			targets = (
				DE763D131B7E841300C8B54A /* iFeed */,
				DE763D281B7E841300C8B54A /* iFeedTests */,
			);
		};
/* End PBXProject section */

/* Begin PBXResourcesBuildPhase section */
		DE763D121B7E841300C8B54A /* Resources */ = {
			isa = PBXResourcesBuildPhase;
			buildActionMask = 2147483647;
			files = (
				DE763D241B7E841300C8B54A /* LaunchScreen.xib in Resources */,
				DE763D211B7E841300C8B54A /* Images.xcassets in Resources */,
			);
			runOnlyForDeploymentPostprocessing = 0;
		};
		DE763D271B7E841300C8B54A /* Resources */ = {
			isa = PBXResourcesBuildPhase;
			buildActionMask = 2147483647;
			files = (
			);
			runOnlyForDeploymentPostprocessing = 0;
		};
/* End PBXResourcesBuildPhase section */

/* Begin PBXSourcesBuildPhase section */
		DE763D101B7E841300C8B54A /* Sources */ = {
			isa = PBXSourcesBuildPhase;
			buildActionMask = 2147483647;
			files = (
				DE763D3C1B7E8EC700C8B54A /* EVKFeedListView.swift in Sources */,
				DE763D3A1B7E88B300C8B54A /* EVKFeedListViewController.swift in Sources */,
				DE763D1A1B7E841300C8B54A /* EVKAppDelegate.swift in Sources */,
				DE763D3F1B7F22A000C8B54A /* EVKFeedItemsView.swift in Sources */,
			);
			runOnlyForDeploymentPostprocessing = 0;
		};
		DE763D251B7E841300C8B54A /* Sources */ = {
			isa = PBXSourcesBuildPhase;
			buildActionMask = 2147483647;
			files = (
				DE763D301B7E841300C8B54A /* iFeedTests.swift in Sources */,
			);
			runOnlyForDeploymentPostprocessing = 0;
		};
/* End PBXSourcesBuildPhase section */

/* Begin PBXTargetDependency section */
		DE763D2B1B7E841300C8B54A /* PBXTargetDependency */ = {
			isa = PBXTargetDependency;
			target = DE763D131B7E841300C8B54A /* iFeed */;
			targetProxy = DE763D2A1B7E841300C8B54A /* PBXContainerItemProxy */;
		};
/* End PBXTargetDependency section */

/* Begin PBXVariantGroup section */
		DE763D221B7E841300C8B54A /* LaunchScreen.xib */ = {
			isa = PBXVariantGroup;
			children = (
				DE763D231B7E841300C8B54A /* Base */,
			);
			name = LaunchScreen.xib;
			sourceTree = "<group>";
		};
/* End PBXVariantGroup section */

/* Begin XCBuildConfiguration section */
		DE763D311B7E841300C8B54A /* Debug */ = {
			isa = XCBuildConfiguration;
			buildSettings = {
				ALWAYS_SEARCH_USER_PATHS = NO;
				CLANG_CXX_LANGUAGE_STANDARD = "gnu++0x";
				CLANG_CXX_LIBRARY = "libc++";
				CLANG_ENABLE_MODULES = YES;
				CLANG_ENABLE_OBJC_ARC = YES;
				CLANG_WARN_BOOL_CONVERSION = YES;
				CLANG_WARN_CONSTANT_CONVERSION = YES;
				CLANG_WARN_DIRECT_OBJC_ISA_USAGE = YES_ERROR;
				CLANG_WARN_EMPTY_BODY = YES;
				CLANG_WARN_ENUM_CONVERSION = YES;
				CLANG_WARN_INT_CONVERSION = YES;
				CLANG_WARN_OBJC_ROOT_CLASS = YES_ERROR;
				CLANG_WARN_UNREACHABLE_CODE = YES;
				CLANG_WARN__DUPLICATE_METHOD_MATCH = YES;
				"CODE_SIGN_IDENTITY[sdk=iphoneos*]" = "iPhone Developer";
				COPY_PHASE_STRIP = NO;
				DEBUG_INFORMATION_FORMAT = "dwarf-with-dsym";
				ENABLE_STRICT_OBJC_MSGSEND = YES;
				GCC_C_LANGUAGE_STANDARD = gnu99;
				GCC_DYNAMIC_NO_PIC = NO;
				GCC_NO_COMMON_BLOCKS = YES;
				GCC_OPTIMIZATION_LEVEL = 0;
				GCC_PREPROCESSOR_DEFINITIONS = (
					"DEBUG=1",
					"$(inherited)",
				);
				GCC_SYMBOLS_PRIVATE_EXTERN = NO;
				GCC_WARN_64_TO_32_BIT_CONVERSION = YES;
				GCC_WARN_ABOUT_RETURN_TYPE = YES_ERROR;
				GCC_WARN_UNDECLARED_SELECTOR = YES;
				GCC_WARN_UNINITIALIZED_AUTOS = YES_AGGRESSIVE;
				GCC_WARN_UNUSED_FUNCTION = YES;
				GCC_WARN_UNUSED_VARIABLE = YES;
				IPHONEOS_DEPLOYMENT_TARGET = 8.4;
				MTL_ENABLE_DEBUG_INFO = YES;
				ONLY_ACTIVE_ARCH = YES;
				SDKROOT = iphoneos;
				SWIFT_OPTIMIZATION_LEVEL = "-Onone";
				TARGETED_DEVICE_FAMILY = "1,2";
			};
			name = Debug;
		};
		DE763D321B7E841300C8B54A /* Release */ = {
			isa = XCBuildConfiguration;
			buildSettings = {
				ALWAYS_SEARCH_USER_PATHS = NO;
				CLANG_CXX_LANGUAGE_STANDARD = "gnu++0x";
				CLANG_CXX_LIBRARY = "libc++";
				CLANG_ENABLE_MODULES = YES;
				CLANG_ENABLE_OBJC_ARC = YES;
				CLANG_WARN_BOOL_CONVERSION = YES;
				CLANG_WARN_CONSTANT_CONVERSION = YES;
				CLANG_WARN_DIRECT_OBJC_ISA_USAGE = YES_ERROR;
				CLANG_WARN_EMPTY_BODY = YES;
				CLANG_WARN_ENUM_CONVERSION = YES;
				CLANG_WARN_INT_CONVERSION = YES;
				CLANG_WARN_OBJC_ROOT_CLASS = YES_ERROR;
				CLANG_WARN_UNREACHABLE_CODE = YES;
				CLANG_WARN__DUPLICATE_METHOD_MATCH = YES;
				"CODE_SIGN_IDENTITY[sdk=iphoneos*]" = "iPhone Developer";
				COPY_PHASE_STRIP = NO;
				DEBUG_INFORMATION_FORMAT = "dwarf-with-dsym";
				ENABLE_NS_ASSERTIONS = NO;
				ENABLE_STRICT_OBJC_MSGSEND = YES;
				GCC_C_LANGUAGE_STANDARD = gnu99;
				GCC_NO_COMMON_BLOCKS = YES;
				GCC_WARN_64_TO_32_BIT_CONVERSION = YES;
				GCC_WARN_ABOUT_RETURN_TYPE = YES_ERROR;
				GCC_WARN_UNDECLARED_SELECTOR = YES;
				GCC_WARN_UNINITIALIZED_AUTOS = YES_AGGRESSIVE;
				GCC_WARN_UNUSED_FUNCTION = YES;
				GCC_WARN_UNUSED_VARIABLE = YES;
				IPHONEOS_DEPLOYMENT_TARGET = 8.4;
				MTL_ENABLE_DEBUG_INFO = NO;
				SDKROOT = iphoneos;
				TARGETED_DEVICE_FAMILY = "1,2";
				VALIDATE_PRODUCT = YES;
			};
			name = Release;
		};
		DE763D341B7E841300C8B54A /* Debug */ = {
			isa = XCBuildConfiguration;
			buildSettings = {
				ASSETCATALOG_COMPILER_APPICON_NAME = AppIcon;
				INFOPLIST_FILE = iFeed/Info.plist;
				LD_RUNPATH_SEARCH_PATHS = "$(inherited) @executable_path/Frameworks";
				PRODUCT_NAME = "$(TARGET_NAME)";
			};
			name = Debug;
		};
		DE763D351B7E841300C8B54A /* Release */ = {
			isa = XCBuildConfiguration;
			buildSettings = {
				ASSETCATALOG_COMPILER_APPICON_NAME = AppIcon;
				INFOPLIST_FILE = iFeed/Info.plist;
				LD_RUNPATH_SEARCH_PATHS = "$(inherited) @executable_path/Frameworks";
				PRODUCT_NAME = "$(TARGET_NAME)";
			};
			name = Release;
		};
		DE763D371B7E841300C8B54A /* Debug */ = {
			isa = XCBuildConfiguration;
			buildSettings = {
				BUNDLE_LOADER = "$(TEST_HOST)";
				FRAMEWORK_SEARCH_PATHS = (
					"$(SDKROOT)/Developer/Library/Frameworks",
					"$(inherited)",
				);
				GCC_PREPROCESSOR_DEFINITIONS = (
					"DEBUG=1",
					"$(inherited)",
				);
				INFOPLIST_FILE = iFeedTests/Info.plist;
				LD_RUNPATH_SEARCH_PATHS = "$(inherited) @executable_path/Frameworks @loader_path/Frameworks";
				PRODUCT_NAME = "$(TARGET_NAME)";
				TEST_HOST = "$(BUILT_PRODUCTS_DIR)/iFeed.app/iFeed";
			};
			name = Debug;
		};
		DE763D381B7E841300C8B54A /* Release */ = {
			isa = XCBuildConfiguration;
			buildSettings = {
				BUNDLE_LOADER = "$(TEST_HOST)";
				FRAMEWORK_SEARCH_PATHS = (
					"$(SDKROOT)/Developer/Library/Frameworks",
					"$(inherited)",
				);
				INFOPLIST_FILE = iFeedTests/Info.plist;
				LD_RUNPATH_SEARCH_PATHS = "$(inherited) @executable_path/Frameworks @loader_path/Frameworks";
				PRODUCT_NAME = "$(TARGET_NAME)";
				TEST_HOST = "$(BUILT_PRODUCTS_DIR)/iFeed.app/iFeed";
			};
			name = Release;
		};
/* End XCBuildConfiguration section */

/* Begin XCConfigurationList section */
		DE763D0F1B7E841300C8B54A /* Build configuration list for PBXProject "iFeed" */ = {
			isa = XCConfigurationList;
			buildConfigurations = (
				DE763D311B7E841300C8B54A /* Debug */,
				DE763D321B7E841300C8B54A /* Release */,
			);
			defaultConfigurationIsVisible = 0;
			defaultConfigurationName = Release;
		};
		DE763D331B7E841300C8B54A /* Build configuration list for PBXNativeTarget "iFeed" */ = {
			isa = XCConfigurationList;
			buildConfigurations = (
				DE763D341B7E841300C8B54A /* Debug */,
				DE763D351B7E841300C8B54A /* Release */,
			);
			defaultConfigurationIsVisible = 0;
		};
		DE763D361B7E841300C8B54A /* Build configuration list for PBXNativeTarget "iFeedTests" */ = {
			isa = XCConfigurationList;
			buildConfigurations = (
				DE763D371B7E841300C8B54A /* Debug */,
				DE763D381B7E841300C8B54A /* Release */,
			);
			defaultConfigurationIsVisible = 0;
		};
/* End XCConfigurationList section */
	};
	rootObject = DE763D0C1B7E841300C8B54A /* Project object */;
}
