// !$*UTF8*$!
{
	archiveVersion = 1;
	classes = {
	};
	objectVersion = 46;
	objects = {

/* Begin PBXBuildFile section */
		DE2CC6451B8FA67B00ABB50D /* EVKBaseViewController.swift in Sources */ = {isa = PBXBuildFile; fileRef = DE2CC6441B8FA67B00ABB50D /* EVKBaseViewController.swift */; };
		DE763D301B7E841300C8B54A /* iFeedTests.swift in Sources */ = {isa = PBXBuildFile; fileRef = DE763D2F1B7E841300C8B54A /* iFeedTests.swift */; };
		DE7D1E2C1B978ED9002330A2 /* iFeed.xcdatamodel in Sources */ = {isa = PBXBuildFile; fileRef = DE7D1E2B1B978ED9002330A2 /* iFeed.xcdatamodel */; };
		DE7D1E3F1B97958A002330A2 /* EVKFeed.swift in Sources */ = {isa = PBXBuildFile; fileRef = DE7D1E371B97958A002330A2 /* EVKFeed.swift */; };
		DE7D1E401B97958A002330A2 /* EVKFeedItem.swift in Sources */ = {isa = PBXBuildFile; fileRef = DE7D1E381B97958A002330A2 /* EVKFeedItem.swift */; };
		DE7D1E411B97958A002330A2 /* Feed.swift in Sources */ = {isa = PBXBuildFile; fileRef = DE7D1E391B97958A002330A2 /* Feed.swift */; };
		DE7D1E421B97958A002330A2 /* FeedItem.swift in Sources */ = {isa = PBXBuildFile; fileRef = DE7D1E3A1B97958A002330A2 /* FeedItem.swift */; };
		DE7D1E431B97958A002330A2 /* EVKBaseTableProvider.swift in Sources */ = {isa = PBXBuildFile; fileRef = DE7D1E3C1B97958A002330A2 /* EVKBaseTableProvider.swift */; };
		DE7D1E441B97958A002330A2 /* EVKCoreDataManager.swift in Sources */ = {isa = PBXBuildFile; fileRef = DE7D1E3D1B97958A002330A2 /* EVKCoreDataManager.swift */; };
		DE7D1E451B97958A002330A2 /* EVKXMLParser.swift in Sources */ = {isa = PBXBuildFile; fileRef = DE7D1E3E1B97958A002330A2 /* EVKXMLParser.swift */; };
		DE826C4D1B99EE7F0062FE2A /* EVKBrain.swift in Sources */ = {isa = PBXBuildFile; fileRef = DE826C4C1B99EE7F0062FE2A /* EVKBrain.swift */; };
		DEFB0CBF1B80D2FA001425A3 /* Images.xcassets in Resources */ = {isa = PBXBuildFile; fileRef = DEFB0CB41B80D2FA001425A3 /* Images.xcassets */; };
		DEFB0CC01B80D2FA001425A3 /* LaunchScreen.xib in Resources */ = {isa = PBXBuildFile; fileRef = DEFB0CB51B80D2FA001425A3 /* LaunchScreen.xib */; };
		DEFB0CC11B80D2FA001425A3 /* EVKAppDelegate.swift in Sources */ = {isa = PBXBuildFile; fileRef = DEFB0CB81B80D2FA001425A3 /* EVKAppDelegate.swift */; };
		DEFB0CC21B80D2FA001425A3 /* EVKFeedItemsView.swift in Sources */ = {isa = PBXBuildFile; fileRef = DEFB0CBB1B80D2FA001425A3 /* EVKFeedItemsView.swift */; };
		DEFB0CC31B80D2FA001425A3 /* EVKFeedListView.swift in Sources */ = {isa = PBXBuildFile; fileRef = DEFB0CBC1B80D2FA001425A3 /* EVKFeedListView.swift */; };
		DEFB0CC41B80D2FA001425A3 /* EVKFeedListViewController.swift in Sources */ = {isa = PBXBuildFile; fileRef = DEFB0CBD1B80D2FA001425A3 /* EVKFeedListViewController.swift */; };
/* End PBXBuildFile section */

/* Begin PBXContainerItemProxy section */
		DE763D2A1B7E841300C8B54A /* PBXContainerItemProxy */ = {
			isa = PBXContainerItemProxy;
			containerPortal = DE763D0C1B7E841300C8B54A /* Project object */;
			proxyType = 1;
			remoteGlobalIDString = DE763D131B7E841300C8B54A;
			remoteInfo = iFeed;
		};
/* End PBXContainerItemProxy section */

/* Begin PBXFileReference section */
		DE2CC6441B8FA67B00ABB50D /* EVKBaseViewController.swift */ = {isa = PBXFileReference; fileEncoding = 4; lastKnownFileType = sourcecode.swift; path = EVKBaseViewController.swift; sourceTree = "<group>"; };
		DE763D141B7E841300C8B54A /* iFeed.app */ = {isa = PBXFileReference; explicitFileType = wrapper.application; includeInIndex = 0; path = iFeed.app; sourceTree = BUILT_PRODUCTS_DIR; };
		DE763D291B7E841300C8B54A /* iFeedTests.xctest */ = {isa = PBXFileReference; explicitFileType = wrapper.cfbundle; includeInIndex = 0; path = iFeedTests.xctest; sourceTree = BUILT_PRODUCTS_DIR; };
		DE763D2E1B7E841300C8B54A /* Info.plist */ = {isa = PBXFileReference; lastKnownFileType = text.plist.xml; path = Info.plist; sourceTree = "<group>"; };
		DE763D2F1B7E841300C8B54A /* iFeedTests.swift */ = {isa = PBXFileReference; lastKnownFileType = sourcecode.swift; path = iFeedTests.swift; sourceTree = "<group>"; };
		DE7D1E2B1B978ED9002330A2 /* iFeed.xcdatamodel */ = {isa = PBXFileReference; lastKnownFileType = wrapper.xcdatamodel; path = iFeed.xcdatamodel; sourceTree = "<group>"; };
		DE7D1E371B97958A002330A2 /* EVKFeed.swift */ = {isa = PBXFileReference; fileEncoding = 4; lastKnownFileType = sourcecode.swift; path = EVKFeed.swift; sourceTree = "<group>"; };
		DE7D1E381B97958A002330A2 /* EVKFeedItem.swift */ = {isa = PBXFileReference; fileEncoding = 4; lastKnownFileType = sourcecode.swift; path = EVKFeedItem.swift; sourceTree = "<group>"; };
		DE7D1E391B97958A002330A2 /* Feed.swift */ = {isa = PBXFileReference; fileEncoding = 4; lastKnownFileType = sourcecode.swift; path = Feed.swift; sourceTree = "<group>"; };
		DE7D1E3A1B97958A002330A2 /* FeedItem.swift */ = {isa = PBXFileReference; fileEncoding = 4; lastKnownFileType = sourcecode.swift; path = FeedItem.swift; sourceTree = "<group>"; };
		DE7D1E3C1B97958A002330A2 /* EVKBaseTableProvider.swift */ = {isa = PBXFileReference; fileEncoding = 4; lastKnownFileType = sourcecode.swift; path = EVKBaseTableProvider.swift; sourceTree = "<group>"; };
		DE7D1E3D1B97958A002330A2 /* EVKCoreDataManager.swift */ = {isa = PBXFileReference; fileEncoding = 4; lastKnownFileType = sourcecode.swift; path = EVKCoreDataManager.swift; sourceTree = "<group>"; };
		DE7D1E3E1B97958A002330A2 /* EVKXMLParser.swift */ = {isa = PBXFileReference; fileEncoding = 4; lastKnownFileType = sourcecode.swift; path = EVKXMLParser.swift; sourceTree = "<group>"; };
		DE826C4C1B99EE7F0062FE2A /* EVKBrain.swift */ = {isa = PBXFileReference; fileEncoding = 4; lastKnownFileType = sourcecode.swift; path = EVKBrain.swift; sourceTree = "<group>"; };
		DEFB0CB21B80D2FA001425A3 /* Info.plist */ = {isa = PBXFileReference; fileEncoding = 4; lastKnownFileType = text.plist.xml; path = Info.plist; sourceTree = "<group>"; };
		DEFB0CB41B80D2FA001425A3 /* Images.xcassets */ = {isa = PBXFileReference; lastKnownFileType = folder.assetcatalog; path = Images.xcassets; sourceTree = "<group>"; };
		DEFB0CB51B80D2FA001425A3 /* LaunchScreen.xib */ = {isa = PBXFileReference; fileEncoding = 4; lastKnownFileType = file.xib; path = LaunchScreen.xib; sourceTree = "<group>"; };
		DEFB0CB81B80D2FA001425A3 /* EVKAppDelegate.swift */ = {isa = PBXFileReference; fileEncoding = 4; lastKnownFileType = sourcecode.swift; path = EVKAppDelegate.swift; sourceTree = "<group>"; };
		DEFB0CBB1B80D2FA001425A3 /* EVKFeedItemsView.swift */ = {isa = PBXFileReference; fileEncoding = 4; lastKnownFileType = sourcecode.swift; path = EVKFeedItemsView.swift; sourceTree = "<group>"; };
		DEFB0CBC1B80D2FA001425A3 /* EVKFeedListView.swift */ = {isa = PBXFileReference; fileEncoding = 4; lastKnownFileType = sourcecode.swift; path = EVKFeedListView.swift; sourceTree = "<group>"; };
		DEFB0CBD1B80D2FA001425A3 /* EVKFeedListViewController.swift */ = {isa = PBXFileReference; fileEncoding = 4; lastKnownFileType = sourcecode.swift; path = EVKFeedListViewController.swift; sourceTree = "<group>"; };
/* End PBXFileReference section */

/* Begin PBXFrameworksBuildPhase section */
		DE763D111B7E841300C8B54A /* Frameworks */ = {
			isa = PBXFrameworksBuildPhase;
			buildActionMask = 2147483647;
			files = (
			);
			runOnlyForDeploymentPostprocessing = 0;
		};
		DE763D261B7E841300C8B54A /* Frameworks */ = {
			isa = PBXFrameworksBuildPhase;
			buildActionMask = 2147483647;
			files = (
			);
			runOnlyForDeploymentPostprocessing = 0;
		};
/* End PBXFrameworksBuildPhase section */

/* Begin PBXGroup section */
		DE763D0B1B7E841300C8B54A = {
			isa = PBXGroup;
			children = (
				DE763D161B7E841300C8B54A /* iFeed */,
				DE763D2C1B7E841300C8B54A /* iFeedTests */,
				DE763D151B7E841300C8B54A /* Products */,
			);
			sourceTree = "<group>";
		};
		DE763D151B7E841300C8B54A /* Products */ = {
			isa = PBXGroup;
			children = (
				DE763D141B7E841300C8B54A /* iFeed.app */,
				DE763D291B7E841300C8B54A /* iFeedTests.xctest */,
			);
			name = Products;
			sourceTree = "<group>";
		};
		DE763D161B7E841300C8B54A /* iFeed */ = {
			isa = PBXGroup;
			children = (
				DEFB0CB61B80D2FA001425A3 /* Sources */,
				DEFB0CAE1B80D2FA001425A3 /* Project */,
				DEFB0CB31B80D2FA001425A3 /* Resources */,
			);
			name = iFeed;
			path = ..;
			sourceTree = "<group>";
		};
		DE763D2C1B7E841300C8B54A /* iFeedTests */ = {
			isa = PBXGroup;
			children = (
				DE763D2F1B7E841300C8B54A /* iFeedTests.swift */,
				DE763D2D1B7E841300C8B54A /* Supporting Files */,
			);
			name = iFeedTests;
			path = ../../iFeedTests;
			sourceTree = "<group>";
		};
		DE763D2D1B7E841300C8B54A /* Supporting Files */ = {
			isa = PBXGroup;
			children = (
				DE763D2E1B7E841300C8B54A /* Info.plist */,
			);
			name = "Supporting Files";
			sourceTree = "<group>";
		};
		DE7D1E361B97958A002330A2 /* Models */ = {
			isa = PBXGroup;
			children = (
				DE7D1E371B97958A002330A2 /* EVKFeed.swift */,
				DE7D1E381B97958A002330A2 /* EVKFeedItem.swift */,
				DE7D1E391B97958A002330A2 /* Feed.swift */,
				DE7D1E3A1B97958A002330A2 /* FeedItem.swift */,
			);
			path = Models;
			sourceTree = "<group>";
		};
		DE7D1E3B1B97958A002330A2 /* Workers */ = {
			isa = PBXGroup;
			children = (
				DE7D1E3C1B97958A002330A2 /* EVKBaseTableProvider.swift */,
				DE7D1E3D1B97958A002330A2 /* EVKCoreDataManager.swift */,
				DE7D1E3E1B97958A002330A2 /* EVKXMLParser.swift */,
				DE826C4C1B99EE7F0062FE2A /* EVKBrain.swift */,
			);
			path = Workers;
			sourceTree = "<group>";
		};
		DEFB0CAE1B80D2FA001425A3 /* Project */ = {
			isa = PBXGroup;
			children = (
				DEFB0CB21B80D2FA001425A3 /* Info.plist */,
			);
			path = Project;
			sourceTree = "<group>";
		};
		DEFB0CB31B80D2FA001425A3 /* Resources */ = {
			isa = PBXGroup;
			children = (
				DE7D1E2B1B978ED9002330A2 /* iFeed.xcdatamodel */,
				DEFB0CB41B80D2FA001425A3 /* Images.xcassets */,
				DEFB0CB51B80D2FA001425A3 /* LaunchScreen.xib */,
			);
			path = Resources;
			sourceTree = "<group>";
		};
		DEFB0CB61B80D2FA001425A3 /* Sources */ = {
			isa = PBXGroup;
			children = (
				DEFB0CC91B80E90A001425A3 /* Data */,
				DEFB0CB71B80D2FA001425A3 /* Application */,
				DEFB0CBA1B80D2FA001425A3 /* UI */,
			);
			path = Sources;
			sourceTree = "<group>";
		};
		DEFB0CB71B80D2FA001425A3 /* Application */ = {
			isa = PBXGroup;
			children = (
				DEFB0CB81B80D2FA001425A3 /* EVKAppDelegate.swift */,
			);
			path = Application;
			sourceTree = "<group>";
		};
		DEFB0CBA1B80D2FA001425A3 /* UI */ = {
			isa = PBXGroup;
			children = (
				DEFB0CBB1B80D2FA001425A3 /* EVKFeedItemsView.swift */,
				DEFB0CBC1B80D2FA001425A3 /* EVKFeedListView.swift */,
				DEFB0CBD1B80D2FA001425A3 /* EVKFeedListViewController.swift */,
				DE2CC6441B8FA67B00ABB50D /* EVKBaseViewController.swift */,
			);
			path = UI;
			sourceTree = "<group>";
		};
		DEFB0CC91B80E90A001425A3 /* Data */ = {
			isa = PBXGroup;
			children = (
				DE7D1E361B97958A002330A2 /* Models */,
				DE7D1E3B1B97958A002330A2 /* Workers */,
			);
			path = Data;
			sourceTree = "<group>";
		};
/* End PBXGroup section */

/* Begin PBXNativeTarget section */
		DE763D131B7E841300C8B54A /* iFeed */ = {
			isa = PBXNativeTarget;
			buildConfigurationList = DE763D331B7E841300C8B54A /* Build configuration list for PBXNativeTarget "iFeed" */;
			buildPhases = (
				DE763D101B7E841300C8B54A /* Sources */,
				DE763D111B7E841300C8B54A /* Frameworks */,
				DE763D121B7E841300C8B54A /* Resources */,
			);
			buildRules = (
			);
			dependencies = (
			);
			name = iFeed;
			productName = iFeed;
			productReference = DE763D141B7E841300C8B54A /* iFeed.app */;
			productType = "com.apple.product-type.application";
		};
		DE763D281B7E841300C8B54A /* iFeedTests */ = {
			isa = PBXNativeTarget;
			buildConfigurationList = DE763D361B7E841300C8B54A /* Build configuration list for PBXNativeTarget "iFeedTests" */;
			buildPhases = (
				DE763D251B7E841300C8B54A /* Sources */,
				DE763D261B7E841300C8B54A /* Frameworks */,
				DE763D271B7E841300C8B54A /* Resources */,
			);
			buildRules = (
			);
			dependencies = (
				DE763D2B1B7E841300C8B54A /* PBXTargetDependency */,
			);
			name = iFeedTests;
			productName = iFeedTests;
			productReference = DE763D291B7E841300C8B54A /* iFeedTests.xctest */;
			productType = "com.apple.product-type.bundle.unit-test";
		};
/* End PBXNativeTarget section */

/* Begin PBXProject section */
		DE763D0C1B7E841300C8B54A /* Project object */ = {
			isa = PBXProject;
			attributes = {
				CLASSPREFIX = EVK;
				LastUpgradeCheck = 0640;
				ORGANIZATIONNAME = "Evgeny Karkan";
				TargetAttributes = {
					DE763D131B7E841300C8B54A = {
						CreatedOnToolsVersion = 6.4;
					};
					DE763D281B7E841300C8B54A = {
						CreatedOnToolsVersion = 6.4;
						TestTargetID = DE763D131B7E841300C8B54A;
					};
				};
			};
			buildConfigurationList = DE763D0F1B7E841300C8B54A /* Build configuration list for PBXProject "iFeed" */;
			compatibilityVersion = "Xcode 3.2";
			developmentRegion = English;
			hasScannedForEncodings = 0;
			knownRegions = (
				en,
				Base,
			);
			mainGroup = DE763D0B1B7E841300C8B54A;
			productRefGroup = DE763D151B7E841300C8B54A /* Products */;
			projectDirPath = "";
			projectRoot = "";
			targets = (
				DE763D131B7E841300C8B54A /* iFeed */,
				DE763D281B7E841300C8B54A /* iFeedTests */,
			);
		};
/* End PBXProject section */

/* Begin PBXResourcesBuildPhase section */
		DE763D121B7E841300C8B54A /* Resources */ = {
			isa = PBXResourcesBuildPhase;
			buildActionMask = 2147483647;
			files = (
				DEFB0CC01B80D2FA001425A3 /* LaunchScreen.xib in Resources */,
				DEFB0CBF1B80D2FA001425A3 /* Images.xcassets in Resources */,
			);
			runOnlyForDeploymentPostprocessing = 0;
		};
		DE763D271B7E841300C8B54A /* Resources */ = {
			isa = PBXResourcesBuildPhase;
			buildActionMask = 2147483647;
			files = (
			);
			runOnlyForDeploymentPostprocessing = 0;
		};
/* End PBXResourcesBuildPhase section */

/* Begin PBXSourcesBuildPhase section */
		DE763D101B7E841300C8B54A /* Sources */ = {
			isa = PBXSourcesBuildPhase;
			buildActionMask = 2147483647;
			files = (
				DE7D1E2C1B978ED9002330A2 /* iFeed.xcdatamodel in Sources */,
				DE7D1E411B97958A002330A2 /* Feed.swift in Sources */,
				DE7D1E3F1B97958A002330A2 /* EVKFeed.swift in Sources */,
				DEFB0CC31B80D2FA001425A3 /* EVKFeedListView.swift in Sources */,
				DEFB0CC21B80D2FA001425A3 /* EVKFeedItemsView.swift in Sources */,
				DEFB0CC11B80D2FA001425A3 /* EVKAppDelegate.swift in Sources */,
				DE7D1E401B97958A002330A2 /* EVKFeedItem.swift in Sources */,
				DE7D1E441B97958A002330A2 /* EVKCoreDataManager.swift in Sources */,
				DE7D1E451B97958A002330A2 /* EVKXMLParser.swift in Sources */,
				DE826C4D1B99EE7F0062FE2A /* EVKBrain.swift in Sources */,
				DEFB0CC41B80D2FA001425A3 /* EVKFeedListViewController.swift in Sources */,
				DE7D1E431B97958A002330A2 /* EVKBaseTableProvider.swift in Sources */,
				DE7D1E421B97958A002330A2 /* FeedItem.swift in Sources */,
				DE2CC6451B8FA67B00ABB50D /* EVKBaseViewController.swift in Sources */,
			);
			runOnlyForDeploymentPostprocessing = 0;
		};
		DE763D251B7E841300C8B54A /* Sources */ = {
			isa = PBXSourcesBuildPhase;
			buildActionMask = 2147483647;
			files = (
				DE763D301B7E841300C8B54A /* iFeedTests.swift in Sources */,
			);
			runOnlyForDeploymentPostprocessing = 0;
		};
/* End PBXSourcesBuildPhase section */

/* Begin PBXTargetDependency section */
		DE763D2B1B7E841300C8B54A /* PBXTargetDependency */ = {
			isa = PBXTargetDependency;
			target = DE763D131B7E841300C8B54A /* iFeed */;
			targetProxy = DE763D2A1B7E841300C8B54A /* PBXContainerItemProxy */;
		};
/* End PBXTargetDependency section */

/* Begin XCBuildConfiguration section */
		DE763D311B7E841300C8B54A /* Debug */ = {
			isa = XCBuildConfiguration;
			buildSettings = {
				ALWAYS_SEARCH_USER_PATHS = NO;
				CLANG_CXX_LANGUAGE_STANDARD = "gnu++0x";
				CLANG_CXX_LIBRARY = "libc++";
				CLANG_ENABLE_MODULES = YES;
				CLANG_ENABLE_OBJC_ARC = YES;
				CLANG_WARN_BOOL_CONVERSION = YES;
				CLANG_WARN_CONSTANT_CONVERSION = YES;
				CLANG_WARN_DIRECT_OBJC_ISA_USAGE = YES_ERROR;
				CLANG_WARN_EMPTY_BODY = YES;
				CLANG_WARN_ENUM_CONVERSION = YES;
				CLANG_WARN_INT_CONVERSION = YES;
				CLANG_WARN_OBJC_ROOT_CLASS = YES_ERROR;
				CLANG_WARN_UNREACHABLE_CODE = YES;
				CLANG_WARN__DUPLICATE_METHOD_MATCH = YES;
				"CODE_SIGN_IDENTITY[sdk=iphoneos*]" = "iPhone Developer";
				COPY_PHASE_STRIP = NO;
				DEBUG_INFORMATION_FORMAT = "dwarf-with-dsym";
				ENABLE_STRICT_OBJC_MSGSEND = YES;
				GCC_C_LANGUAGE_STANDARD = gnu99;
				GCC_DYNAMIC_NO_PIC = NO;
				GCC_NO_COMMON_BLOCKS = YES;
				GCC_OPTIMIZATION_LEVEL = 0;
				GCC_PREPROCESSOR_DEFINITIONS = (
					"DEBUG=1",
					"$(inherited)",
				);
				GCC_SYMBOLS_PRIVATE_EXTERN = NO;
				GCC_WARN_64_TO_32_BIT_CONVERSION = YES;
				GCC_WARN_ABOUT_RETURN_TYPE = YES_ERROR;
				GCC_WARN_UNDECLARED_SELECTOR = YES;
				GCC_WARN_UNINITIALIZED_AUTOS = YES_AGGRESSIVE;
				GCC_WARN_UNUSED_FUNCTION = YES;
				GCC_WARN_UNUSED_VARIABLE = YES;
				IPHONEOS_DEPLOYMENT_TARGET = 8.0;
				MTL_ENABLE_DEBUG_INFO = YES;
				ONLY_ACTIVE_ARCH = YES;
				SDKROOT = iphoneos;
				SWIFT_OPTIMIZATION_LEVEL = "-Onone";
				TARGETED_DEVICE_FAMILY = "1,2";
			};
			name = Debug;
		};
		DE763D321B7E841300C8B54A /* Release */ = {
			isa = XCBuildConfiguration;
			buildSettings = {
				ALWAYS_SEARCH_USER_PATHS = NO;
				CLANG_CXX_LANGUAGE_STANDARD = "gnu++0x";
				CLANG_CXX_LIBRARY = "libc++";
				CLANG_ENABLE_MODULES = YES;
				CLANG_ENABLE_OBJC_ARC = YES;
				CLANG_WARN_BOOL_CONVERSION = YES;
				CLANG_WARN_CONSTANT_CONVERSION = YES;
				CLANG_WARN_DIRECT_OBJC_ISA_USAGE = YES_ERROR;
				CLANG_WARN_EMPTY_BODY = YES;
				CLANG_WARN_ENUM_CONVERSION = YES;
				CLANG_WARN_INT_CONVERSION = YES;
				CLANG_WARN_OBJC_ROOT_CLASS = YES_ERROR;
				CLANG_WARN_UNREACHABLE_CODE = YES;
				CLANG_WARN__DUPLICATE_METHOD_MATCH = YES;
				"CODE_SIGN_IDENTITY[sdk=iphoneos*]" = "iPhone Developer";
				COPY_PHASE_STRIP = NO;
				DEBUG_INFORMATION_FORMAT = "dwarf-with-dsym";
				ENABLE_NS_ASSERTIONS = NO;
				ENABLE_STRICT_OBJC_MSGSEND = YES;
				GCC_C_LANGUAGE_STANDARD = gnu99;
				GCC_NO_COMMON_BLOCKS = YES;
				GCC_WARN_64_TO_32_BIT_CONVERSION = YES;
				GCC_WARN_ABOUT_RETURN_TYPE = YES_ERROR;
				GCC_WARN_UNDECLARED_SELECTOR = YES;
				GCC_WARN_UNINITIALIZED_AUTOS = YES_AGGRESSIVE;
				GCC_WARN_UNUSED_FUNCTION = YES;
				GCC_WARN_UNUSED_VARIABLE = YES;
				IPHONEOS_DEPLOYMENT_TARGET = 8.0;
				MTL_ENABLE_DEBUG_INFO = NO;
				SDKROOT = iphoneos;
				TARGETED_DEVICE_FAMILY = "1,2";
				VALIDATE_PRODUCT = YES;
			};
			name = Release;
		};
		DE763D341B7E841300C8B54A /* Debug */ = {
			isa = XCBuildConfiguration;
			buildSettings = {
				ASSETCATALOG_COMPILER_APPICON_NAME = AppIcon;
				CLANG_ENABLE_MODULES = YES;
				INFOPLIST_FILE = Info.plist;
				IPHONEOS_DEPLOYMENT_TARGET = 8.0;
				LD_RUNPATH_SEARCH_PATHS = "$(inherited) @executable_path/Frameworks";
				PRODUCT_NAME = "$(TARGET_NAME)";
				SWIFT_OPTIMIZATION_LEVEL = "-Onone";
			};
			name = Debug;
		};
		DE763D351B7E841300C8B54A /* Release */ = {
			isa = XCBuildConfiguration;
			buildSettings = {
				ASSETCATALOG_COMPILER_APPICON_NAME = AppIcon;
				CLANG_ENABLE_MODULES = YES;
				INFOPLIST_FILE = Info.plist;
				IPHONEOS_DEPLOYMENT_TARGET = 8.0;
				LD_RUNPATH_SEARCH_PATHS = "$(inherited) @executable_path/Frameworks";
				PRODUCT_NAME = "$(TARGET_NAME)";
			};
			name = Release;
		};
		DE763D371B7E841300C8B54A /* Debug */ = {
			isa = XCBuildConfiguration;
			buildSettings = {
				BUNDLE_LOADER = "$(TEST_HOST)";
				FRAMEWORK_SEARCH_PATHS = (
					"$(SDKROOT)/Developer/Library/Frameworks",
					"$(inherited)",
				);
				GCC_PREPROCESSOR_DEFINITIONS = (
					"DEBUG=1",
					"$(inherited)",
				);
				INFOPLIST_FILE = Info.plist;
				LD_RUNPATH_SEARCH_PATHS = "$(inherited) @executable_path/Frameworks @loader_path/Frameworks";
				PRODUCT_NAME = "$(TARGET_NAME)";
				TEST_HOST = "$(BUILT_PRODUCTS_DIR)/iFeed.app/iFeed";
			};
			name = Debug;
		};
		DE763D381B7E841300C8B54A /* Release */ = {
			isa = XCBuildConfiguration;
			buildSettings = {
				BUNDLE_LOADER = "$(TEST_HOST)";
				FRAMEWORK_SEARCH_PATHS = (
					"$(SDKROOT)/Developer/Library/Frameworks",
					"$(inherited)",
				);
				INFOPLIST_FILE = Info.plist;
				LD_RUNPATH_SEARCH_PATHS = "$(inherited) @executable_path/Frameworks @loader_path/Frameworks";
				PRODUCT_NAME = "$(TARGET_NAME)";
				TEST_HOST = "$(BUILT_PRODUCTS_DIR)/iFeed.app/iFeed";
			};
			name = Release;
		};
/* End XCBuildConfiguration section */

/* Begin XCConfigurationList section */
		DE763D0F1B7E841300C8B54A /* Build configuration list for PBXProject "iFeed" */ = {
			isa = XCConfigurationList;
			buildConfigurations = (
				DE763D311B7E841300C8B54A /* Debug */,
				DE763D321B7E841300C8B54A /* Release */,
			);
			defaultConfigurationIsVisible = 0;
			defaultConfigurationName = Release;
		};
		DE763D331B7E841300C8B54A /* Build configuration list for PBXNativeTarget "iFeed" */ = {
			isa = XCConfigurationList;
			buildConfigurations = (
				DE763D341B7E841300C8B54A /* Debug */,
				DE763D351B7E841300C8B54A /* Release */,
			);
			defaultConfigurationIsVisible = 0;
			defaultConfigurationName = Release;
		};
		DE763D361B7E841300C8B54A /* Build configuration list for PBXNativeTarget "iFeedTests" */ = {
			isa = XCConfigurationList;
			buildConfigurations = (
				DE763D371B7E841300C8B54A /* Debug */,
				DE763D381B7E841300C8B54A /* Release */,
			);
			defaultConfigurationIsVisible = 0;
			defaultConfigurationName = Release;
		};
/* End XCConfigurationList section */
	};
	rootObject = DE763D0C1B7E841300C8B54A /* Project object */;
}
