PODS:
  - Crashlytics (3.14.0):
    - Fabric (~> 1.10.2)
  - Fabric (1.10.2)
  - FeedKit (9.0.0)

DEPENDENCIES:
  - Crashlytics
  - Fabric
  - FeedKit

SPEC REPOS:
  https://github.com/cocoapods/specs.git:
    - Crashlytics
    - Fabric
    - FeedKit

SPEC CHECKSUMS:
  Crashlytics: 540b7e5f5da5a042647227a5e3ac51d85eed06df
  Fabric: 706c8b8098fff96c33c0db69cbf81f9c551d0d74
  FeedKit: 9ffa2434af293df73ac069129900498b3f89cb2e

PODFILE CHECKSUM: e289c93d40261fdf645dd410c26c3f97eb7b9deb

COCOAPODS: 1.7.5
