PODS:
  - Crashlytics (3.14.0):
    - Fabric (~> 1.10.2)
  - Fabric (1.10.2)
  - FeedKit (9.0.0)

DEPENDENCIES:
  - Crashlytics
  - Fabric
  - FeedKit

SPEC REPOS:
  https://github.com/cocoapods/specs.git:
    - Crashlytics
    - Fabric
    - FeedKit

SPEC CHECKSUMS:
  Crashlytics: 9220f5bc89e7a618df411b4f639389dbfb0e03d2
  Fabric: ea977e3cd9c20425516d3dafd3bf8c941c51223f
  FeedKit: 9ffa2434af293df73ac069129900498b3f89cb2e

PODFILE CHECKSUM: e289c93d40261fdf645dd410c26c3f97eb7b9deb

COCOAPODS: 1.7.5
