// !$*UTF8*$!
{
	archiveVersion = 1;
	classes = {
	};
	objectVersion = 48;
	objects = {

/* Begin PBXBuildFile section */
		950EF29A1F49E9B400174155 /* AppDelegate.swift in Sources */ = {isa = PBXBuildFile; fileRef = 950EF2991F49E9B400174155 /* AppDelegate.swift */; };
		950EF29C1F49E9B400174155 /* FirstViewController.swift in Sources */ = {isa = PBXBuildFile; fileRef = 950EF29B1F49E9B400174155 /* FirstViewController.swift */; };
		950EF29E1F49E9B400174155 /* SecondViewController.swift in Sources */ = {isa = PBXBuildFile; fileRef = 950EF29D1F49E9B400174155 /* SecondViewController.swift */; };
		950EF2A11F49E9B400174155 /* Main.storyboard in Resources */ = {isa = PBXBuildFile; fileRef = 950EF29F1F49E9B400174155 /* Main.storyboard */; };
		950EF2A31F49E9B400174155 /* Assets.xcassets in Resources */ = {isa = PBXBuildFile; fileRef = 950EF2A21F49E9B400174155 /* Assets.xcassets */; };
		950EF2A61F49E9B400174155 /* LaunchScreen.storyboard in Resources */ = {isa = PBXBuildFile; fileRef = 950EF2A41F49E9B400174155 /* LaunchScreen.storyboard */; };
		950EF2B11F49E9B400174155 /* SimpleSimilarityTests.swift in Sources */ = {isa = PBXBuildFile; fileRef = 950EF2B01F49E9B400174155 /* SimpleSimilarityTests.swift */; };
		950EF2BC1F49E9B400174155 /* SimpleSimilarityUITests.swift in Sources */ = {isa = PBXBuildFile; fileRef = 950EF2BB1F49E9B400174155 /* SimpleSimilarityUITests.swift */; };
		950EF2D71F49EA2C00174155 /* SimpleSimilarityFramework.framework in Frameworks */ = {isa = PBXBuildFile; fileRef = 950EF2CE1F49EA2C00174155 /* SimpleSimilarityFramework.framework */; };
		950EF2DE1F49EA2C00174155 /* TextualImportTests.swift in Sources */ = {isa = PBXBuildFile; fileRef = 950EF2DD1F49EA2C00174155 /* TextualImportTests.swift */; };
		950EF2E01F49EA2C00174155 /* SimpleSimilarityFramework.h in Headers */ = {isa = PBXBuildFile; fileRef = 950EF2D01F49EA2C00174155 /* SimpleSimilarityFramework.h */; settings = {ATTRIBUTES = (Public, ); }; };
		950EF2E31F49EA2C00174155 /* SimpleSimilarityFramework.framework in Frameworks */ = {isa = PBXBuildFile; fileRef = 950EF2CE1F49EA2C00174155 /* SimpleSimilarityFramework.framework */; };
		950EF2E41F49EA2C00174155 /* SimpleSimilarityFramework.framework in Embed Frameworks */ = {isa = PBXBuildFile; fileRef = 950EF2CE1F49EA2C00174155 /* SimpleSimilarityFramework.framework */; settings = {ATTRIBUTES = (CodeSignOnCopy, RemoveHeadersOnCopy, ); }; };
		950EF2F91F49FA5000174155 /* sample.csv in Resources */ = {isa = PBXBuildFile; fileRef = 950EF2F81F49FA4800174155 /* sample.csv */; };
		95118C8E207A68A200E732F3 /* MatchingEngineLargeCorpusTests.swift in Sources */ = {isa = PBXBuildFile; fileRef = 95118C8D207A68A200E732F3 /* MatchingEngineLargeCorpusTests.swift */; };
		95118C92207A715500E732F3 /* newspaper.csv in Resources */ = {isa = PBXBuildFile; fileRef = 95118C91207A715400E732F3 /* newspaper.csv */; };
		957B63EF1F9C91AA0048C5FE /* MatchingEngineTests.swift in Sources */ = {isa = PBXBuildFile; fileRef = 957B63EE1F9C91AA0048C5FE /* MatchingEngineTests.swift */; };
		958C68A1208CA3F900D31527 /* TextualDataImport.swift in Sources */ = {isa = PBXBuildFile; fileRef = 950EF2EC1F49EAF100174155 /* TextualDataImport.swift */; };
		958C68A2208CA3FD00D31527 /* MatchingEngine.swift in Sources */ = {isa = PBXBuildFile; fileRef = 9552E8861F6E98F1001CA2BF /* MatchingEngine.swift */; };
		958C68A3208CA40000D31527 /* MatchingEngineAlgorithm.swift in Sources */ = {isa = PBXBuildFile; fileRef = 95DB6D092089E8930066A4CF /* MatchingEngineAlgorithm.swift */; };
		958C68A4208CA40400D31527 /* StringsForBagOfWords.swift in Sources */ = {isa = PBXBuildFile; fileRef = 953552E6203AB7000084EF5A /* StringsForBagOfWords.swift */; };
/* End PBXBuildFile section */

/* Begin PBXContainerItemProxy section */
		950EF2AD1F49E9B400174155 /* PBXContainerItemProxy */ = {
			isa = PBXContainerItemProxy;
			containerPortal = 950EF28E1F49E9B300174155 /* Project object */;
			proxyType = 1;
			remoteGlobalIDString = 950EF2951F49E9B400174155;
			remoteInfo = SimpleSimilarity;
		};
		950EF2B81F49E9B400174155 /* PBXContainerItemProxy */ = {
			isa = PBXContainerItemProxy;
			containerPortal = 950EF28E1F49E9B300174155 /* Project object */;
			proxyType = 1;
			remoteGlobalIDString = 950EF2951F49E9B400174155;
			remoteInfo = SimpleSimilarity;
		};
		950EF2D81F49EA2C00174155 /* PBXContainerItemProxy */ = {
			isa = PBXContainerItemProxy;
			containerPortal = 950EF28E1F49E9B300174155 /* Project object */;
			proxyType = 1;
			remoteGlobalIDString = 950EF2CD1F49EA2C00174155;
			remoteInfo = SimpleSimilarityFramework;
		};
		950EF2DA1F49EA2C00174155 /* PBXContainerItemProxy */ = {
			isa = PBXContainerItemProxy;
			containerPortal = 950EF28E1F49E9B300174155 /* Project object */;
			proxyType = 1;
			remoteGlobalIDString = 950EF2951F49E9B400174155;
			remoteInfo = SimpleSimilarity;
		};
		950EF2E11F49EA2C00174155 /* PBXContainerItemProxy */ = {
			isa = PBXContainerItemProxy;
			containerPortal = 950EF28E1F49E9B300174155 /* Project object */;
			proxyType = 1;
			remoteGlobalIDString = 950EF2CD1F49EA2C00174155;
			remoteInfo = SimpleSimilarityFramework;
		};
/* End PBXContainerItemProxy section */

/* Begin PBXCopyFilesBuildPhase section */
		950EF2E81F49EA2C00174155 /* Embed Frameworks */ = {
			isa = PBXCopyFilesBuildPhase;
			buildActionMask = 2147483647;
			dstPath = "";
			dstSubfolderSpec = 10;
			files = (
				950EF2E41F49EA2C00174155 /* SimpleSimilarityFramework.framework in Embed Frameworks */,
			);
			name = "Embed Frameworks";
			runOnlyForDeploymentPostprocessing = 0;
		};
/* End PBXCopyFilesBuildPhase section */

/* Begin PBXFileReference section */
		950EF2961F49E9B400174155 /* SimpleSimilarity.app */ = {isa = PBXFileReference; explicitFileType = wrapper.application; includeInIndex = 0; path = SimpleSimilarity.app; sourceTree = BUILT_PRODUCTS_DIR; };
		950EF2991F49E9B400174155 /* AppDelegate.swift */ = {isa = PBXFileReference; lastKnownFileType = sourcecode.swift; path = AppDelegate.swift; sourceTree = "<group>"; };
		950EF29B1F49E9B400174155 /* FirstViewController.swift */ = {isa = PBXFileReference; lastKnownFileType = sourcecode.swift; path = FirstViewController.swift; sourceTree = "<group>"; };
		950EF29D1F49E9B400174155 /* SecondViewController.swift */ = {isa = PBXFileReference; lastKnownFileType = sourcecode.swift; path = SecondViewController.swift; sourceTree = "<group>"; };
		950EF2A01F49E9B400174155 /* Base */ = {isa = PBXFileReference; lastKnownFileType = file.storyboard; name = Base; path = Base.lproj/Main.storyboard; sourceTree = "<group>"; };
		950EF2A21F49E9B400174155 /* Assets.xcassets */ = {isa = PBXFileReference; lastKnownFileType = folder.assetcatalog; path = Assets.xcassets; sourceTree = "<group>"; };
		950EF2A51F49E9B400174155 /* Base */ = {isa = PBXFileReference; lastKnownFileType = file.storyboard; name = Base; path = Base.lproj/LaunchScreen.storyboard; sourceTree = "<group>"; };
		950EF2A71F49E9B400174155 /* Info.plist */ = {isa = PBXFileReference; lastKnownFileType = text.plist.xml; path = Info.plist; sourceTree = "<group>"; };
		950EF2AC1F49E9B400174155 /* SimpleSimilarityTests.xctest */ = {isa = PBXFileReference; explicitFileType = wrapper.cfbundle; includeInIndex = 0; path = SimpleSimilarityTests.xctest; sourceTree = BUILT_PRODUCTS_DIR; };
		950EF2B01F49E9B400174155 /* SimpleSimilarityTests.swift */ = {isa = PBXFileReference; lastKnownFileType = sourcecode.swift; path = SimpleSimilarityTests.swift; sourceTree = "<group>"; };
		950EF2B21F49E9B400174155 /* Info.plist */ = {isa = PBXFileReference; lastKnownFileType = text.plist.xml; path = Info.plist; sourceTree = "<group>"; };
		950EF2B71F49E9B400174155 /* SimpleSimilarityUITests.xctest */ = {isa = PBXFileReference; explicitFileType = wrapper.cfbundle; includeInIndex = 0; path = SimpleSimilarityUITests.xctest; sourceTree = BUILT_PRODUCTS_DIR; };
		950EF2BB1F49E9B400174155 /* SimpleSimilarityUITests.swift */ = {isa = PBXFileReference; lastKnownFileType = sourcecode.swift; path = SimpleSimilarityUITests.swift; sourceTree = "<group>"; };
		950EF2BD1F49E9B400174155 /* Info.plist */ = {isa = PBXFileReference; lastKnownFileType = text.plist.xml; path = Info.plist; sourceTree = "<group>"; };
		950EF2CE1F49EA2C00174155 /* SimpleSimilarityFramework.framework */ = {isa = PBXFileReference; explicitFileType = wrapper.framework; includeInIndex = 0; path = SimpleSimilarityFramework.framework; sourceTree = BUILT_PRODUCTS_DIR; };
		950EF2D01F49EA2C00174155 /* SimpleSimilarityFramework.h */ = {isa = PBXFileReference; lastKnownFileType = sourcecode.c.h; path = SimpleSimilarityFramework.h; sourceTree = "<group>"; };
		950EF2D11F49EA2C00174155 /* Info.plist */ = {isa = PBXFileReference; lastKnownFileType = text.plist.xml; path = Info.plist; sourceTree = "<group>"; };
		950EF2D61F49EA2C00174155 /* SimpleSimilarityFrameworkTests.xctest */ = {isa = PBXFileReference; explicitFileType = wrapper.cfbundle; includeInIndex = 0; path = SimpleSimilarityFrameworkTests.xctest; sourceTree = BUILT_PRODUCTS_DIR; };
		950EF2DD1F49EA2C00174155 /* TextualImportTests.swift */ = {isa = PBXFileReference; lastKnownFileType = sourcecode.swift; path = TextualImportTests.swift; sourceTree = "<group>"; };
		950EF2DF1F49EA2C00174155 /* Info.plist */ = {isa = PBXFileReference; lastKnownFileType = text.plist.xml; path = Info.plist; sourceTree = "<group>"; };
		950EF2EC1F49EAF100174155 /* TextualDataImport.swift */ = {isa = PBXFileReference; lastKnownFileType = sourcecode.swift; path = TextualDataImport.swift; sourceTree = "<group>"; };
		950EF2F81F49FA4800174155 /* sample.csv */ = {isa = PBXFileReference; lastKnownFileType = text; path = sample.csv; sourceTree = "<group>"; };
		95118C8D207A68A200E732F3 /* MatchingEngineLargeCorpusTests.swift */ = {isa = PBXFileReference; lastKnownFileType = sourcecode.swift; path = MatchingEngineLargeCorpusTests.swift; sourceTree = "<group>"; };
		95118C91207A715400E732F3 /* newspaper.csv */ = {isa = PBXFileReference; fileEncoding = 4; lastKnownFileType = text; path = newspaper.csv; sourceTree = "<group>"; };
		953552E6203AB7000084EF5A /* StringsForBagOfWords.swift */ = {isa = PBXFileReference; lastKnownFileType = sourcecode.swift; path = StringsForBagOfWords.swift; sourceTree = "<group>"; };
		9552E8861F6E98F1001CA2BF /* MatchingEngine.swift */ = {isa = PBXFileReference; lastKnownFileType = sourcecode.swift; path = MatchingEngine.swift; sourceTree = "<group>"; };
		957B63EE1F9C91AA0048C5FE /* MatchingEngineTests.swift */ = {isa = PBXFileReference; lastKnownFileType = sourcecode.swift; path = MatchingEngineTests.swift; sourceTree = "<group>"; };
		95DB6D092089E8930066A4CF /* MatchingEngineAlgorithm.swift */ = {isa = PBXFileReference; lastKnownFileType = sourcecode.swift; path = MatchingEngineAlgorithm.swift; sourceTree = "<group>"; };
/* End PBXFileReference section */

/* Begin PBXFrameworksBuildPhase section */
		950EF2931F49E9B400174155 /* Frameworks */ = {
			isa = PBXFrameworksBuildPhase;
			buildActionMask = 2147483647;
			files = (
				950EF2E31F49EA2C00174155 /* SimpleSimilarityFramework.framework in Frameworks */,
			);
			runOnlyForDeploymentPostprocessing = 0;
		};
		950EF2A91F49E9B400174155 /* Frameworks */ = {
			isa = PBXFrameworksBuildPhase;
			buildActionMask = 2147483647;
			files = (
			);
			runOnlyForDeploymentPostprocessing = 0;
		};
		950EF2B41F49E9B400174155 /* Frameworks */ = {
			isa = PBXFrameworksBuildPhase;
			buildActionMask = 2147483647;
			files = (
			);
			runOnlyForDeploymentPostprocessing = 0;
		};
		950EF2CA1F49EA2C00174155 /* Frameworks */ = {
			isa = PBXFrameworksBuildPhase;
			buildActionMask = 2147483647;
			files = (
			);
			runOnlyForDeploymentPostprocessing = 0;
		};
		950EF2D31F49EA2C00174155 /* Frameworks */ = {
			isa = PBXFrameworksBuildPhase;
			buildActionMask = 2147483647;
			files = (
				950EF2D71F49EA2C00174155 /* SimpleSimilarityFramework.framework in Frameworks */,
			);
			runOnlyForDeploymentPostprocessing = 0;
		};
/* End PBXFrameworksBuildPhase section */

/* Begin PBXGroup section */
		950EF28D1F49E9B300174155 = {
			isa = PBXGroup;
			children = (
				950EF2981F49E9B400174155 /* SimpleSimilarity */,
				950EF2AF1F49E9B400174155 /* SimpleSimilarityTests */,
				950EF2BA1F49E9B400174155 /* SimpleSimilarityUITests */,
				950EF2CF1F49EA2C00174155 /* SimpleSimilarityFramework */,
				950EF2DC1F49EA2C00174155 /* SimpleSimilarityFrameworkTests */,
				950EF2971F49E9B400174155 /* Products */,
			);
			sourceTree = "<group>";
		};
		950EF2971F49E9B400174155 /* Products */ = {
			isa = PBXGroup;
			children = (
				950EF2961F49E9B400174155 /* SimpleSimilarity.app */,
				950EF2AC1F49E9B400174155 /* SimpleSimilarityTests.xctest */,
				950EF2B71F49E9B400174155 /* SimpleSimilarityUITests.xctest */,
				950EF2CE1F49EA2C00174155 /* SimpleSimilarityFramework.framework */,
				950EF2D61F49EA2C00174155 /* SimpleSimilarityFrameworkTests.xctest */,
			);
			name = Products;
			sourceTree = "<group>";
		};
		950EF2981F49E9B400174155 /* SimpleSimilarity */ = {
			isa = PBXGroup;
			children = (
				950EF2F71F49FA2900174155 /* Resources */,
				950EF2991F49E9B400174155 /* AppDelegate.swift */,
				950EF29B1F49E9B400174155 /* FirstViewController.swift */,
				950EF29D1F49E9B400174155 /* SecondViewController.swift */,
				950EF29F1F49E9B400174155 /* Main.storyboard */,
				950EF2A21F49E9B400174155 /* Assets.xcassets */,
				950EF2A41F49E9B400174155 /* LaunchScreen.storyboard */,
				950EF2A71F49E9B400174155 /* Info.plist */,
			);
			path = SimpleSimilarity;
			sourceTree = "<group>";
		};
		950EF2AF1F49E9B400174155 /* SimpleSimilarityTests */ = {
			isa = PBXGroup;
			children = (
				950EF2B01F49E9B400174155 /* SimpleSimilarityTests.swift */,
				950EF2B21F49E9B400174155 /* Info.plist */,
			);
			path = SimpleSimilarityTests;
			sourceTree = "<group>";
		};
		950EF2BA1F49E9B400174155 /* SimpleSimilarityUITests */ = {
			isa = PBXGroup;
			children = (
				950EF2BB1F49E9B400174155 /* SimpleSimilarityUITests.swift */,
				950EF2BD1F49E9B400174155 /* Info.plist */,
			);
			path = SimpleSimilarityUITests;
			sourceTree = "<group>";
		};
		950EF2CF1F49EA2C00174155 /* SimpleSimilarityFramework */ = {
			isa = PBXGroup;
			children = (
				950EF2D01F49EA2C00174155 /* SimpleSimilarityFramework.h */,
				950EF2D11F49EA2C00174155 /* Info.plist */,
				950EF2EC1F49EAF100174155 /* TextualDataImport.swift */,
				9552E8861F6E98F1001CA2BF /* MatchingEngine.swift */,
				95DB6D092089E8930066A4CF /* MatchingEngineAlgorithm.swift */,
				953552E6203AB7000084EF5A /* StringsForBagOfWords.swift */,
			);
			path = SimpleSimilarityFramework;
			sourceTree = "<group>";
		};
		950EF2DC1F49EA2C00174155 /* SimpleSimilarityFrameworkTests */ = {
			isa = PBXGroup;
			children = (
				950EF2DD1F49EA2C00174155 /* TextualImportTests.swift */,
				957B63EE1F9C91AA0048C5FE /* MatchingEngineTests.swift */,
				95118C8D207A68A200E732F3 /* MatchingEngineLargeCorpusTests.swift */,
				950EF2DF1F49EA2C00174155 /* Info.plist */,
			);
			path = SimpleSimilarityFrameworkTests;
			sourceTree = "<group>";
		};
		950EF2F71F49FA2900174155 /* Resources */ = {
			isa = PBXGroup;
			children = (
				95118C91207A715400E732F3 /* newspaper.csv */,
				950EF2F81F49FA4800174155 /* sample.csv */,
			);
			path = Resources;
			sourceTree = "<group>";
		};
/* End PBXGroup section */

/* Begin PBXHeadersBuildPhase section */
		950EF2CB1F49EA2C00174155 /* Headers */ = {
			isa = PBXHeadersBuildPhase;
			buildActionMask = 2147483647;
			files = (
				950EF2E01F49EA2C00174155 /* SimpleSimilarityFramework.h in Headers */,
			);
			runOnlyForDeploymentPostprocessing = 0;
		};
/* End PBXHeadersBuildPhase section */

/* Begin PBXNativeTarget section */
		950EF2951F49E9B400174155 /* SimpleSimilarity */ = {
			isa = PBXNativeTarget;
			buildConfigurationList = 950EF2C01F49E9B400174155 /* Build configuration list for PBXNativeTarget "SimpleSimilarity" */;
			buildPhases = (
				950EF2921F49E9B400174155 /* Sources */,
				950EF2931F49E9B400174155 /* Frameworks */,
				950EF2941F49E9B400174155 /* Resources */,
				950EF2E81F49EA2C00174155 /* Embed Frameworks */,
			);
			buildRules = (
			);
			dependencies = (
				950EF2E21F49EA2C00174155 /* PBXTargetDependency */,
			);
			name = SimpleSimilarity;
			productName = SimpleSimilarity;
			productReference = 950EF2961F49E9B400174155 /* SimpleSimilarity.app */;
			productType = "com.apple.product-type.application";
		};
		950EF2AB1F49E9B400174155 /* SimpleSimilarityTests */ = {
			isa = PBXNativeTarget;
			buildConfigurationList = 950EF2C31F49E9B400174155 /* Build configuration list for PBXNativeTarget "SimpleSimilarityTests" */;
			buildPhases = (
				950EF2A81F49E9B400174155 /* Sources */,
				950EF2A91F49E9B400174155 /* Frameworks */,
				950EF2AA1F49E9B400174155 /* Resources */,
			);
			buildRules = (
			);
			dependencies = (
				950EF2AE1F49E9B400174155 /* PBXTargetDependency */,
			);
			name = SimpleSimilarityTests;
			productName = SimpleSimilarityTests;
			productReference = 950EF2AC1F49E9B400174155 /* SimpleSimilarityTests.xctest */;
			productType = "com.apple.product-type.bundle.unit-test";
		};
		950EF2B61F49E9B400174155 /* SimpleSimilarityUITests */ = {
			isa = PBXNativeTarget;
			buildConfigurationList = 950EF2C61F49E9B400174155 /* Build configuration list for PBXNativeTarget "SimpleSimilarityUITests" */;
			buildPhases = (
				950EF2B31F49E9B400174155 /* Sources */,
				950EF2B41F49E9B400174155 /* Frameworks */,
				950EF2B51F49E9B400174155 /* Resources */,
			);
			buildRules = (
			);
			dependencies = (
				950EF2B91F49E9B400174155 /* PBXTargetDependency */,
			);
			name = SimpleSimilarityUITests;
			productName = SimpleSimilarityUITests;
			productReference = 950EF2B71F49E9B400174155 /* SimpleSimilarityUITests.xctest */;
			productType = "com.apple.product-type.bundle.ui-testing";
		};
		950EF2CD1F49EA2C00174155 /* SimpleSimilarityFramework */ = {
			isa = PBXNativeTarget;
			buildConfigurationList = 950EF2E51F49EA2C00174155 /* Build configuration list for PBXNativeTarget "SimpleSimilarityFramework" */;
			buildPhases = (
				950EF2C91F49EA2C00174155 /* Sources */,
				950EF2CA1F49EA2C00174155 /* Frameworks */,
				950EF2CB1F49EA2C00174155 /* Headers */,
				950EF2CC1F49EA2C00174155 /* Resources */,
			);
			buildRules = (
			);
			dependencies = (
			);
			name = SimpleSimilarityFramework;
			productName = SimpleSimilarityFramework;
			productReference = 950EF2CE1F49EA2C00174155 /* SimpleSimilarityFramework.framework */;
			productType = "com.apple.product-type.framework";
		};
		950EF2D51F49EA2C00174155 /* SimpleSimilarityFrameworkTests */ = {
			isa = PBXNativeTarget;
			buildConfigurationList = 950EF2E91F49EA2C00174155 /* Build configuration list for PBXNativeTarget "SimpleSimilarityFrameworkTests" */;
			buildPhases = (
				950EF2D21F49EA2C00174155 /* Sources */,
				950EF2D31F49EA2C00174155 /* Frameworks */,
				950EF2D41F49EA2C00174155 /* Resources */,
			);
			buildRules = (
			);
			dependencies = (
				950EF2D91F49EA2C00174155 /* PBXTargetDependency */,
				950EF2DB1F49EA2C00174155 /* PBXTargetDependency */,
			);
			name = SimpleSimilarityFrameworkTests;
			productName = SimpleSimilarityFrameworkTests;
			productReference = 950EF2D61F49EA2C00174155 /* SimpleSimilarityFrameworkTests.xctest */;
			productType = "com.apple.product-type.bundle.unit-test";
		};
/* End PBXNativeTarget section */

/* Begin PBXProject section */
		950EF28E1F49E9B300174155 /* Project object */ = {
			isa = PBXProject;
			attributes = {
				LastSwiftUpdateCheck = 0900;
				LastUpgradeCheck = 0930;
				ORGANIZATIONNAME = "Julius Bahr";
				TargetAttributes = {
					950EF2951F49E9B400174155 = {
						CreatedOnToolsVersion = 9.0;
					};
					950EF2AB1F49E9B400174155 = {
						CreatedOnToolsVersion = 9.0;
						TestTargetID = 950EF2951F49E9B400174155;
					};
					950EF2B61F49E9B400174155 = {
						CreatedOnToolsVersion = 9.0;
						TestTargetID = 950EF2951F49E9B400174155;
					};
					950EF2CD1F49EA2C00174155 = {
						CreatedOnToolsVersion = 9.0;
						LastSwiftMigration = 0900;
					};
					950EF2D51F49EA2C00174155 = {
						CreatedOnToolsVersion = 9.0;
						TestTargetID = 950EF2951F49E9B400174155;
					};
				};
			};
			buildConfigurationList = 950EF2911F49E9B300174155 /* Build configuration list for PBXProject "SimpleSimilarity" */;
			compatibilityVersion = "Xcode 8.0";
			developmentRegion = en;
			hasScannedForEncodings = 0;
			knownRegions = (
				en,
				Base,
			);
			mainGroup = 950EF28D1F49E9B300174155;
			productRefGroup = 950EF2971F49E9B400174155 /* Products */;
			projectDirPath = "";
			projectRoot = "";
			targets = (
				950EF2951F49E9B400174155 /* SimpleSimilarity */,
				950EF2AB1F49E9B400174155 /* SimpleSimilarityTests */,
				950EF2B61F49E9B400174155 /* SimpleSimilarityUITests */,
				950EF2CD1F49EA2C00174155 /* SimpleSimilarityFramework */,
				950EF2D51F49EA2C00174155 /* SimpleSimilarityFrameworkTests */,
			);
		};
/* End PBXProject section */

/* Begin PBXResourcesBuildPhase section */
		950EF2941F49E9B400174155 /* Resources */ = {
			isa = PBXResourcesBuildPhase;
			buildActionMask = 2147483647;
			files = (
				950EF2A61F49E9B400174155 /* LaunchScreen.storyboard in Resources */,
				950EF2A31F49E9B400174155 /* Assets.xcassets in Resources */,
				950EF2F91F49FA5000174155 /* sample.csv in Resources */,
				950EF2A11F49E9B400174155 /* Main.storyboard in Resources */,
				95118C92207A715500E732F3 /* newspaper.csv in Resources */,
			);
			runOnlyForDeploymentPostprocessing = 0;
		};
		950EF2AA1F49E9B400174155 /* Resources */ = {
			isa = PBXResourcesBuildPhase;
			buildActionMask = 2147483647;
			files = (
			);
			runOnlyForDeploymentPostprocessing = 0;
		};
		950EF2B51F49E9B400174155 /* Resources */ = {
			isa = PBXResourcesBuildPhase;
			buildActionMask = 2147483647;
			files = (
			);
			runOnlyForDeploymentPostprocessing = 0;
		};
		950EF2CC1F49EA2C00174155 /* Resources */ = {
			isa = PBXResourcesBuildPhase;
			buildActionMask = 2147483647;
			files = (
			);
			runOnlyForDeploymentPostprocessing = 0;
		};
		950EF2D41F49EA2C00174155 /* Resources */ = {
			isa = PBXResourcesBuildPhase;
			buildActionMask = 2147483647;
			files = (
			);
			runOnlyForDeploymentPostprocessing = 0;
		};
/* End PBXResourcesBuildPhase section */

/* Begin PBXSourcesBuildPhase section */
		950EF2921F49E9B400174155 /* Sources */ = {
			isa = PBXSourcesBuildPhase;
			buildActionMask = 2147483647;
			files = (
				950EF29E1F49E9B400174155 /* SecondViewController.swift in Sources */,
				950EF29A1F49E9B400174155 /* AppDelegate.swift in Sources */,
				950EF29C1F49E9B400174155 /* FirstViewController.swift in Sources */,
			);
			runOnlyForDeploymentPostprocessing = 0;
		};
		950EF2A81F49E9B400174155 /* Sources */ = {
			isa = PBXSourcesBuildPhase;
			buildActionMask = 2147483647;
			files = (
				950EF2B11F49E9B400174155 /* SimpleSimilarityTests.swift in Sources */,
			);
			runOnlyForDeploymentPostprocessing = 0;
		};
		950EF2B31F49E9B400174155 /* Sources */ = {
			isa = PBXSourcesBuildPhase;
			buildActionMask = 2147483647;
			files = (
				950EF2BC1F49E9B400174155 /* SimpleSimilarityUITests.swift in Sources */,
			);
			runOnlyForDeploymentPostprocessing = 0;
		};
		950EF2C91F49EA2C00174155 /* Sources */ = {
			isa = PBXSourcesBuildPhase;
			buildActionMask = 2147483647;
			files = (
				958C68A4208CA40400D31527 /* StringsForBagOfWords.swift in Sources */,
				958C68A3208CA40000D31527 /* MatchingEngineAlgorithm.swift in Sources */,
				958C68A2208CA3FD00D31527 /* MatchingEngine.swift in Sources */,
				958C68A1208CA3F900D31527 /* TextualDataImport.swift in Sources */,
			);
			runOnlyForDeploymentPostprocessing = 0;
		};
		950EF2D21F49EA2C00174155 /* Sources */ = {
			isa = PBXSourcesBuildPhase;
			buildActionMask = 2147483647;
			files = (
				957B63EF1F9C91AA0048C5FE /* MatchingEngineTests.swift in Sources */,
				95118C8E207A68A200E732F3 /* MatchingEngineLargeCorpusTests.swift in Sources */,
				950EF2DE1F49EA2C00174155 /* TextualImportTests.swift in Sources */,
			);
			runOnlyForDeploymentPostprocessing = 0;
		};
/* End PBXSourcesBuildPhase section */

/* Begin PBXTargetDependency section */
		950EF2AE1F49E9B400174155 /* PBXTargetDependency */ = {
			isa = PBXTargetDependency;
			target = 950EF2951F49E9B400174155 /* SimpleSimilarity */;
			targetProxy = 950EF2AD1F49E9B400174155 /* PBXContainerItemProxy */;
		};
		950EF2B91F49E9B400174155 /* PBXTargetDependency */ = {
			isa = PBXTargetDependency;
			target = 950EF2951F49E9B400174155 /* SimpleSimilarity */;
			targetProxy = 950EF2B81F49E9B400174155 /* PBXContainerItemProxy */;
		};
		950EF2D91F49EA2C00174155 /* PBXTargetDependency */ = {
			isa = PBXTargetDependency;
			target = 950EF2CD1F49EA2C00174155 /* SimpleSimilarityFramework */;
			targetProxy = 950EF2D81F49EA2C00174155 /* PBXContainerItemProxy */;
		};
		950EF2DB1F49EA2C00174155 /* PBXTargetDependency */ = {
			isa = PBXTargetDependency;
			target = 950EF2951F49E9B400174155 /* SimpleSimilarity */;
			targetProxy = 950EF2DA1F49EA2C00174155 /* PBXContainerItemProxy */;
		};
		950EF2E21F49EA2C00174155 /* PBXTargetDependency */ = {
			isa = PBXTargetDependency;
			target = 950EF2CD1F49EA2C00174155 /* SimpleSimilarityFramework */;
			targetProxy = 950EF2E11F49EA2C00174155 /* PBXContainerItemProxy */;
		};
/* End PBXTargetDependency section */

/* Begin PBXVariantGroup section */
		950EF29F1F49E9B400174155 /* Main.storyboard */ = {
			isa = PBXVariantGroup;
			children = (
				950EF2A01F49E9B400174155 /* Base */,
			);
			name = Main.storyboard;
			sourceTree = "<group>";
		};
		950EF2A41F49E9B400174155 /* LaunchScreen.storyboard */ = {
			isa = PBXVariantGroup;
			children = (
				950EF2A51F49E9B400174155 /* Base */,
			);
			name = LaunchScreen.storyboard;
			sourceTree = "<group>";
		};
/* End PBXVariantGroup section */

/* Begin XCBuildConfiguration section */
		950EF2BE1F49E9B400174155 /* Debug */ = {
			isa = XCBuildConfiguration;
			buildSettings = {
				ALWAYS_SEARCH_USER_PATHS = NO;
				CLANG_ANALYZER_NONNULL = YES;
				CLANG_ANALYZER_NUMBER_OBJECT_CONVERSION = YES_AGGRESSIVE;
				CLANG_CXX_LANGUAGE_STANDARD = "gnu++14";
				CLANG_CXX_LIBRARY = "libc++";
				CLANG_ENABLE_MODULES = YES;
				CLANG_ENABLE_OBJC_ARC = YES;
				CLANG_WARN_BLOCK_CAPTURE_AUTORELEASING = YES;
				CLANG_WARN_BOOL_CONVERSION = YES;
				CLANG_WARN_COMMA = YES;
				CLANG_WARN_CONSTANT_CONVERSION = YES;
				CLANG_WARN_DEPRECATED_OBJC_IMPLEMENTATIONS = YES;
				CLANG_WARN_DIRECT_OBJC_ISA_USAGE = YES_ERROR;
				CLANG_WARN_DOCUMENTATION_COMMENTS = YES;
				CLANG_WARN_EMPTY_BODY = YES;
				CLANG_WARN_ENUM_CONVERSION = YES;
				CLANG_WARN_INFINITE_RECURSION = YES;
				CLANG_WARN_INT_CONVERSION = YES;
				CLANG_WARN_NON_LITERAL_NULL_CONVERSION = YES;
				CLANG_WARN_OBJC_IMPLICIT_RETAIN_SELF = YES;
				CLANG_WARN_OBJC_LITERAL_CONVERSION = YES;
				CLANG_WARN_OBJC_ROOT_CLASS = YES_ERROR;
				CLANG_WARN_RANGE_LOOP_ANALYSIS = YES;
				CLANG_WARN_STRICT_PROTOTYPES = YES;
				CLANG_WARN_SUSPICIOUS_MOVE = YES;
				CLANG_WARN_UNGUARDED_AVAILABILITY = YES_AGGRESSIVE;
				CLANG_WARN_UNREACHABLE_CODE = YES;
				CLANG_WARN__DUPLICATE_METHOD_MATCH = YES;
				CODE_SIGN_IDENTITY = "iPhone Developer";
				COPY_PHASE_STRIP = NO;
				DEBUG_INFORMATION_FORMAT = dwarf;
				ENABLE_STRICT_OBJC_MSGSEND = YES;
				ENABLE_TESTABILITY = YES;
				GCC_C_LANGUAGE_STANDARD = gnu11;
				GCC_DYNAMIC_NO_PIC = NO;
				GCC_NO_COMMON_BLOCKS = YES;
				GCC_OPTIMIZATION_LEVEL = 0;
				GCC_PREPROCESSOR_DEFINITIONS = (
					"DEBUG=1",
					"$(inherited)",
				);
				GCC_WARN_64_TO_32_BIT_CONVERSION = YES;
				GCC_WARN_ABOUT_RETURN_TYPE = YES_ERROR;
				GCC_WARN_UNDECLARED_SELECTOR = YES;
				GCC_WARN_UNINITIALIZED_AUTOS = YES_AGGRESSIVE;
				GCC_WARN_UNUSED_FUNCTION = YES;
				GCC_WARN_UNUSED_VARIABLE = YES;
				IPHONEOS_DEPLOYMENT_TARGET = 11.0;
				MTL_ENABLE_DEBUG_INFO = YES;
				ONLY_ACTIVE_ARCH = YES;
				SDKROOT = iphoneos;
				SWIFT_ACTIVE_COMPILATION_CONDITIONS = DEBUG;
				SWIFT_OPTIMIZATION_LEVEL = "-Onone";
				SWIFT_VERSION = 4.0;
			};
			name = Debug;
		};
		950EF2BF1F49E9B400174155 /* Release */ = {
			isa = XCBuildConfiguration;
			buildSettings = {
				ALWAYS_SEARCH_USER_PATHS = NO;
				CLANG_ANALYZER_NONNULL = YES;
				CLANG_ANALYZER_NUMBER_OBJECT_CONVERSION = YES_AGGRESSIVE;
				CLANG_CXX_LANGUAGE_STANDARD = "gnu++14";
				CLANG_CXX_LIBRARY = "libc++";
				CLANG_ENABLE_MODULES = YES;
				CLANG_ENABLE_OBJC_ARC = YES;
				CLANG_WARN_BLOCK_CAPTURE_AUTORELEASING = YES;
				CLANG_WARN_BOOL_CONVERSION = YES;
				CLANG_WARN_COMMA = YES;
				CLANG_WARN_CONSTANT_CONVERSION = YES;
				CLANG_WARN_DEPRECATED_OBJC_IMPLEMENTATIONS = YES;
				CLANG_WARN_DIRECT_OBJC_ISA_USAGE = YES_ERROR;
				CLANG_WARN_DOCUMENTATION_COMMENTS = YES;
				CLANG_WARN_EMPTY_BODY = YES;
				CLANG_WARN_ENUM_CONVERSION = YES;
				CLANG_WARN_INFINITE_RECURSION = YES;
				CLANG_WARN_INT_CONVERSION = YES;
				CLANG_WARN_NON_LITERAL_NULL_CONVERSION = YES;
				CLANG_WARN_OBJC_IMPLICIT_RETAIN_SELF = YES;
				CLANG_WARN_OBJC_LITERAL_CONVERSION = YES;
				CLANG_WARN_OBJC_ROOT_CLASS = YES_ERROR;
				CLANG_WARN_RANGE_LOOP_ANALYSIS = YES;
				CLANG_WARN_STRICT_PROTOTYPES = YES;
				CLANG_WARN_SUSPICIOUS_MOVE = YES;
				CLANG_WARN_UNGUARDED_AVAILABILITY = YES_AGGRESSIVE;
				CLANG_WARN_UNREACHABLE_CODE = YES;
				CLANG_WARN__DUPLICATE_METHOD_MATCH = YES;
				CODE_SIGN_IDENTITY = "iPhone Developer";
				COPY_PHASE_STRIP = NO;
				DEBUG_INFORMATION_FORMAT = "dwarf-with-dsym";
				ENABLE_NS_ASSERTIONS = NO;
				ENABLE_STRICT_OBJC_MSGSEND = YES;
				GCC_C_LANGUAGE_STANDARD = gnu11;
				GCC_NO_COMMON_BLOCKS = YES;
				GCC_WARN_64_TO_32_BIT_CONVERSION = YES;
				GCC_WARN_ABOUT_RETURN_TYPE = YES_ERROR;
				GCC_WARN_UNDECLARED_SELECTOR = YES;
				GCC_WARN_UNINITIALIZED_AUTOS = YES_AGGRESSIVE;
				GCC_WARN_UNUSED_FUNCTION = YES;
				GCC_WARN_UNUSED_VARIABLE = YES;
				IPHONEOS_DEPLOYMENT_TARGET = 11.0;
				MTL_ENABLE_DEBUG_INFO = NO;
				SDKROOT = iphoneos;
				SWIFT_OPTIMIZATION_LEVEL = "-Owholemodule";
				SWIFT_VERSION = 4.0;
				VALIDATE_PRODUCT = YES;
			};
			name = Release;
		};
		950EF2C11F49E9B400174155 /* Debug */ = {
			isa = XCBuildConfiguration;
			buildSettings = {
				ALWAYS_EMBED_SWIFT_STANDARD_LIBRARIES = YES;
				ASSETCATALOG_COMPILER_APPICON_NAME = AppIcon;
				DEVELOPMENT_TEAM = B8AN6892A4;
				INFOPLIST_FILE = SimpleSimilarity/Info.plist;
				IPHONEOS_DEPLOYMENT_TARGET = 11.0;
				LD_RUNPATH_SEARCH_PATHS = "$(inherited) @executable_path/Frameworks";
				PRODUCT_BUNDLE_IDENTIFIER = com.julius.de.SimpleSimilarity;
				PRODUCT_NAME = "$(TARGET_NAME)";
				SWIFT_VERSION = 4.0;
				TARGETED_DEVICE_FAMILY = "1,2";
			};
			name = Debug;
		};
		950EF2C21F49E9B400174155 /* Release */ = {
			isa = XCBuildConfiguration;
			buildSettings = {
				ALWAYS_EMBED_SWIFT_STANDARD_LIBRARIES = YES;
				ASSETCATALOG_COMPILER_APPICON_NAME = AppIcon;
				DEVELOPMENT_TEAM = B8AN6892A4;
				INFOPLIST_FILE = SimpleSimilarity/Info.plist;
				IPHONEOS_DEPLOYMENT_TARGET = 11.0;
				LD_RUNPATH_SEARCH_PATHS = "$(inherited) @executable_path/Frameworks";
				PRODUCT_BUNDLE_IDENTIFIER = com.julius.de.SimpleSimilarity;
				PRODUCT_NAME = "$(TARGET_NAME)";
				SWIFT_VERSION = 4.0;
				TARGETED_DEVICE_FAMILY = "1,2";
			};
			name = Release;
		};
		950EF2C41F49E9B400174155 /* Debug */ = {
			isa = XCBuildConfiguration;
			buildSettings = {
				ALWAYS_EMBED_SWIFT_STANDARD_LIBRARIES = YES;
				BUNDLE_LOADER = "$(TEST_HOST)";
				DEVELOPMENT_TEAM = B8AN6892A4;
				INFOPLIST_FILE = SimpleSimilarityTests/Info.plist;
				LD_RUNPATH_SEARCH_PATHS = "$(inherited) @executable_path/Frameworks @loader_path/Frameworks";
				PRODUCT_BUNDLE_IDENTIFIER = com.julius.de.SimpleSimilarityTests;
				PRODUCT_NAME = "$(TARGET_NAME)";
				SWIFT_VERSION = 4.0;
				TARGETED_DEVICE_FAMILY = "1,2";
				TEST_HOST = "$(BUILT_PRODUCTS_DIR)/SimpleSimilarity.app/SimpleSimilarity";
			};
			name = Debug;
		};
		950EF2C51F49E9B400174155 /* Release */ = {
			isa = XCBuildConfiguration;
			buildSettings = {
				ALWAYS_EMBED_SWIFT_STANDARD_LIBRARIES = YES;
				BUNDLE_LOADER = "$(TEST_HOST)";
				DEVELOPMENT_TEAM = B8AN6892A4;
				INFOPLIST_FILE = SimpleSimilarityTests/Info.plist;
				LD_RUNPATH_SEARCH_PATHS = "$(inherited) @executable_path/Frameworks @loader_path/Frameworks";
				PRODUCT_BUNDLE_IDENTIFIER = com.julius.de.SimpleSimilarityTests;
				PRODUCT_NAME = "$(TARGET_NAME)";
				SWIFT_VERSION = 4.0;
				TARGETED_DEVICE_FAMILY = "1,2";
				TEST_HOST = "$(BUILT_PRODUCTS_DIR)/SimpleSimilarity.app/SimpleSimilarity";
			};
			name = Release;
		};
		950EF2C71F49E9B400174155 /* Debug */ = {
			isa = XCBuildConfiguration;
			buildSettings = {
				ALWAYS_EMBED_SWIFT_STANDARD_LIBRARIES = YES;
				DEVELOPMENT_TEAM = B8AN6892A4;
				INFOPLIST_FILE = SimpleSimilarityUITests/Info.plist;
				LD_RUNPATH_SEARCH_PATHS = "$(inherited) @executable_path/Frameworks @loader_path/Frameworks";
				PRODUCT_BUNDLE_IDENTIFIER = com.julius.de.SimpleSimilarityUITests;
				PRODUCT_NAME = "$(TARGET_NAME)";
				SWIFT_VERSION = 4.0;
				TARGETED_DEVICE_FAMILY = "1,2";
				TEST_TARGET_NAME = SimpleSimilarity;
			};
			name = Debug;
		};
		950EF2C81F49E9B400174155 /* Release */ = {
			isa = XCBuildConfiguration;
			buildSettings = {
				ALWAYS_EMBED_SWIFT_STANDARD_LIBRARIES = YES;
				DEVELOPMENT_TEAM = B8AN6892A4;
				INFOPLIST_FILE = SimpleSimilarityUITests/Info.plist;
				LD_RUNPATH_SEARCH_PATHS = "$(inherited) @executable_path/Frameworks @loader_path/Frameworks";
				PRODUCT_BUNDLE_IDENTIFIER = com.julius.de.SimpleSimilarityUITests;
				PRODUCT_NAME = "$(TARGET_NAME)";
				SWIFT_VERSION = 4.0;
				TARGETED_DEVICE_FAMILY = "1,2";
				TEST_TARGET_NAME = SimpleSimilarity;
			};
			name = Release;
		};
		950EF2E61F49EA2C00174155 /* Debug */ = {
			isa = XCBuildConfiguration;
			buildSettings = {
				CLANG_ENABLE_MODULES = YES;
				CODE_SIGN_IDENTITY = "";
				CURRENT_PROJECT_VERSION = 1;
				DEFINES_MODULE = YES;
				DEVELOPMENT_TEAM = B8AN6892A4;
				DYLIB_COMPATIBILITY_VERSION = 1;
				DYLIB_CURRENT_VERSION = 1;
				DYLIB_INSTALL_NAME_BASE = "@rpath";
				INFOPLIST_FILE = SimpleSimilarityFramework/Info.plist;
				INSTALL_PATH = "$(LOCAL_LIBRARY_DIR)/Frameworks";
				LD_RUNPATH_SEARCH_PATHS = "$(inherited) @executable_path/Frameworks @loader_path/Frameworks";
				PRODUCT_BUNDLE_IDENTIFIER = com.julius.de.SimpleSimilarityFramework;
				PRODUCT_NAME = "$(TARGET_NAME:c99extidentifier)";
				SKIP_INSTALL = YES;
				SWIFT_COMPILATION_MODE = wholemodule;
				SWIFT_OPTIMIZATION_LEVEL = "-Onone";
				SWIFT_VERSION = 4.0;
				TARGETED_DEVICE_FAMILY = "1,2";
				VERSIONING_SYSTEM = "apple-generic";
				VERSION_INFO_PREFIX = "";
			};
			name = Debug;
		};
		950EF2E71F49EA2C00174155 /* Release */ = {
			isa = XCBuildConfiguration;
			buildSettings = {
				CLANG_ENABLE_MODULES = YES;
				CODE_SIGN_IDENTITY = "";
				CURRENT_PROJECT_VERSION = 1;
				DEFINES_MODULE = YES;
				DEVELOPMENT_TEAM = B8AN6892A4;
				DYLIB_COMPATIBILITY_VERSION = 1;
				DYLIB_CURRENT_VERSION = 1;
				DYLIB_INSTALL_NAME_BASE = "@rpath";
				INFOPLIST_FILE = SimpleSimilarityFramework/Info.plist;
				INSTALL_PATH = "$(LOCAL_LIBRARY_DIR)/Frameworks";
				LD_RUNPATH_SEARCH_PATHS = "$(inherited) @executable_path/Frameworks @loader_path/Frameworks";
				PRODUCT_BUNDLE_IDENTIFIER = com.julius.de.SimpleSimilarityFramework;
				PRODUCT_NAME = "$(TARGET_NAME:c99extidentifier)";
				SKIP_INSTALL = YES;
				SWIFT_VERSION = 4.0;
				TARGETED_DEVICE_FAMILY = "1,2";
				VERSIONING_SYSTEM = "apple-generic";
				VERSION_INFO_PREFIX = "";
			};
			name = Release;
		};
		950EF2EA1F49EA2C00174155 /* Debug */ = {
			isa = XCBuildConfiguration;
			buildSettings = {
				ALWAYS_EMBED_SWIFT_STANDARD_LIBRARIES = YES;
				DEVELOPMENT_TEAM = B8AN6892A4;
				INFOPLIST_FILE = SimpleSimilarityFrameworkTests/Info.plist;
				LD_RUNPATH_SEARCH_PATHS = "$(inherited) @executable_path/Frameworks @loader_path/Frameworks";
				PRODUCT_BUNDLE_IDENTIFIER = com.julius.de.SimpleSimilarityFrameworkTests;
				PRODUCT_NAME = "$(TARGET_NAME)";
				SWIFT_VERSION = 4.0;
				TARGETED_DEVICE_FAMILY = "1,2";
				TEST_HOST = "$(BUILT_PRODUCTS_DIR)/SimpleSimilarity.app/SimpleSimilarity";
			};
			name = Debug;
		};
		950EF2EB1F49EA2C00174155 /* Release */ = {
			isa = XCBuildConfiguration;
			buildSettings = {
				ALWAYS_EMBED_SWIFT_STANDARD_LIBRARIES = YES;
				DEVELOPMENT_TEAM = B8AN6892A4;
				INFOPLIST_FILE = SimpleSimilarityFrameworkTests/Info.plist;
				LD_RUNPATH_SEARCH_PATHS = "$(inherited) @executable_path/Frameworks @loader_path/Frameworks";
				PRODUCT_BUNDLE_IDENTIFIER = com.julius.de.SimpleSimilarityFrameworkTests;
				PRODUCT_NAME = "$(TARGET_NAME)";
				SWIFT_VERSION = 4.0;
				TARGETED_DEVICE_FAMILY = "1,2";
				TEST_HOST = "$(BUILT_PRODUCTS_DIR)/SimpleSimilarity.app/SimpleSimilarity";
			};
			name = Release;
		};
/* End XCBuildConfiguration section */

/* Begin XCConfigurationList section */
		950EF2911F49E9B300174155 /* Build configuration list for PBXProject "SimpleSimilarity" */ = {
			isa = XCConfigurationList;
			buildConfigurations = (
				950EF2BE1F49E9B400174155 /* Debug */,
				950EF2BF1F49E9B400174155 /* Release */,
			);
			defaultConfigurationIsVisible = 0;
			defaultConfigurationName = Release;
		};
		950EF2C01F49E9B400174155 /* Build configuration list for PBXNativeTarget "SimpleSimilarity" */ = {
			isa = XCConfigurationList;
			buildConfigurations = (
				950EF2C11F49E9B400174155 /* Debug */,
				950EF2C21F49E9B400174155 /* Release */,
			);
			defaultConfigurationIsVisible = 0;
			defaultConfigurationName = Release;
		};
		950EF2C31F49E9B400174155 /* Build configuration list for PBXNativeTarget "SimpleSimilarityTests" */ = {
			isa = XCConfigurationList;
			buildConfigurations = (
				950EF2C41F49E9B400174155 /* Debug */,
				950EF2C51F49E9B400174155 /* Release */,
			);
			defaultConfigurationIsVisible = 0;
			defaultConfigurationName = Release;
		};
		950EF2C61F49E9B400174155 /* Build configuration list for PBXNativeTarget "SimpleSimilarityUITests" */ = {
			isa = XCConfigurationList;
			buildConfigurations = (
				950EF2C71F49E9B400174155 /* Debug */,
				950EF2C81F49E9B400174155 /* Release */,
			);
			defaultConfigurationIsVisible = 0;
			defaultConfigurationName = Release;
		};
		950EF2E51F49EA2C00174155 /* Build configuration list for PBXNativeTarget "SimpleSimilarityFramework" */ = {
			isa = XCConfigurationList;
			buildConfigurations = (
				950EF2E61F49EA2C00174155 /* Debug */,
				950EF2E71F49EA2C00174155 /* Release */,
			);
			defaultConfigurationIsVisible = 0;
			defaultConfigurationName = Release;
		};
		950EF2E91F49EA2C00174155 /* Build configuration list for PBXNativeTarget "SimpleSimilarityFrameworkTests" */ = {
			isa = XCConfigurationList;
			buildConfigurations = (
				950EF2EA1F49EA2C00174155 /* Debug */,
				950EF2EB1F49EA2C00174155 /* Release */,
			);
			defaultConfigurationIsVisible = 0;
			defaultConfigurationName = Release;
		};
/* End XCConfigurationList section */
	};
	rootObject = 950EF28E1F49E9B300174155 /* Project object */;
}
